// !$*UTF8*$!
{
	archiveVersion = 1;
	classes = {
	};
	objectVersion = 55;
	objects = {

/* Begin PBXBuildFile section */
		DDE0D02028B4AC5E0064B787 /* AppDelegate.swift in Sources */ = {isa = PBXBuildFile; fileRef = DDE0D01F28B4AC5E0064B787 /* AppDelegate.swift */; };
		DDE0D02228B4AC5E0064B787 /* SceneDelegate.swift in Sources */ = {isa = PBXBuildFile; fileRef = DDE0D02128B4AC5E0064B787 /* SceneDelegate.swift */; };
		DDE0D02428B4AC5E0064B787 /* ViewController.swift in Sources */ = {isa = PBXBuildFile; fileRef = DDE0D02328B4AC5E0064B787 /* ViewController.swift */; };
		DDE0D02728B4AC5E0064B787 /* Main.storyboard in Resources */ = {isa = PBXBuildFile; fileRef = DDE0D02528B4AC5E0064B787 /* Main.storyboard */; };
		DDE0D02928B4AC630064B787 /* Assets.xcassets in Resources */ = {isa = PBXBuildFile; fileRef = DDE0D02828B4AC630064B787 /* Assets.xcassets */; };
		DDE0D02C28B4AC630064B787 /* LaunchScreen.storyboard in Resources */ = {isa = PBXBuildFile; fileRef = DDE0D02A28B4AC630064B787 /* LaunchScreen.storyboard */; };
		DDE0D03728B4AC630064B787 /* Basic_requestTests.swift in Sources */ = {isa = PBXBuildFile; fileRef = DDE0D03628B4AC630064B787 /* Basic_requestTests.swift */; };
		DDE0D04128B4AC630064B787 /* Basic_requestUITests.swift in Sources */ = {isa = PBXBuildFile; fileRef = DDE0D04028B4AC630064B787 /* Basic_requestUITests.swift */; };
		DDE0D04328B4AC630064B787 /* Basic_requestUITestsLaunchTests.swift in Sources */ = {isa = PBXBuildFile; fileRef = DDE0D04228B4AC630064B787 /* Basic_requestUITestsLaunchTests.swift */; };
		DDE0D05028B4B7440064B787 /* Joke.swift in Sources */ = {isa = PBXBuildFile; fileRef = DDE0D04F28B4B7440064B787 /* Joke.swift */; };
		DDE0D05328B603680064B787 /* ApiManager.swift in Sources */ = {isa = PBXBuildFile; fileRef = DDE0D05228B603670064B787 /* ApiManager.swift */; };
/* End PBXBuildFile section */

/* Begin PBXContainerItemProxy section */
		DDE0D03328B4AC630064B787 /* PBXContainerItemProxy */ = {
			isa = PBXContainerItemProxy;
			containerPortal = DDE0D01428B4AC5E0064B787 /* Project object */;
			proxyType = 1;
			remoteGlobalIDString = DDE0D01B28B4AC5E0064B787;
			remoteInfo = "Basic request";
		};
		DDE0D03D28B4AC630064B787 /* PBXContainerItemProxy */ = {
			isa = PBXContainerItemProxy;
			containerPortal = DDE0D01428B4AC5E0064B787 /* Project object */;
			proxyType = 1;
			remoteGlobalIDString = DDE0D01B28B4AC5E0064B787;
			remoteInfo = "Basic request";
		};
/* End PBXContainerItemProxy section */

/* Begin PBXFileReference section */
		DDE0D01C28B4AC5E0064B787 /* Basic request.app */ = {isa = PBXFileReference; explicitFileType = wrapper.application; includeInIndex = 0; path = "Basic request.app"; sourceTree = BUILT_PRODUCTS_DIR; };
		DDE0D01F28B4AC5E0064B787 /* AppDelegate.swift */ = {isa = PBXFileReference; lastKnownFileType = sourcecode.swift; path = AppDelegate.swift; sourceTree = "<group>"; };
		DDE0D02128B4AC5E0064B787 /* SceneDelegate.swift */ = {isa = PBXFileReference; lastKnownFileType = sourcecode.swift; path = SceneDelegate.swift; sourceTree = "<group>"; };
		DDE0D02328B4AC5E0064B787 /* ViewController.swift */ = {isa = PBXFileReference; lastKnownFileType = sourcecode.swift; path = ViewController.swift; sourceTree = "<group>"; };
		DDE0D02628B4AC5E0064B787 /* Base */ = {isa = PBXFileReference; lastKnownFileType = file.storyboard; name = Base; path = Base.lproj/Main.storyboard; sourceTree = "<group>"; };
		DDE0D02828B4AC630064B787 /* Assets.xcassets */ = {isa = PBXFileReference; lastKnownFileType = folder.assetcatalog; path = Assets.xcassets; sourceTree = "<group>"; };
		DDE0D02B28B4AC630064B787 /* Base */ = {isa = PBXFileReference; lastKnownFileType = file.storyboard; name = Base; path = Base.lproj/LaunchScreen.storyboard; sourceTree = "<group>"; };
		DDE0D02D28B4AC630064B787 /* Info.plist */ = {isa = PBXFileReference; lastKnownFileType = text.plist.xml; path = Info.plist; sourceTree = "<group>"; };
		DDE0D03228B4AC630064B787 /* Basic requestTests.xctest */ = {isa = PBXFileReference; explicitFileType = wrapper.cfbundle; includeInIndex = 0; path = "Basic requestTests.xctest"; sourceTree = BUILT_PRODUCTS_DIR; };
		DDE0D03628B4AC630064B787 /* Basic_requestTests.swift */ = {isa = PBXFileReference; lastKnownFileType = sourcecode.swift; path = Basic_requestTests.swift; sourceTree = "<group>"; };
		DDE0D03C28B4AC630064B787 /* Basic requestUITests.xctest */ = {isa = PBXFileReference; explicitFileType = wrapper.cfbundle; includeInIndex = 0; path = "Basic requestUITests.xctest"; sourceTree = BUILT_PRODUCTS_DIR; };
		DDE0D04028B4AC630064B787 /* Basic_requestUITests.swift */ = {isa = PBXFileReference; lastKnownFileType = sourcecode.swift; path = Basic_requestUITests.swift; sourceTree = "<group>"; };
		DDE0D04228B4AC630064B787 /* Basic_requestUITestsLaunchTests.swift */ = {isa = PBXFileReference; lastKnownFileType = sourcecode.swift; path = Basic_requestUITestsLaunchTests.swift; sourceTree = "<group>"; };
		DDE0D04F28B4B7440064B787 /* Joke.swift */ = {isa = PBXFileReference; lastKnownFileType = sourcecode.swift; path = Joke.swift; sourceTree = "<group>"; };
		DDE0D05228B603670064B787 /* ApiManager.swift */ = {isa = PBXFileReference; lastKnownFileType = sourcecode.swift; path = ApiManager.swift; sourceTree = "<group>"; };
/* End PBXFileReference section */

/* Begin PBXFrameworksBuildPhase section */
		DDE0D01928B4AC5E0064B787 /* Frameworks */ = {
			isa = PBXFrameworksBuildPhase;
			buildActionMask = 2147483647;
			files = (
			);
			runOnlyForDeploymentPostprocessing = 0;
		};
		DDE0D02F28B4AC630064B787 /* Frameworks */ = {
			isa = PBXFrameworksBuildPhase;
			buildActionMask = 2147483647;
			files = (
			);
			runOnlyForDeploymentPostprocessing = 0;
		};
		DDE0D03928B4AC630064B787 /* Frameworks */ = {
			isa = PBXFrameworksBuildPhase;
			buildActionMask = 2147483647;
			files = (
			);
			runOnlyForDeploymentPostprocessing = 0;
		};
/* End PBXFrameworksBuildPhase section */

/* Begin PBXGroup section */
		DDE0D01328B4AC5E0064B787 = {
			isa = PBXGroup;
			children = (
				DDE0D01E28B4AC5E0064B787 /* Basic request */,
				DDE0D03528B4AC630064B787 /* Basic requestTests */,
				DDE0D03F28B4AC630064B787 /* Basic requestUITests */,
				DDE0D01D28B4AC5E0064B787 /* Products */,
			);
			sourceTree = "<group>";
		};
		DDE0D01D28B4AC5E0064B787 /* Products */ = {
			isa = PBXGroup;
			children = (
				DDE0D01C28B4AC5E0064B787 /* Basic request.app */,
				DDE0D03228B4AC630064B787 /* Basic requestTests.xctest */,
				DDE0D03C28B4AC630064B787 /* Basic requestUITests.xctest */,
			);
			name = Products;
			sourceTree = "<group>";
		};
		DDE0D01E28B4AC5E0064B787 /* Basic request */ = {
			isa = PBXGroup;
			children = (
				DDE0D05128B6034A0064B787 /* API */,
				DDE0D01F28B4AC5E0064B787 /* AppDelegate.swift */,
				DDE0D02128B4AC5E0064B787 /* SceneDelegate.swift */,
				DDE0D02328B4AC5E0064B787 /* ViewController.swift */,
				DDE0D02528B4AC5E0064B787 /* Main.storyboard */,
				DDE0D02828B4AC630064B787 /* Assets.xcassets */,
				DDE0D02A28B4AC630064B787 /* LaunchScreen.storyboard */,
				DDE0D02D28B4AC630064B787 /* Info.plist */,
				DDE0D04F28B4B7440064B787 /* Joke.swift */,
			);
			path = "Basic request";
			sourceTree = "<group>";
		};
		DDE0D03528B4AC630064B787 /* Basic requestTests */ = {
			isa = PBXGroup;
			children = (
				DDE0D03628B4AC630064B787 /* Basic_requestTests.swift */,
			);
			path = "Basic requestTests";
			sourceTree = "<group>";
		};
		DDE0D03F28B4AC630064B787 /* Basic requestUITests */ = {
			isa = PBXGroup;
			children = (
				DDE0D04028B4AC630064B787 /* Basic_requestUITests.swift */,
				DDE0D04228B4AC630064B787 /* Basic_requestUITestsLaunchTests.swift */,
			);
			path = "Basic requestUITests";
			sourceTree = "<group>";
		};
		DDE0D05128B6034A0064B787 /* API */ = {
			isa = PBXGroup;
			children = (
				DDE0D05528B603840064B787 /* models */,
				DDE0D05428B603700064B787 /* services */,
			);
			path = API;
			sourceTree = "<group>";
		};
		DDE0D05428B603700064B787 /* services */ = {
			isa = PBXGroup;
			children = (
				DDE0D05228B603670064B787 /* ApiManager.swift */,
			);
			path = services;
			sourceTree = "<group>";
		};
		DDE0D05528B603840064B787 /* models */ = {
			isa = PBXGroup;
			children = (
			);
			path = models;
			sourceTree = "<group>";
		};
/* End PBXGroup section */

/* Begin PBXNativeTarget section */
		DDE0D01B28B4AC5E0064B787 /* Basic request */ = {
			isa = PBXNativeTarget;
			buildConfigurationList = DDE0D04628B4AC630064B787 /* Build configuration list for PBXNativeTarget "Basic request" */;
			buildPhases = (
				DDE0D01828B4AC5E0064B787 /* Sources */,
				DDE0D01928B4AC5E0064B787 /* Frameworks */,
				DDE0D01A28B4AC5E0064B787 /* Resources */,
			);
			buildRules = (
			);
			dependencies = (
			);
			name = "Basic request";
			productName = "Basic request";
			productReference = DDE0D01C28B4AC5E0064B787 /* Basic request.app */;
			productType = "com.apple.product-type.application";
		};
		DDE0D03128B4AC630064B787 /* Basic requestTests */ = {
			isa = PBXNativeTarget;
			buildConfigurationList = DDE0D04928B4AC630064B787 /* Build configuration list for PBXNativeTarget "Basic requestTests" */;
			buildPhases = (
				DDE0D02E28B4AC630064B787 /* Sources */,
				DDE0D02F28B4AC630064B787 /* Frameworks */,
				DDE0D03028B4AC630064B787 /* Resources */,
			);
			buildRules = (
			);
			dependencies = (
				DDE0D03428B4AC630064B787 /* PBXTargetDependency */,
			);
			name = "Basic requestTests";
			productName = "Basic requestTests";
			productReference = DDE0D03228B4AC630064B787 /* Basic requestTests.xctest */;
			productType = "com.apple.product-type.bundle.unit-test";
		};
		DDE0D03B28B4AC630064B787 /* Basic requestUITests */ = {
			isa = PBXNativeTarget;
			buildConfigurationList = DDE0D04C28B4AC630064B787 /* Build configuration list for PBXNativeTarget "Basic requestUITests" */;
			buildPhases = (
				DDE0D03828B4AC630064B787 /* Sources */,
				DDE0D03928B4AC630064B787 /* Frameworks */,
				DDE0D03A28B4AC630064B787 /* Resources */,
			);
			buildRules = (
			);
			dependencies = (
				DDE0D03E28B4AC630064B787 /* PBXTargetDependency */,
			);
			name = "Basic requestUITests";
			productName = "Basic requestUITests";
			productReference = DDE0D03C28B4AC630064B787 /* Basic requestUITests.xctest */;
			productType = "com.apple.product-type.bundle.ui-testing";
		};
/* End PBXNativeTarget section */

/* Begin PBXProject section */
		DDE0D01428B4AC5E0064B787 /* Project object */ = {
			isa = PBXProject;
			attributes = {
				BuildIndependentTargetsInParallel = 1;
				LastSwiftUpdateCheck = 1320;
				LastUpgradeCheck = 1320;
				TargetAttributes = {
					DDE0D01B28B4AC5E0064B787 = {
						CreatedOnToolsVersion = 13.2.1;
					};
					DDE0D03128B4AC630064B787 = {
						CreatedOnToolsVersion = 13.2.1;
						TestTargetID = DDE0D01B28B4AC5E0064B787;
					};
					DDE0D03B28B4AC630064B787 = {
						CreatedOnToolsVersion = 13.2.1;
						TestTargetID = DDE0D01B28B4AC5E0064B787;
					};
				};
			};
			buildConfigurationList = DDE0D01728B4AC5E0064B787 /* Build configuration list for PBXProject "Basic request" */;
			compatibilityVersion = "Xcode 13.0";
			developmentRegion = en;
			hasScannedForEncodings = 0;
			knownRegions = (
				en,
				Base,
			);
			mainGroup = DDE0D01328B4AC5E0064B787;
			productRefGroup = DDE0D01D28B4AC5E0064B787 /* Products */;
			projectDirPath = "";
			projectRoot = "";
			targets = (
				DDE0D01B28B4AC5E0064B787 /* Basic request */,
				DDE0D03128B4AC630064B787 /* Basic requestTests */,
				DDE0D03B28B4AC630064B787 /* Basic requestUITests */,
			);
		};
/* End PBXProject section */

/* Begin PBXResourcesBuildPhase section */
		DDE0D01A28B4AC5E0064B787 /* Resources */ = {
			isa = PBXResourcesBuildPhase;
			buildActionMask = 2147483647;
			files = (
				DDE0D02C28B4AC630064B787 /* LaunchScreen.storyboard in Resources */,
				DDE0D02928B4AC630064B787 /* Assets.xcassets in Resources */,
				DDE0D02728B4AC5E0064B787 /* Main.storyboard in Resources */,
			);
			runOnlyForDeploymentPostprocessing = 0;
		};
		DDE0D03028B4AC630064B787 /* Resources */ = {
			isa = PBXResourcesBuildPhase;
			buildActionMask = 2147483647;
			files = (
			);
			runOnlyForDeploymentPostprocessing = 0;
		};
		DDE0D03A28B4AC630064B787 /* Resources */ = {
			isa = PBXResourcesBuildPhase;
			buildActionMask = 2147483647;
			files = (
			);
			runOnlyForDeploymentPostprocessing = 0;
		};
/* End PBXResourcesBuildPhase section */

/* Begin PBXSourcesBuildPhase section */
		DDE0D01828B4AC5E0064B787 /* Sources */ = {
			isa = PBXSourcesBuildPhase;
			buildActionMask = 2147483647;
			files = (
				DDE0D02428B4AC5E0064B787 /* ViewController.swift in Sources */,
				DDE0D02028B4AC5E0064B787 /* AppDelegate.swift in Sources */,
				DDE0D05328B603680064B787 /* ApiManager.swift in Sources */,
				DDE0D05028B4B7440064B787 /* Joke.swift in Sources */,
				DDE0D02228B4AC5E0064B787 /* SceneDelegate.swift in Sources */,
			);
			runOnlyForDeploymentPostprocessing = 0;
		};
		DDE0D02E28B4AC630064B787 /* Sources */ = {
			isa = PBXSourcesBuildPhase;
			buildActionMask = 2147483647;
			files = (
				DDE0D03728B4AC630064B787 /* Basic_requestTests.swift in Sources */,
			);
			runOnlyForDeploymentPostprocessing = 0;
		};
		DDE0D03828B4AC630064B787 /* Sources */ = {
			isa = PBXSourcesBuildPhase;
			buildActionMask = 2147483647;
			files = (
				DDE0D04128B4AC630064B787 /* Basic_requestUITests.swift in Sources */,
				DDE0D04328B4AC630064B787 /* Basic_requestUITestsLaunchTests.swift in Sources */,
			);
			runOnlyForDeploymentPostprocessing = 0;
		};
/* End PBXSourcesBuildPhase section */

/* Begin PBXTargetDependency section */
		DDE0D03428B4AC630064B787 /* PBXTargetDependency */ = {
			isa = PBXTargetDependency;
			target = DDE0D01B28B4AC5E0064B787 /* Basic request */;
			targetProxy = DDE0D03328B4AC630064B787 /* PBXContainerItemProxy */;
		};
		DDE0D03E28B4AC630064B787 /* PBXTargetDependency */ = {
			isa = PBXTargetDependency;
			target = DDE0D01B28B4AC5E0064B787 /* Basic request */;
			targetProxy = DDE0D03D28B4AC630064B787 /* PBXContainerItemProxy */;
		};
/* End PBXTargetDependency section */

/* Begin PBXVariantGroup section */
		DDE0D02528B4AC5E0064B787 /* Main.storyboard */ = {
			isa = PBXVariantGroup;
			children = (
				DDE0D02628B4AC5E0064B787 /* Base */,
			);
			name = Main.storyboard;
			sourceTree = "<group>";
		};
		DDE0D02A28B4AC630064B787 /* LaunchScreen.storyboard */ = {
			isa = PBXVariantGroup;
			children = (
				DDE0D02B28B4AC630064B787 /* Base */,
			);
			name = LaunchScreen.storyboard;
			sourceTree = "<group>";
		};
/* End PBXVariantGroup section */

/* Begin XCBuildConfiguration section */
		DDE0D04428B4AC630064B787 /* Debug */ = {
			isa = XCBuildConfiguration;
			buildSettings = {
				ALWAYS_SEARCH_USER_PATHS = NO;
				CLANG_ANALYZER_NONNULL = YES;
				CLANG_ANALYZER_NUMBER_OBJECT_CONVERSION = YES_AGGRESSIVE;
				CLANG_CXX_LANGUAGE_STANDARD = "gnu++17";
				CLANG_CXX_LIBRARY = "libc++";
				CLANG_ENABLE_MODULES = YES;
				CLANG_ENABLE_OBJC_ARC = YES;
				CLANG_ENABLE_OBJC_WEAK = YES;
				CLANG_WARN_BLOCK_CAPTURE_AUTORELEASING = YES;
				CLANG_WARN_BOOL_CONVERSION = YES;
				CLANG_WARN_COMMA = YES;
				CLANG_WARN_CONSTANT_CONVERSION = YES;
				CLANG_WARN_DEPRECATED_OBJC_IMPLEMENTATIONS = YES;
				CLANG_WARN_DIRECT_OBJC_ISA_USAGE = YES_ERROR;
				CLANG_WARN_DOCUMENTATION_COMMENTS = YES;
				CLANG_WARN_EMPTY_BODY = YES;
				CLANG_WARN_ENUM_CONVERSION = YES;
				CLANG_WARN_INFINITE_RECURSION = YES;
				CLANG_WARN_INT_CONVERSION = YES;
				CLANG_WARN_NON_LITERAL_NULL_CONVERSION = YES;
				CLANG_WARN_OBJC_IMPLICIT_RETAIN_SELF = YES;
				CLANG_WARN_OBJC_LITERAL_CONVERSION = YES;
				CLANG_WARN_OBJC_ROOT_CLASS = YES_ERROR;
				CLANG_WARN_QUOTED_INCLUDE_IN_FRAMEWORK_HEADER = YES;
				CLANG_WARN_RANGE_LOOP_ANALYSIS = YES;
				CLANG_WARN_STRICT_PROTOTYPES = YES;
				CLANG_WARN_SUSPICIOUS_MOVE = YES;
				CLANG_WARN_UNGUARDED_AVAILABILITY = YES_AGGRESSIVE;
				CLANG_WARN_UNREACHABLE_CODE = YES;
				CLANG_WARN__DUPLICATE_METHOD_MATCH = YES;
				COPY_PHASE_STRIP = NO;
				DEBUG_INFORMATION_FORMAT = dwarf;
				ENABLE_STRICT_OBJC_MSGSEND = YES;
				ENABLE_TESTABILITY = YES;
				GCC_C_LANGUAGE_STANDARD = gnu11;
				GCC_DYNAMIC_NO_PIC = NO;
				GCC_NO_COMMON_BLOCKS = YES;
				GCC_OPTIMIZATION_LEVEL = 0;
				GCC_PREPROCESSOR_DEFINITIONS = (
					"DEBUG=1",
					"$(inherited)",
				);
				GCC_WARN_64_TO_32_BIT_CONVERSION = YES;
				GCC_WARN_ABOUT_RETURN_TYPE = YES_ERROR;
				GCC_WARN_UNDECLARED_SELECTOR = YES;
				GCC_WARN_UNINITIALIZED_AUTOS = YES_AGGRESSIVE;
				GCC_WARN_UNUSED_FUNCTION = YES;
				GCC_WARN_UNUSED_VARIABLE = YES;
				IPHONEOS_DEPLOYMENT_TARGET = 15.2;
				MTL_ENABLE_DEBUG_INFO = INCLUDE_SOURCE;
				MTL_FAST_MATH = YES;
				ONLY_ACTIVE_ARCH = YES;
				SDKROOT = iphoneos;
				SWIFT_ACTIVE_COMPILATION_CONDITIONS = DEBUG;
				SWIFT_OPTIMIZATION_LEVEL = "-Onone";
			};
			name = Debug;
		};
		DDE0D04528B4AC630064B787 /* Release */ = {
			isa = XCBuildConfiguration;
			buildSettings = {
				ALWAYS_SEARCH_USER_PATHS = NO;
				CLANG_ANALYZER_NONNULL = YES;
				CLANG_ANALYZER_NUMBER_OBJECT_CONVERSION = YES_AGGRESSIVE;
				CLANG_CXX_LANGUAGE_STANDARD = "gnu++17";
				CLANG_CXX_LIBRARY = "libc++";
				CLANG_ENABLE_MODULES = YES;
				CLANG_ENABLE_OBJC_ARC = YES;
				CLANG_ENABLE_OBJC_WEAK = YES;
				CLANG_WARN_BLOCK_CAPTURE_AUTORELEASING = YES;
				CLANG_WARN_BOOL_CONVERSION = YES;
				CLANG_WARN_COMMA = YES;
				CLANG_WARN_CONSTANT_CONVERSION = YES;
				CLANG_WARN_DEPRECATED_OBJC_IMPLEMENTATIONS = YES;
				CLANG_WARN_DIRECT_OBJC_ISA_USAGE = YES_ERROR;
				CLANG_WARN_DOCUMENTATION_COMMENTS = YES;
				CLANG_WARN_EMPTY_BODY = YES;
				CLANG_WARN_ENUM_CONVERSION = YES;
				CLANG_WARN_INFINITE_RECURSION = YES;
				CLANG_WARN_INT_CONVERSION = YES;
				CLANG_WARN_NON_LITERAL_NULL_CONVERSION = YES;
				CLANG_WARN_OBJC_IMPLICIT_RETAIN_SELF = YES;
				CLANG_WARN_OBJC_LITERAL_CONVERSION = YES;
				CLANG_WARN_OBJC_ROOT_CLASS = YES_ERROR;
				CLANG_WARN_QUOTED_INCLUDE_IN_FRAMEWORK_HEADER = YES;
				CLANG_WARN_RANGE_LOOP_ANALYSIS = YES;
				CLANG_WARN_STRICT_PROTOTYPES = YES;
				CLANG_WARN_SUSPICIOUS_MOVE = YES;
				CLANG_WARN_UNGUARDED_AVAILABILITY = YES_AGGRESSIVE;
				CLANG_WARN_UNREACHABLE_CODE = YES;
				CLANG_WARN__DUPLICATE_METHOD_MATCH = YES;
				COPY_PHASE_STRIP = NO;
				DEBUG_INFORMATION_FORMAT = "dwarf-with-dsym";
				ENABLE_NS_ASSERTIONS = NO;
				ENABLE_STRICT_OBJC_MSGSEND = YES;
				GCC_C_LANGUAGE_STANDARD = gnu11;
				GCC_NO_COMMON_BLOCKS = YES;
				GCC_WARN_64_TO_32_BIT_CONVERSION = YES;
				GCC_WARN_ABOUT_RETURN_TYPE = YES_ERROR;
				GCC_WARN_UNDECLARED_SELECTOR = YES;
				GCC_WARN_UNINITIALIZED_AUTOS = YES_AGGRESSIVE;
				GCC_WARN_UNUSED_FUNCTION = YES;
				GCC_WARN_UNUSED_VARIABLE = YES;
				IPHONEOS_DEPLOYMENT_TARGET = 15.2;
				MTL_ENABLE_DEBUG_INFO = NO;
				MTL_FAST_MATH = YES;
				SDKROOT = iphoneos;
				SWIFT_COMPILATION_MODE = wholemodule;
				SWIFT_OPTIMIZATION_LEVEL = "-O";
				VALIDATE_PRODUCT = YES;
			};
			name = Release;
		};
		DDE0D04728B4AC630064B787 /* Debug */ = {
			isa = XCBuildConfiguration;
			buildSettings = {
				ASSETCATALOG_COMPILER_APPICON_NAME = AppIcon;
				ASSETCATALOG_COMPILER_GLOBAL_ACCENT_COLOR_NAME = AccentColor;
				CODE_SIGN_STYLE = Automatic;
				CURRENT_PROJECT_VERSION = 1;
				DEVELOPMENT_TEAM = 7YW3V66545;
				GENERATE_INFOPLIST_FILE = YES;
				INFOPLIST_FILE = "Basic request/Info.plist";
				INFOPLIST_KEY_UIApplicationSupportsIndirectInputEvents = YES;
				INFOPLIST_KEY_UILaunchStoryboardName = LaunchScreen;
				INFOPLIST_KEY_UIMainStoryboardFile = Main;
				INFOPLIST_KEY_UISupportedInterfaceOrientations_iPad = "UIInterfaceOrientationPortrait UIInterfaceOrientationPortraitUpsideDown UIInterfaceOrientationLandscapeLeft UIInterfaceOrientationLandscapeRight";
				INFOPLIST_KEY_UISupportedInterfaceOrientations_iPhone = "UIInterfaceOrientationPortrait UIInterfaceOrientationLandscapeLeft UIInterfaceOrientationLandscapeRight";
				LD_RUNPATH_SEARCH_PATHS = (
					"$(inherited)",
					"@executable_path/Frameworks",
				);
				MARKETING_VERSION = 1.0;
				PRODUCT_BUNDLE_IDENTIFIER = "HieroniusTeam.Basic-request";
				PRODUCT_NAME = "$(TARGET_NAME)";
				SWIFT_EMIT_LOC_STRINGS = YES;
				SWIFT_VERSION = 5.0;
				TARGETED_DEVICE_FAMILY = "1,2";
			};
			name = Debug;
		};
		DDE0D04828B4AC630064B787 /* Release */ = {
			isa = XCBuildConfiguration;
			buildSettings = {
				ASSETCATALOG_COMPILER_APPICON_NAME = AppIcon;
				ASSETCATALOG_COMPILER_GLOBAL_ACCENT_COLOR_NAME = AccentColor;
				CODE_SIGN_STYLE = Automatic;
				CURRENT_PROJECT_VERSION = 1;
				DEVELOPMENT_TEAM = 7YW3V66545;
				GENERATE_INFOPLIST_FILE = YES;
				INFOPLIST_FILE = "Basic request/Info.plist";
				INFOPLIST_KEY_UIApplicationSupportsIndirectInputEvents = YES;
				INFOPLIST_KEY_UILaunchStoryboardName = LaunchScreen;
				INFOPLIST_KEY_UIMainStoryboardFile = Main;
				INFOPLIST_KEY_UISupportedInterfaceOrientations_iPad = "UIInterfaceOrientationPortrait UIInterfaceOrientationPortraitUpsideDown UIInterfaceOrientationLandscapeLeft UIInterfaceOrientationLandscapeRight";
				INFOPLIST_KEY_UISupportedInterfaceOrientations_iPhone = "UIInterfaceOrientationPortrait UIInterfaceOrientationLandscapeLeft UIInterfaceOrientationLandscapeRight";
				LD_RUNPATH_SEARCH_PATHS = (
					"$(inherited)",
					"@executable_path/Frameworks",
				);
				MARKETING_VERSION = 1.0;
				PRODUCT_BUNDLE_IDENTIFIER = "HieroniusTeam.Basic-request";
				PRODUCT_NAME = "$(TARGET_NAME)";
				SWIFT_EMIT_LOC_STRINGS = YES;
				SWIFT_VERSION = 5.0;
				TARGETED_DEVICE_FAMILY = "1,2";
			};
			name = Release;
		};
		DDE0D04A28B4AC630064B787 /* Debug */ = {
			isa = XCBuildConfiguration;
			buildSettings = {
				ALWAYS_EMBED_SWIFT_STANDARD_LIBRARIES = YES;
				BUNDLE_LOADER = "$(TEST_HOST)";
				CODE_SIGN_STYLE = Automatic;
				CURRENT_PROJECT_VERSION = 1;
				DEVELOPMENT_TEAM = 7YW3V66545;
				GENERATE_INFOPLIST_FILE = YES;
				IPHONEOS_DEPLOYMENT_TARGET = 15.2;
				MARKETING_VERSION = 1.0;
				PRODUCT_BUNDLE_IDENTIFIER = "HieroniusTeam.Basic-requestTests";
				PRODUCT_NAME = "$(TARGET_NAME)";
				SWIFT_EMIT_LOC_STRINGS = NO;
				SWIFT_VERSION = 5.0;
				TARGETED_DEVICE_FAMILY = "1,2";
				TEST_HOST = "$(BUILT_PRODUCTS_DIR)/Basic request.app/Basic request";
			};
			name = Debug;
		};
		DDE0D04B28B4AC630064B787 /* Release */ = {
			isa = XCBuildConfiguration;
			buildSettings = {
				ALWAYS_EMBED_SWIFT_STANDARD_LIBRARIES = YES;
				BUNDLE_LOADER = "$(TEST_HOST)";
				CODE_SIGN_STYLE = Automatic;
				CURRENT_PROJECT_VERSION = 1;
				DEVELOPMENT_TEAM = 7YW3V66545;
				GENERATE_INFOPLIST_FILE = YES;
				IPHONEOS_DEPLOYMENT_TARGET = 15.2;
				MARKETING_VERSION = 1.0;
				PRODUCT_BUNDLE_IDENTIFIER = "HieroniusTeam.Basic-requestTests";
				PRODUCT_NAME = "$(TARGET_NAME)";
				SWIFT_EMIT_LOC_STRINGS = NO;
				SWIFT_VERSION = 5.0;
				TARGETED_DEVICE_FAMILY = "1,2";
				TEST_HOST = "$(BUILT_PRODUCTS_DIR)/Basic request.app/Basic request";
			};
			name = Release;
		};
		DDE0D04D28B4AC630064B787 /* Debug */ = {
			isa = XCBuildConfiguration;
			buildSettings = {
				ALWAYS_EMBED_SWIFT_STANDARD_LIBRARIES = YES;
				CODE_SIGN_STYLE = Automatic;
				CURRENT_PROJECT_VERSION = 1;
				DEVELOPMENT_TEAM = 7YW3V66545;
				GENERATE_INFOPLIST_FILE = YES;
				MARKETING_VERSION = 1.0;
				PRODUCT_BUNDLE_IDENTIFIER = "HieroniusTeam.Basic-requestUITests";
				PRODUCT_NAME = "$(TARGET_NAME)";
				SWIFT_EMIT_LOC_STRINGS = NO;
				SWIFT_VERSION = 5.0;
				TARGETED_DEVICE_FAMILY = "1,2";
				TEST_TARGET_NAME = "Basic request";
			};
			name = Debug;
		};
		DDE0D04E28B4AC630064B787 /* Release */ = {
			isa = XCBuildConfiguration;
			buildSettings = {
				ALWAYS_EMBED_SWIFT_STANDARD_LIBRARIES = YES;
				CODE_SIGN_STYLE = Automatic;
				CURRENT_PROJECT_VERSION = 1;
				DEVELOPMENT_TEAM = 7YW3V66545;
				GENERATE_INFOPLIST_FILE = YES;
				MARKETING_VERSION = 1.0;
				PRODUCT_BUNDLE_IDENTIFIER = "HieroniusTeam.Basic-requestUITests";
				PRODUCT_NAME = "$(TARGET_NAME)";
				SWIFT_EMIT_LOC_STRINGS = NO;
				SWIFT_VERSION = 5.0;
				TARGETED_DEVICE_FAMILY = "1,2";
				TEST_TARGET_NAME = "Basic request";
			};
			name = Release;
		};
/* End XCBuildConfiguration section */

/* Begin XCConfigurationList section */
		DDE0D01728B4AC5E0064B787 /* Build configuration list for PBXProject "Basic request" */ = {
			isa = XCConfigurationList;
			buildConfigurations = (
				DDE0D04428B4AC630064B787 /* Debug */,
				DDE0D04528B4AC630064B787 /* Release */,
			);
			defaultConfigurationIsVisible = 0;
			defaultConfigurationName = Release;
		};
		DDE0D04628B4AC630064B787 /* Build configuration list for PBXNativeTarget "Basic request" */ = {
			isa = XCConfigurationList;
			buildConfigurations = (
				DDE0D04728B4AC630064B787 /* Debug */,
				DDE0D04828B4AC630064B787 /* Release */,
			);
			defaultConfigurationIsVisible = 0;
			defaultConfigurationName = Release;
		};
		DDE0D04928B4AC630064B787 /* Build configuration list for PBXNativeTarget "Basic requestTests" */ = {
			isa = XCConfigurationList;
			buildConfigurations = (
				DDE0D04A28B4AC630064B787 /* Debug */,
				DDE0D04B28B4AC630064B787 /* Release */,
			);
			defaultConfigurationIsVisible = 0;
			defaultConfigurationName = Release;
		};
		DDE0D04C28B4AC630064B787 /* Build configuration list for PBXNativeTarget "Basic requestUITests" */ = {
			isa = XCConfigurationList;
			buildConfigurations = (
				DDE0D04D28B4AC630064B787 /* Debug */,
				DDE0D04E28B4AC630064B787 /* Release */,
			);
			defaultConfigurationIsVisible = 0;
			defaultConfigurationName = Release;
		};
/* End XCConfigurationList section */
	};
	rootObject = DDE0D01428B4AC5E0064B787 /* Project object */;
}
