// !$*UTF8*$!
{
	archiveVersion = 1;
	classes = {
	};
	objectVersion = 55;
	objects = {

/* Begin PBXBuildFile section */
		DD82B24A28BDFAD200E4EE85 /* AppDelegate.swift in Sources */ = {isa = PBXBuildFile; fileRef = DD82B24928BDFAD200E4EE85 /* AppDelegate.swift */; };
		DD82B24C28BDFAD200E4EE85 /* SceneDelegate.swift in Sources */ = {isa = PBXBuildFile; fileRef = DD82B24B28BDFAD200E4EE85 /* SceneDelegate.swift */; };
		DD82B25128BDFAD200E4EE85 /* Main.storyboard in Resources */ = {isa = PBXBuildFile; fileRef = DD82B24F28BDFAD200E4EE85 /* Main.storyboard */; };
		DD82B25328BDFAD600E4EE85 /* Assets.xcassets in Resources */ = {isa = PBXBuildFile; fileRef = DD82B25228BDFAD600E4EE85 /* Assets.xcassets */; };
		DD82B25628BDFAD600E4EE85 /* LaunchScreen.storyboard in Resources */ = {isa = PBXBuildFile; fileRef = DD82B25428BDFAD600E4EE85 /* LaunchScreen.storyboard */; };
		DD82B25E28BDFBDC00E4EE85 /* ListTVC.swift in Sources */ = {isa = PBXBuildFile; fileRef = DD82B25D28BDFBDC00E4EE85 /* ListTVC.swift */; };
		DD9CDE4C28C262B700FA33A6 /* Constant.swift in Sources */ = {isa = PBXBuildFile; fileRef = DD9CDE4B28C262B700FA33A6 /* Constant.swift */; };
		DD9CDE4E28C263CF00FA33A6 /* NetworkWeatherManager.swift in Sources */ = {isa = PBXBuildFile; fileRef = DD9CDE4D28C263CF00FA33A6 /* NetworkWeatherManager.swift */; };
		DD9CDE5028C3B25800FA33A6 /* WeatherData.swift in Sources */ = {isa = PBXBuildFile; fileRef = DD9CDE4F28C3B25800FA33A6 /* WeatherData.swift */; };
		DD9CDE5228C3B88D00FA33A6 /* Weather.swift in Sources */ = {isa = PBXBuildFile; fileRef = DD9CDE5128C3B88D00FA33A6 /* Weather.swift */; };
		DD9CDE5428C79E0100FA33A6 /* GetCitiesWeather.swift in Sources */ = {isa = PBXBuildFile; fileRef = DD9CDE5328C79E0100FA33A6 /* GetCitiesWeather.swift */; };
		DD9CDE5628C7A7CA00FA33A6 /* ListCell.swift in Sources */ = {isa = PBXBuildFile; fileRef = DD9CDE5528C7A7CA00FA33A6 /* ListCell.swift */; };
/* End PBXBuildFile section */

/* Begin PBXFileReference section */
		DD82B24628BDFAD200E4EE85 /* WeatherJun.app */ = {isa = PBXFileReference; explicitFileType = wrapper.application; includeInIndex = 0; path = WeatherJun.app; sourceTree = BUILT_PRODUCTS_DIR; };
		DD82B24928BDFAD200E4EE85 /* AppDelegate.swift */ = {isa = PBXFileReference; lastKnownFileType = sourcecode.swift; path = AppDelegate.swift; sourceTree = "<group>"; };
		DD82B24B28BDFAD200E4EE85 /* SceneDelegate.swift */ = {isa = PBXFileReference; lastKnownFileType = sourcecode.swift; path = SceneDelegate.swift; sourceTree = "<group>"; };
		DD82B25028BDFAD200E4EE85 /* Base */ = {isa = PBXFileReference; lastKnownFileType = file.storyboard; name = Base; path = Base.lproj/Main.storyboard; sourceTree = "<group>"; };
		DD82B25228BDFAD600E4EE85 /* Assets.xcassets */ = {isa = PBXFileReference; lastKnownFileType = folder.assetcatalog; path = Assets.xcassets; sourceTree = "<group>"; };
		DD82B25528BDFAD600E4EE85 /* Base */ = {isa = PBXFileReference; lastKnownFileType = file.storyboard; name = Base; path = Base.lproj/LaunchScreen.storyboard; sourceTree = "<group>"; };
		DD82B25728BDFAD600E4EE85 /* Info.plist */ = {isa = PBXFileReference; lastKnownFileType = text.plist.xml; path = Info.plist; sourceTree = "<group>"; };
		DD82B25D28BDFBDC00E4EE85 /* ListTVC.swift */ = {isa = PBXFileReference; lastKnownFileType = sourcecode.swift; path = ListTVC.swift; sourceTree = "<group>"; };
		DD9CDE4B28C262B700FA33A6 /* Constant.swift */ = {isa = PBXFileReference; lastKnownFileType = sourcecode.swift; path = Constant.swift; sourceTree = "<group>"; };
		DD9CDE4D28C263CF00FA33A6 /* NetworkWeatherManager.swift */ = {isa = PBXFileReference; lastKnownFileType = sourcecode.swift; path = NetworkWeatherManager.swift; sourceTree = "<group>"; };
		DD9CDE4F28C3B25800FA33A6 /* WeatherData.swift */ = {isa = PBXFileReference; lastKnownFileType = sourcecode.swift; path = WeatherData.swift; sourceTree = "<group>"; };
		DD9CDE5128C3B88D00FA33A6 /* Weather.swift */ = {isa = PBXFileReference; lastKnownFileType = sourcecode.swift; path = Weather.swift; sourceTree = "<group>"; };
		DD9CDE5328C79E0100FA33A6 /* GetCitiesWeather.swift */ = {isa = PBXFileReference; lastKnownFileType = sourcecode.swift; path = GetCitiesWeather.swift; sourceTree = "<group>"; };
		DD9CDE5528C7A7CA00FA33A6 /* ListCell.swift */ = {isa = PBXFileReference; lastKnownFileType = sourcecode.swift; path = ListCell.swift; sourceTree = "<group>"; };
/* End PBXFileReference section */

/* Begin PBXFrameworksBuildPhase section */
		DD82B24328BDFAD200E4EE85 /* Frameworks */ = {
			isa = PBXFrameworksBuildPhase;
			buildActionMask = 2147483647;
			files = (
			);
			runOnlyForDeploymentPostprocessing = 0;
		};
/* End PBXFrameworksBuildPhase section */

/* Begin PBXGroup section */
		DD82B23D28BDFAD100E4EE85 = {
			isa = PBXGroup;
			children = (
				DD9CDE4A28C260FA00FA33A6 /* Model */,
				DD9CDE4928C260F300FA33A6 /* View */,
				DD9CDE4828C260EA00FA33A6 /* Products */,
				DD9CDE4728C260DB00FA33A6 /* SupportingFiles */,
				DD82B24828BDFAD200E4EE85 /* WeatherJun */,
				DD82B24728BDFAD200E4EE85 /* Products */,
			);
			sourceTree = "<group>";
		};
		DD82B24728BDFAD200E4EE85 /* Products */ = {
			isa = PBXGroup;
			children = (
				DD82B24628BDFAD200E4EE85 /* WeatherJun.app */,
			);
			name = Products;
			sourceTree = "<group>";
		};
		DD82B24828BDFAD200E4EE85 /* WeatherJun */ = {
			isa = PBXGroup;
			children = (
			);
			path = WeatherJun;
			sourceTree = "<group>";
		};
		DD9CDE4728C260DB00FA33A6 /* SupportingFiles */ = {
			isa = PBXGroup;
			children = (
				DD82B24928BDFAD200E4EE85 /* AppDelegate.swift */,
				DD82B24B28BDFAD200E4EE85 /* SceneDelegate.swift */,
				DD82B25228BDFAD600E4EE85 /* Assets.xcassets */,
				DD82B25728BDFAD600E4EE85 /* Info.plist */,
				DD9CDE4B28C262B700FA33A6 /* Constant.swift */,
			);
			path = SupportingFiles;
			sourceTree = "<group>";
		};
		DD9CDE4828C260EA00FA33A6 /* Products */ = {
			isa = PBXGroup;
			children = (
			);
			path = Products;
			sourceTree = "<group>";
		};
		DD9CDE4928C260F300FA33A6 /* View */ = {
			isa = PBXGroup;
			children = (
				DD82B25D28BDFBDC00E4EE85 /* ListTVC.swift */,
				DD82B24F28BDFAD200E4EE85 /* Main.storyboard */,
				DD82B25428BDFAD600E4EE85 /* LaunchScreen.storyboard */,
			);
			path = View;
			sourceTree = "<group>";
		};
		DD9CDE4A28C260FA00FA33A6 /* Model */ = {
			isa = PBXGroup;
			children = (
				DD9CDE4D28C263CF00FA33A6 /* NetworkWeatherManager.swift */,
				DD9CDE4F28C3B25800FA33A6 /* WeatherData.swift */,
				DD9CDE5128C3B88D00FA33A6 /* Weather.swift */,
				DD9CDE5328C79E0100FA33A6 /* GetCitiesWeather.swift */,
				DD9CDE5528C7A7CA00FA33A6 /* ListCell.swift */,
			);
			path = Model;
			sourceTree = "<group>";
		};
/* End PBXGroup section */

/* Begin PBXNativeTarget section */
		DD82B24528BDFAD200E4EE85 /* WeatherJun */ = {
			isa = PBXNativeTarget;
			buildConfigurationList = DD82B25A28BDFAD600E4EE85 /* Build configuration list for PBXNativeTarget "WeatherJun" */;
			buildPhases = (
				DD82B24228BDFAD200E4EE85 /* Sources */,
				DD82B24328BDFAD200E4EE85 /* Frameworks */,
				DD82B24428BDFAD200E4EE85 /* Resources */,
			);
			buildRules = (
			);
			dependencies = (
			);
			name = WeatherJun;
			productName = WeatherJun;
			productReference = DD82B24628BDFAD200E4EE85 /* WeatherJun.app */;
			productType = "com.apple.product-type.application";
		};
/* End PBXNativeTarget section */

/* Begin PBXProject section */
		DD82B23E28BDFAD100E4EE85 /* Project object */ = {
			isa = PBXProject;
			attributes = {
				BuildIndependentTargetsInParallel = 1;
				LastSwiftUpdateCheck = 1320;
				LastUpgradeCheck = 1320;
				TargetAttributes = {
					DD82B24528BDFAD200E4EE85 = {
						CreatedOnToolsVersion = 13.2.1;
					};
				};
			};
			buildConfigurationList = DD82B24128BDFAD100E4EE85 /* Build configuration list for PBXProject "WeatherJun" */;
			compatibilityVersion = "Xcode 13.0";
			developmentRegion = en;
			hasScannedForEncodings = 0;
			knownRegions = (
				en,
				Base,
			);
			mainGroup = DD82B23D28BDFAD100E4EE85;
			productRefGroup = DD82B24728BDFAD200E4EE85 /* Products */;
			projectDirPath = "";
			projectRoot = "";
			targets = (
				DD82B24528BDFAD200E4EE85 /* WeatherJun */,
			);
		};
/* End PBXProject section */

/* Begin PBXResourcesBuildPhase section */
		DD82B24428BDFAD200E4EE85 /* Resources */ = {
			isa = PBXResourcesBuildPhase;
			buildActionMask = 2147483647;
			files = (
				DD82B25628BDFAD600E4EE85 /* LaunchScreen.storyboard in Resources */,
				DD82B25328BDFAD600E4EE85 /* Assets.xcassets in Resources */,
				DD82B25128BDFAD200E4EE85 /* Main.storyboard in Resources */,
			);
			runOnlyForDeploymentPostprocessing = 0;
		};
/* End PBXResourcesBuildPhase section */

/* Begin PBXSourcesBuildPhase section */
		DD82B24228BDFAD200E4EE85 /* Sources */ = {
			isa = PBXSourcesBuildPhase;
			buildActionMask = 2147483647;
			files = (
				DD9CDE5428C79E0100FA33A6 /* GetCitiesWeather.swift in Sources */,
				DD82B25E28BDFBDC00E4EE85 /* ListTVC.swift in Sources */,
				DD82B24A28BDFAD200E4EE85 /* AppDelegate.swift in Sources */,
				DD9CDE4E28C263CF00FA33A6 /* NetworkWeatherManager.swift in Sources */,
				DD82B24C28BDFAD200E4EE85 /* SceneDelegate.swift in Sources */,
				DD9CDE5028C3B25800FA33A6 /* WeatherData.swift in Sources */,
				DD9CDE5628C7A7CA00FA33A6 /* ListCell.swift in Sources */,
				DD9CDE4C28C262B700FA33A6 /* Constant.swift in Sources */,
				DD9CDE5228C3B88D00FA33A6 /* Weather.swift in Sources */,
			);
			runOnlyForDeploymentPostprocessing = 0;
		};
/* End PBXSourcesBuildPhase section */

/* Begin PBXVariantGroup section */
		DD82B24F28BDFAD200E4EE85 /* Main.storyboard */ = {
			isa = PBXVariantGroup;
			children = (
				DD82B25028BDFAD200E4EE85 /* Base */,
			);
			name = Main.storyboard;
			sourceTree = "<group>";
		};
		DD82B25428BDFAD600E4EE85 /* LaunchScreen.storyboard */ = {
			isa = PBXVariantGroup;
			children = (
				DD82B25528BDFAD600E4EE85 /* Base */,
			);
			name = LaunchScreen.storyboard;
			sourceTree = "<group>";
		};
/* End PBXVariantGroup section */

/* Begin XCBuildConfiguration section */
		DD82B25828BDFAD600E4EE85 /* Debug */ = {
			isa = XCBuildConfiguration;
			buildSettings = {
				ALWAYS_SEARCH_USER_PATHS = NO;
				CLANG_ANALYZER_NONNULL = YES;
				CLANG_ANALYZER_NUMBER_OBJECT_CONVERSION = YES_AGGRESSIVE;
				CLANG_CXX_LANGUAGE_STANDARD = "gnu++17";
				CLANG_CXX_LIBRARY = "libc++";
				CLANG_ENABLE_MODULES = YES;
				CLANG_ENABLE_OBJC_ARC = YES;
				CLANG_ENABLE_OBJC_WEAK = YES;
				CLANG_WARN_BLOCK_CAPTURE_AUTORELEASING = YES;
				CLANG_WARN_BOOL_CONVERSION = YES;
				CLANG_WARN_COMMA = YES;
				CLANG_WARN_CONSTANT_CONVERSION = YES;
				CLANG_WARN_DEPRECATED_OBJC_IMPLEMENTATIONS = YES;
				CLANG_WARN_DIRECT_OBJC_ISA_USAGE = YES_ERROR;
				CLANG_WARN_DOCUMENTATION_COMMENTS = YES;
				CLANG_WARN_EMPTY_BODY = YES;
				CLANG_WARN_ENUM_CONVERSION = YES;
				CLANG_WARN_INFINITE_RECURSION = YES;
				CLANG_WARN_INT_CONVERSION = YES;
				CLANG_WARN_NON_LITERAL_NULL_CONVERSION = YES;
				CLANG_WARN_OBJC_IMPLICIT_RETAIN_SELF = YES;
				CLANG_WARN_OBJC_LITERAL_CONVERSION = YES;
				CLANG_WARN_OBJC_ROOT_CLASS = YES_ERROR;
				CLANG_WARN_QUOTED_INCLUDE_IN_FRAMEWORK_HEADER = YES;
				CLANG_WARN_RANGE_LOOP_ANALYSIS = YES;
				CLANG_WARN_STRICT_PROTOTYPES = YES;
				CLANG_WARN_SUSPICIOUS_MOVE = YES;
				CLANG_WARN_UNGUARDED_AVAILABILITY = YES_AGGRESSIVE;
				CLANG_WARN_UNREACHABLE_CODE = YES;
				CLANG_WARN__DUPLICATE_METHOD_MATCH = YES;
				COPY_PHASE_STRIP = NO;
				DEBUG_INFORMATION_FORMAT = dwarf;
				ENABLE_STRICT_OBJC_MSGSEND = YES;
				ENABLE_TESTABILITY = YES;
				GCC_C_LANGUAGE_STANDARD = gnu11;
				GCC_DYNAMIC_NO_PIC = NO;
				GCC_NO_COMMON_BLOCKS = YES;
				GCC_OPTIMIZATION_LEVEL = 0;
				GCC_PREPROCESSOR_DEFINITIONS = (
					"DEBUG=1",
					"$(inherited)",
				);
				GCC_WARN_64_TO_32_BIT_CONVERSION = YES;
				GCC_WARN_ABOUT_RETURN_TYPE = YES_ERROR;
				GCC_WARN_UNDECLARED_SELECTOR = YES;
				GCC_WARN_UNINITIALIZED_AUTOS = YES_AGGRESSIVE;
				GCC_WARN_UNUSED_FUNCTION = YES;
				GCC_WARN_UNUSED_VARIABLE = YES;
				IPHONEOS_DEPLOYMENT_TARGET = 15.2;
				MTL_ENABLE_DEBUG_INFO = INCLUDE_SOURCE;
				MTL_FAST_MATH = YES;
				ONLY_ACTIVE_ARCH = YES;
				SDKROOT = iphoneos;
				SWIFT_ACTIVE_COMPILATION_CONDITIONS = DEBUG;
				SWIFT_OPTIMIZATION_LEVEL = "-Onone";
			};
			name = Debug;
		};
		DD82B25928BDFAD600E4EE85 /* Release */ = {
			isa = XCBuildConfiguration;
			buildSettings = {
				ALWAYS_SEARCH_USER_PATHS = NO;
				CLANG_ANALYZER_NONNULL = YES;
				CLANG_ANALYZER_NUMBER_OBJECT_CONVERSION = YES_AGGRESSIVE;
				CLANG_CXX_LANGUAGE_STANDARD = "gnu++17";
				CLANG_CXX_LIBRARY = "libc++";
				CLANG_ENABLE_MODULES = YES;
				CLANG_ENABLE_OBJC_ARC = YES;
				CLANG_ENABLE_OBJC_WEAK = YES;
				CLANG_WARN_BLOCK_CAPTURE_AUTORELEASING = YES;
				CLANG_WARN_BOOL_CONVERSION = YES;
				CLANG_WARN_COMMA = YES;
				CLANG_WARN_CONSTANT_CONVERSION = YES;
				CLANG_WARN_DEPRECATED_OBJC_IMPLEMENTATIONS = YES;
				CLANG_WARN_DIRECT_OBJC_ISA_USAGE = YES_ERROR;
				CLANG_WARN_DOCUMENTATION_COMMENTS = YES;
				CLANG_WARN_EMPTY_BODY = YES;
				CLANG_WARN_ENUM_CONVERSION = YES;
				CLANG_WARN_INFINITE_RECURSION = YES;
				CLANG_WARN_INT_CONVERSION = YES;
				CLANG_WARN_NON_LITERAL_NULL_CONVERSION = YES;
				CLANG_WARN_OBJC_IMPLICIT_RETAIN_SELF = YES;
				CLANG_WARN_OBJC_LITERAL_CONVERSION = YES;
				CLANG_WARN_OBJC_ROOT_CLASS = YES_ERROR;
				CLANG_WARN_QUOTED_INCLUDE_IN_FRAMEWORK_HEADER = YES;
				CLANG_WARN_RANGE_LOOP_ANALYSIS = YES;
				CLANG_WARN_STRICT_PROTOTYPES = YES;
				CLANG_WARN_SUSPICIOUS_MOVE = YES;
				CLANG_WARN_UNGUARDED_AVAILABILITY = YES_AGGRESSIVE;
				CLANG_WARN_UNREACHABLE_CODE = YES;
				CLANG_WARN__DUPLICATE_METHOD_MATCH = YES;
				COPY_PHASE_STRIP = NO;
				DEBUG_INFORMATION_FORMAT = "dwarf-with-dsym";
				ENABLE_NS_ASSERTIONS = NO;
				ENABLE_STRICT_OBJC_MSGSEND = YES;
				GCC_C_LANGUAGE_STANDARD = gnu11;
				GCC_NO_COMMON_BLOCKS = YES;
				GCC_WARN_64_TO_32_BIT_CONVERSION = YES;
				GCC_WARN_ABOUT_RETURN_TYPE = YES_ERROR;
				GCC_WARN_UNDECLARED_SELECTOR = YES;
				GCC_WARN_UNINITIALIZED_AUTOS = YES_AGGRESSIVE;
				GCC_WARN_UNUSED_FUNCTION = YES;
				GCC_WARN_UNUSED_VARIABLE = YES;
				IPHONEOS_DEPLOYMENT_TARGET = 15.2;
				MTL_ENABLE_DEBUG_INFO = NO;
				MTL_FAST_MATH = YES;
				SDKROOT = iphoneos;
				SWIFT_COMPILATION_MODE = wholemodule;
				SWIFT_OPTIMIZATION_LEVEL = "-O";
				VALIDATE_PRODUCT = YES;
			};
			name = Release;
		};
		DD82B25B28BDFAD600E4EE85 /* Debug */ = {
			isa = XCBuildConfiguration;
			buildSettings = {
				ASSETCATALOG_COMPILER_APPICON_NAME = AppIcon;
				ASSETCATALOG_COMPILER_GLOBAL_ACCENT_COLOR_NAME = AccentColor;
				CODE_SIGN_STYLE = Automatic;
				CURRENT_PROJECT_VERSION = 1;
				DEVELOPMENT_TEAM = 7YW3V66545;
				GENERATE_INFOPLIST_FILE = YES;
				INFOPLIST_FILE = SupportingFiles/Info.plist;
				INFOPLIST_KEY_UIApplicationSupportsIndirectInputEvents = YES;
				INFOPLIST_KEY_UILaunchStoryboardName = LaunchScreen;
				INFOPLIST_KEY_UIMainStoryboardFile = Main;
				INFOPLIST_KEY_UISupportedInterfaceOrientations_iPad = "UIInterfaceOrientationPortrait UIInterfaceOrientationPortraitUpsideDown UIInterfaceOrientationLandscapeLeft UIInterfaceOrientationLandscapeRight";
				INFOPLIST_KEY_UISupportedInterfaceOrientations_iPhone = "UIInterfaceOrientationPortrait UIInterfaceOrientationLandscapeLeft UIInterfaceOrientationLandscapeRight";
				LD_RUNPATH_SEARCH_PATHS = (
					"$(inherited)",
					"@executable_path/Frameworks",
				);
				MARKETING_VERSION = 1.0;
				PRODUCT_BUNDLE_IDENTIFIER = HieroniusTeam.WeatherJun;
				PRODUCT_NAME = "$(TARGET_NAME)";
				SWIFT_EMIT_LOC_STRINGS = YES;
				SWIFT_VERSION = 5.0;
				TARGETED_DEVICE_FAMILY = "1,2";
			};
			name = Debug;
		};
		DD82B25C28BDFAD600E4EE85 /* Release */ = {
			isa = XCBuildConfiguration;
			buildSettings = {
				ASSETCATALOG_COMPILER_APPICON_NAME = AppIcon;
				ASSETCATALOG_COMPILER_GLOBAL_ACCENT_COLOR_NAME = AccentColor;
				CODE_SIGN_STYLE = Automatic;
				CURRENT_PROJECT_VERSION = 1;
				DEVELOPMENT_TEAM = 7YW3V66545;
				GENERATE_INFOPLIST_FILE = YES;
				INFOPLIST_FILE = SupportingFiles/Info.plist;
				INFOPLIST_KEY_UIApplicationSupportsIndirectInputEvents = YES;
				INFOPLIST_KEY_UILaunchStoryboardName = LaunchScreen;
				INFOPLIST_KEY_UIMainStoryboardFile = Main;
				INFOPLIST_KEY_UISupportedInterfaceOrientations_iPad = "UIInterfaceOrientationPortrait UIInterfaceOrientationPortraitUpsideDown UIInterfaceOrientationLandscapeLeft UIInterfaceOrientationLandscapeRight";
				INFOPLIST_KEY_UISupportedInterfaceOrientations_iPhone = "UIInterfaceOrientationPortrait UIInterfaceOrientationLandscapeLeft UIInterfaceOrientationLandscapeRight";
				LD_RUNPATH_SEARCH_PATHS = (
					"$(inherited)",
					"@executable_path/Frameworks",
				);
				MARKETING_VERSION = 1.0;
				PRODUCT_BUNDLE_IDENTIFIER = HieroniusTeam.WeatherJun;
				PRODUCT_NAME = "$(TARGET_NAME)";
				SWIFT_EMIT_LOC_STRINGS = YES;
				SWIFT_VERSION = 5.0;
				TARGETED_DEVICE_FAMILY = "1,2";
			};
			name = Release;
		};
/* End XCBuildConfiguration section */

/* Begin XCConfigurationList section */
		DD82B24128BDFAD100E4EE85 /* Build configuration list for PBXProject "WeatherJun" */ = {
			isa = XCConfigurationList;
			buildConfigurations = (
				DD82B25828BDFAD600E4EE85 /* Debug */,
				DD82B25928BDFAD600E4EE85 /* Release */,
			);
			defaultConfigurationIsVisible = 0;
			defaultConfigurationName = Release;
		};
		DD82B25A28BDFAD600E4EE85 /* Build configuration list for PBXNativeTarget "WeatherJun" */ = {
			isa = XCConfigurationList;
			buildConfigurations = (
				DD82B25B28BDFAD600E4EE85 /* Debug */,
				DD82B25C28BDFAD600E4EE85 /* Release */,
			);
			defaultConfigurationIsVisible = 0;
			defaultConfigurationName = Release;
		};
/* End XCConfigurationList section */
	};
	rootObject = DD82B23E28BDFAD100E4EE85 /* Project object */;
}
