// !$*UTF8*$!
{
	archiveVersion = 1;
	classes = {
	};
	objectVersion = 55;
	objects = {

/* Begin PBXBuildFile section */
		826066CB6A9CA83D8A88482C /* Pods_WeatherJunSecond.framework in Frameworks */ = {isa = PBXBuildFile; fileRef = 44F61D0429543A1B00FD741F /* Pods_WeatherJunSecond.framework */; };
		DD9CDE6428C9D39800FA33A6 /* AppDelegate.swift in Sources */ = {isa = PBXBuildFile; fileRef = DD9CDE6328C9D39800FA33A6 /* AppDelegate.swift */; };
		DD9CDE6628C9D39800FA33A6 /* SceneDelegate.swift in Sources */ = {isa = PBXBuildFile; fileRef = DD9CDE6528C9D39800FA33A6 /* SceneDelegate.swift */; };
		DD9CDE6B28C9D39800FA33A6 /* Main.storyboard in Resources */ = {isa = PBXBuildFile; fileRef = DD9CDE6928C9D39800FA33A6 /* Main.storyboard */; };
		DD9CDE6D28C9D39C00FA33A6 /* Assets.xcassets in Resources */ = {isa = PBXBuildFile; fileRef = DD9CDE6C28C9D39C00FA33A6 /* Assets.xcassets */; };
		DD9CDE7028C9D39C00FA33A6 /* LaunchScreen.storyboard in Resources */ = {isa = PBXBuildFile; fileRef = DD9CDE6E28C9D39C00FA33A6 /* LaunchScreen.storyboard */; };
		DD9CDE7828C9D3FA00FA33A6 /* ListTVC.swift in Sources */ = {isa = PBXBuildFile; fileRef = DD9CDE7728C9D3FA00FA33A6 /* ListTVC.swift */; };
		DD9CDE7E28C9DCBF00FA33A6 /* Constant.swift in Sources */ = {isa = PBXBuildFile; fileRef = DD9CDE7D28C9DCBF00FA33A6 /* Constant.swift */; };
		DD9CDE8028C9DD3800FA33A6 /* NetworkWeatherManager.swift in Sources */ = {isa = PBXBuildFile; fileRef = DD9CDE7F28C9DD3800FA33A6 /* NetworkWeatherManager.swift */; };
		DD9CDE8228C9DED200FA33A6 /* WeatherData.swift in Sources */ = {isa = PBXBuildFile; fileRef = DD9CDE8128C9DED200FA33A6 /* WeatherData.swift */; };
		DD9CDE8428C9E1A700FA33A6 /* Weather.swift in Sources */ = {isa = PBXBuildFile; fileRef = DD9CDE8328C9E1A700FA33A6 /* Weather.swift */; };
		DD9CDE8628CA147A00FA33A6 /* GetCitiesWeather.swift in Sources */ = {isa = PBXBuildFile; fileRef = DD9CDE8528CA147A00FA33A6 /* GetCitiesWeather.swift */; };
		DD9CDE8828CA1FE200FA33A6 /* ListCell.swift in Sources */ = {isa = PBXBuildFile; fileRef = DD9CDE8728CA1FE200FA33A6 /* ListCell.swift */; };
		DD9CDE8A28CB1DD800FA33A6 /* DetailVC.swift in Sources */ = {isa = PBXBuildFile; fileRef = DD9CDE8928CB1DD800FA33A6 /* DetailVC.swift */; };
/* End PBXBuildFile section */

/* Begin PBXFileReference section */
		1ED4038A2D23CCADE90679F1 /* Pods-WeatherJunSecond.release.xcconfig */ = {isa = PBXFileReference; includeInIndex = 1; lastKnownFileType = text.xcconfig; name = "Pods-WeatherJunSecond.release.xcconfig"; path = "Target Support Files/Pods-WeatherJunSecond/Pods-WeatherJunSecond.release.xcconfig"; sourceTree = "<group>"; };
		28371E2BD79AF97C9E9C8B83 /* Pods-WeatherJunSecond.debug.xcconfig */ = {isa = PBXFileReference; includeInIndex = 1; lastKnownFileType = text.xcconfig; name = "Pods-WeatherJunSecond.debug.xcconfig"; path = "Target Support Files/Pods-WeatherJunSecond/Pods-WeatherJunSecond.debug.xcconfig"; sourceTree = "<group>"; };
		44F61D0429543A1B00FD741F /* Pods_WeatherJunSecond.framework */ = {isa = PBXFileReference; explicitFileType = wrapper.framework; includeInIndex = 0; path = Pods_WeatherJunSecond.framework; sourceTree = BUILT_PRODUCTS_DIR; };
		DD9CDE6028C9D39800FA33A6 /* WeatherJunSecond.app */ = {isa = PBXFileReference; explicitFileType = wrapper.application; includeInIndex = 0; path = WeatherJunSecond.app; sourceTree = BUILT_PRODUCTS_DIR; };
		DD9CDE6328C9D39800FA33A6 /* AppDelegate.swift */ = {isa = PBXFileReference; lastKnownFileType = sourcecode.swift; path = AppDelegate.swift; sourceTree = "<group>"; };
		DD9CDE6528C9D39800FA33A6 /* SceneDelegate.swift */ = {isa = PBXFileReference; lastKnownFileType = sourcecode.swift; path = SceneDelegate.swift; sourceTree = "<group>"; };
		DD9CDE6A28C9D39800FA33A6 /* Base */ = {isa = PBXFileReference; lastKnownFileType = file.storyboard; name = Base; path = Base.lproj/Main.storyboard; sourceTree = "<group>"; };
		DD9CDE6C28C9D39C00FA33A6 /* Assets.xcassets */ = {isa = PBXFileReference; lastKnownFileType = folder.assetcatalog; path = Assets.xcassets; sourceTree = "<group>"; };
		DD9CDE6F28C9D39C00FA33A6 /* Base */ = {isa = PBXFileReference; lastKnownFileType = file.storyboard; name = Base; path = Base.lproj/LaunchScreen.storyboard; sourceTree = "<group>"; };
		DD9CDE7128C9D39C00FA33A6 /* Info.plist */ = {isa = PBXFileReference; lastKnownFileType = text.plist.xml; path = Info.plist; sourceTree = "<group>"; };
		DD9CDE7728C9D3FA00FA33A6 /* ListTVC.swift */ = {isa = PBXFileReference; lastKnownFileType = sourcecode.swift; path = ListTVC.swift; sourceTree = "<group>"; };
		DD9CDE7D28C9DCBF00FA33A6 /* Constant.swift */ = {isa = PBXFileReference; lastKnownFileType = sourcecode.swift; path = Constant.swift; sourceTree = "<group>"; };
		DD9CDE7F28C9DD3800FA33A6 /* NetworkWeatherManager.swift */ = {isa = PBXFileReference; lastKnownFileType = sourcecode.swift; path = NetworkWeatherManager.swift; sourceTree = "<group>"; };
		DD9CDE8128C9DED200FA33A6 /* WeatherData.swift */ = {isa = PBXFileReference; lastKnownFileType = sourcecode.swift; path = WeatherData.swift; sourceTree = "<group>"; };
		DD9CDE8328C9E1A700FA33A6 /* Weather.swift */ = {isa = PBXFileReference; lastKnownFileType = sourcecode.swift; path = Weather.swift; sourceTree = "<group>"; };
		DD9CDE8528CA147A00FA33A6 /* GetCitiesWeather.swift */ = {isa = PBXFileReference; lastKnownFileType = sourcecode.swift; path = GetCitiesWeather.swift; sourceTree = "<group>"; };
		DD9CDE8728CA1FE200FA33A6 /* ListCell.swift */ = {isa = PBXFileReference; lastKnownFileType = sourcecode.swift; path = ListCell.swift; sourceTree = "<group>"; };
		DD9CDE8928CB1DD800FA33A6 /* DetailVC.swift */ = {isa = PBXFileReference; lastKnownFileType = sourcecode.swift; path = DetailVC.swift; sourceTree = "<group>"; };
/* End PBXFileReference section */

/* Begin PBXFrameworksBuildPhase section */
		DD9CDE5D28C9D39800FA33A6 /* Frameworks */ = {
			isa = PBXFrameworksBuildPhase;
			buildActionMask = 2147483647;
			files = (
				826066CB6A9CA83D8A88482C /* Pods_WeatherJunSecond.framework in Frameworks */,
			);
			runOnlyForDeploymentPostprocessing = 0;
		};
/* End PBXFrameworksBuildPhase section */

/* Begin PBXGroup section */
		6D63BE8E555DEC4525281A2D /* Pods */ = {
			isa = PBXGroup;
			children = (
				28371E2BD79AF97C9E9C8B83 /* Pods-WeatherJunSecond.debug.xcconfig */,
				1ED4038A2D23CCADE90679F1 /* Pods-WeatherJunSecond.release.xcconfig */,
			);
			name = Pods;
			path = Pods;
			sourceTree = "<group>";
		};
		9DDA0E8266933CAB14D2799F /* Frameworks */ = {
			isa = PBXGroup;
			children = (
				44F61D0429543A1B00FD741F /* Pods_WeatherJunSecond.framework */,
			);
			name = Frameworks;
			sourceTree = "<group>";
		};
		DD9CDE5728C9D39800FA33A6 = {
			isa = PBXGroup;
			children = (
				DD9CDE6228C9D39800FA33A6 /* WeatherJunSecond */,
				DD9CDE6128C9D39800FA33A6 /* Products */,
				6D63BE8E555DEC4525281A2D /* Pods */,
				9DDA0E8266933CAB14D2799F /* Frameworks */,
			);
			sourceTree = "<group>";
		};
		DD9CDE6128C9D39800FA33A6 /* Products */ = {
			isa = PBXGroup;
			children = (
				DD9CDE6028C9D39800FA33A6 /* WeatherJunSecond.app */,
			);
			name = Products;
			sourceTree = "<group>";
		};
		DD9CDE6228C9D39800FA33A6 /* WeatherJunSecond */ = {
			isa = PBXGroup;
			children = (
				DD9CDE7928C9D9DD00FA33A6 /* Model */,
				DD9CDE7A28C9D9E300FA33A6 /* View */,
				DD9CDE7B28C9D9EA00FA33A6 /* SupportingFiles */,
				DD9CDE7C28C9DA0000FA33A6 /* Products */,
			);
			path = WeatherJunSecond;
			sourceTree = "<group>";
		};
		DD9CDE7928C9D9DD00FA33A6 /* Model */ = {
			isa = PBXGroup;
			children = (
				DD9CDE7F28C9DD3800FA33A6 /* NetworkWeatherManager.swift */,
				DD9CDE8128C9DED200FA33A6 /* WeatherData.swift */,
				DD9CDE8328C9E1A700FA33A6 /* Weather.swift */,
				DD9CDE8528CA147A00FA33A6 /* GetCitiesWeather.swift */,
				DD9CDE8728CA1FE200FA33A6 /* ListCell.swift */,
			);
			path = Model;
			sourceTree = "<group>";
		};
		DD9CDE7A28C9D9E300FA33A6 /* View */ = {
			isa = PBXGroup;
			children = (
				DD9CDE7728C9D3FA00FA33A6 /* ListTVC.swift */,
				DD9CDE8928CB1DD800FA33A6 /* DetailVC.swift */,
				DD9CDE6E28C9D39C00FA33A6 /* LaunchScreen.storyboard */,
				DD9CDE6928C9D39800FA33A6 /* Main.storyboard */,
			);
			path = View;
			sourceTree = "<group>";
		};
		DD9CDE7B28C9D9EA00FA33A6 /* SupportingFiles */ = {
			isa = PBXGroup;
			children = (
				DD9CDE6328C9D39800FA33A6 /* AppDelegate.swift */,
				DD9CDE6528C9D39800FA33A6 /* SceneDelegate.swift */,
				DD9CDE6C28C9D39C00FA33A6 /* Assets.xcassets */,
				DD9CDE7128C9D39C00FA33A6 /* Info.plist */,
				DD9CDE7D28C9DCBF00FA33A6 /* Constant.swift */,
			);
			path = SupportingFiles;
			sourceTree = "<group>";
		};
		DD9CDE7C28C9DA0000FA33A6 /* Products */ = {
			isa = PBXGroup;
			children = (
			);
			path = Products;
			sourceTree = "<group>";
		};
/* End PBXGroup section */

/* Begin PBXNativeTarget section */
		DD9CDE5F28C9D39800FA33A6 /* WeatherJunSecond */ = {
			isa = PBXNativeTarget;
			buildConfigurationList = DD9CDE7428C9D39C00FA33A6 /* Build configuration list for PBXNativeTarget "WeatherJunSecond" */;
			buildPhases = (
				3FDAD619EC836BE61F38B144 /* [CP] Check Pods Manifest.lock */,
				DD9CDE5C28C9D39800FA33A6 /* Sources */,
				DD9CDE5D28C9D39800FA33A6 /* Frameworks */,
				DD9CDE5E28C9D39800FA33A6 /* Resources */,
				B3B8D2E8E074A0EA3AA88BE2 /* [CP] Embed Pods Frameworks */,
			);
			buildRules = (
			);
			dependencies = (
			);
			name = WeatherJunSecond;
			productName = WeatherJunSecond;
			productReference = DD9CDE6028C9D39800FA33A6 /* WeatherJunSecond.app */;
			productType = "com.apple.product-type.application";
		};
/* End PBXNativeTarget section */

/* Begin PBXProject section */
		DD9CDE5828C9D39800FA33A6 /* Project object */ = {
			isa = PBXProject;
			attributes = {
				BuildIndependentTargetsInParallel = 1;
				LastSwiftUpdateCheck = 1320;
				LastUpgradeCheck = 1320;
				TargetAttributes = {
					DD9CDE5F28C9D39800FA33A6 = {
						CreatedOnToolsVersion = 13.2.1;
					};
				};
			};
			buildConfigurationList = DD9CDE5B28C9D39800FA33A6 /* Build configuration list for PBXProject "WeatherJunSecond" */;
			compatibilityVersion = "Xcode 13.0";
			developmentRegion = en;
			hasScannedForEncodings = 0;
			knownRegions = (
				en,
				Base,
			);
			mainGroup = DD9CDE5728C9D39800FA33A6;
			productRefGroup = DD9CDE6128C9D39800FA33A6 /* Products */;
			projectDirPath = "";
			projectRoot = "";
			targets = (
				DD9CDE5F28C9D39800FA33A6 /* WeatherJunSecond */,
			);
		};
/* End PBXProject section */

/* Begin PBXResourcesBuildPhase section */
		DD9CDE5E28C9D39800FA33A6 /* Resources */ = {
			isa = PBXResourcesBuildPhase;
			buildActionMask = 2147483647;
			files = (
				DD9CDE7028C9D39C00FA33A6 /* LaunchScreen.storyboard in Resources */,
				DD9CDE6D28C9D39C00FA33A6 /* Assets.xcassets in Resources */,
				DD9CDE6B28C9D39800FA33A6 /* Main.storyboard in Resources */,
			);
			runOnlyForDeploymentPostprocessing = 0;
		};
/* End PBXResourcesBuildPhase section */

/* Begin PBXShellScriptBuildPhase section */
		3FDAD619EC836BE61F38B144 /* [CP] Check Pods Manifest.lock */ = {
			isa = PBXShellScriptBuildPhase;
			buildActionMask = 2147483647;
			files = (
			);
			inputFileListPaths = (
			);
			inputPaths = (
				"${PODS_PODFILE_DIR_PATH}/Podfile.lock",
				"${PODS_ROOT}/Manifest.lock",
			);
			name = "[CP] Check Pods Manifest.lock";
			outputFileListPaths = (
			);
			outputPaths = (
				"$(DERIVED_FILE_DIR)/Pods-WeatherJunSecond-checkManifestLockResult.txt",
			);
			runOnlyForDeploymentPostprocessing = 0;
			shellPath = /bin/sh;
			shellScript = "diff \"${PODS_PODFILE_DIR_PATH}/Podfile.lock\" \"${PODS_ROOT}/Manifest.lock\" > /dev/null\nif [ $? != 0 ] ; then\n    # print error to STDERR\n    echo \"error: The sandbox is not in sync with the Podfile.lock. Run 'pod install' or update your CocoaPods installation.\" >&2\n    exit 1\nfi\n# This output is used by Xcode 'outputs' to avoid re-running this script phase.\necho \"SUCCESS\" > \"${SCRIPT_OUTPUT_FILE_0}\"\n";
			showEnvVarsInLog = 0;
		};
		B3B8D2E8E074A0EA3AA88BE2 /* [CP] Embed Pods Frameworks */ = {
			isa = PBXShellScriptBuildPhase;
			buildActionMask = 2147483647;
			files = (
			);
			inputFileListPaths = (
				"${PODS_ROOT}/Target Support Files/Pods-WeatherJunSecond/Pods-WeatherJunSecond-frameworks-${CONFIGURATION}-input-files.xcfilelist",
			);
			name = "[CP] Embed Pods Frameworks";
			outputFileListPaths = (
				"${PODS_ROOT}/Target Support Files/Pods-WeatherJunSecond/Pods-WeatherJunSecond-frameworks-${CONFIGURATION}-output-files.xcfilelist",
			);
			runOnlyForDeploymentPostprocessing = 0;
			shellPath = /bin/sh;
			shellScript = "\"${PODS_ROOT}/Target Support Files/Pods-WeatherJunSecond/Pods-WeatherJunSecond-frameworks.sh\"\n";
			showEnvVarsInLog = 0;
		};
/* End PBXShellScriptBuildPhase section */

/* Begin PBXSourcesBuildPhase section */
		DD9CDE5C28C9D39800FA33A6 /* Sources */ = {
			isa = PBXSourcesBuildPhase;
			buildActionMask = 2147483647;
			files = (
				DD9CDE7828C9D3FA00FA33A6 /* ListTVC.swift in Sources */,
				DD9CDE6428C9D39800FA33A6 /* AppDelegate.swift in Sources */,
				DD9CDE8628CA147A00FA33A6 /* GetCitiesWeather.swift in Sources */,
				DD9CDE8028C9DD3800FA33A6 /* NetworkWeatherManager.swift in Sources */,
				DD9CDE6628C9D39800FA33A6 /* SceneDelegate.swift in Sources */,
				DD9CDE8A28CB1DD800FA33A6 /* DetailVC.swift in Sources */,
				DD9CDE8228C9DED200FA33A6 /* WeatherData.swift in Sources */,
				DD9CDE8828CA1FE200FA33A6 /* ListCell.swift in Sources */,
				DD9CDE7E28C9DCBF00FA33A6 /* Constant.swift in Sources */,
				DD9CDE8428C9E1A700FA33A6 /* Weather.swift in Sources */,
			);
			runOnlyForDeploymentPostprocessing = 0;
		};
/* End PBXSourcesBuildPhase section */

/* Begin PBXVariantGroup section */
		DD9CDE6928C9D39800FA33A6 /* Main.storyboard */ = {
			isa = PBXVariantGroup;
			children = (
				DD9CDE6A28C9D39800FA33A6 /* Base */,
			);
			name = Main.storyboard;
			sourceTree = "<group>";
		};
		DD9CDE6E28C9D39C00FA33A6 /* LaunchScreen.storyboard */ = {
			isa = PBXVariantGroup;
			children = (
				DD9CDE6F28C9D39C00FA33A6 /* Base */,
			);
			name = LaunchScreen.storyboard;
			sourceTree = "<group>";
		};
/* End PBXVariantGroup section */

/* Begin XCBuildConfiguration section */
		DD9CDE7228C9D39C00FA33A6 /* Debug */ = {
			isa = XCBuildConfiguration;
			buildSettings = {
				ALWAYS_SEARCH_USER_PATHS = NO;
				CLANG_ANALYZER_NONNULL = YES;
				CLANG_ANALYZER_NUMBER_OBJECT_CONVERSION = YES_AGGRESSIVE;
				CLANG_CXX_LANGUAGE_STANDARD = "gnu++17";
				CLANG_CXX_LIBRARY = "libc++";
				CLANG_ENABLE_MODULES = YES;
				CLANG_ENABLE_OBJC_ARC = YES;
				CLANG_ENABLE_OBJC_WEAK = YES;
				CLANG_WARN_BLOCK_CAPTURE_AUTORELEASING = YES;
				CLANG_WARN_BOOL_CONVERSION = YES;
				CLANG_WARN_COMMA = YES;
				CLANG_WARN_CONSTANT_CONVERSION = YES;
				CLANG_WARN_DEPRECATED_OBJC_IMPLEMENTATIONS = YES;
				CLANG_WARN_DIRECT_OBJC_ISA_USAGE = YES_ERROR;
				CLANG_WARN_DOCUMENTATION_COMMENTS = YES;
				CLANG_WARN_EMPTY_BODY = YES;
				CLANG_WARN_ENUM_CONVERSION = YES;
				CLANG_WARN_INFINITE_RECURSION = YES;
				CLANG_WARN_INT_CONVERSION = YES;
				CLANG_WARN_NON_LITERAL_NULL_CONVERSION = YES;
				CLANG_WARN_OBJC_IMPLICIT_RETAIN_SELF = YES;
				CLANG_WARN_OBJC_LITERAL_CONVERSION = YES;
				CLANG_WARN_OBJC_ROOT_CLASS = YES_ERROR;
				CLANG_WARN_QUOTED_INCLUDE_IN_FRAMEWORK_HEADER = YES;
				CLANG_WARN_RANGE_LOOP_ANALYSIS = YES;
				CLANG_WARN_STRICT_PROTOTYPES = YES;
				CLANG_WARN_SUSPICIOUS_MOVE = YES;
				CLANG_WARN_UNGUARDED_AVAILABILITY = YES_AGGRESSIVE;
				CLANG_WARN_UNREACHABLE_CODE = YES;
				CLANG_WARN__DUPLICATE_METHOD_MATCH = YES;
				COPY_PHASE_STRIP = NO;
				DEBUG_INFORMATION_FORMAT = dwarf;
				ENABLE_STRICT_OBJC_MSGSEND = YES;
				ENABLE_TESTABILITY = YES;
				GCC_C_LANGUAGE_STANDARD = gnu11;
				GCC_DYNAMIC_NO_PIC = NO;
				GCC_NO_COMMON_BLOCKS = YES;
				GCC_OPTIMIZATION_LEVEL = 0;
				GCC_PREPROCESSOR_DEFINITIONS = (
					"DEBUG=1",
					"$(inherited)",
				);
				GCC_WARN_64_TO_32_BIT_CONVERSION = YES;
				GCC_WARN_ABOUT_RETURN_TYPE = YES_ERROR;
				GCC_WARN_UNDECLARED_SELECTOR = YES;
				GCC_WARN_UNINITIALIZED_AUTOS = YES_AGGRESSIVE;
				GCC_WARN_UNUSED_FUNCTION = YES;
				GCC_WARN_UNUSED_VARIABLE = YES;
				IPHONEOS_DEPLOYMENT_TARGET = 15.2;
				MTL_ENABLE_DEBUG_INFO = INCLUDE_SOURCE;
				MTL_FAST_MATH = YES;
				ONLY_ACTIVE_ARCH = YES;
				SDKROOT = iphoneos;
				SWIFT_ACTIVE_COMPILATION_CONDITIONS = DEBUG;
				SWIFT_OPTIMIZATION_LEVEL = "-Onone";
			};
			name = Debug;
		};
		DD9CDE7328C9D39C00FA33A6 /* Release */ = {
			isa = XCBuildConfiguration;
			buildSettings = {
				ALWAYS_SEARCH_USER_PATHS = NO;
				CLANG_ANALYZER_NONNULL = YES;
				CLANG_ANALYZER_NUMBER_OBJECT_CONVERSION = YES_AGGRESSIVE;
				CLANG_CXX_LANGUAGE_STANDARD = "gnu++17";
				CLANG_CXX_LIBRARY = "libc++";
				CLANG_ENABLE_MODULES = YES;
				CLANG_ENABLE_OBJC_ARC = YES;
				CLANG_ENABLE_OBJC_WEAK = YES;
				CLANG_WARN_BLOCK_CAPTURE_AUTORELEASING = YES;
				CLANG_WARN_BOOL_CONVERSION = YES;
				CLANG_WARN_COMMA = YES;
				CLANG_WARN_CONSTANT_CONVERSION = YES;
				CLANG_WARN_DEPRECATED_OBJC_IMPLEMENTATIONS = YES;
				CLANG_WARN_DIRECT_OBJC_ISA_USAGE = YES_ERROR;
				CLANG_WARN_DOCUMENTATION_COMMENTS = YES;
				CLANG_WARN_EMPTY_BODY = YES;
				CLANG_WARN_ENUM_CONVERSION = YES;
				CLANG_WARN_INFINITE_RECURSION = YES;
				CLANG_WARN_INT_CONVERSION = YES;
				CLANG_WARN_NON_LITERAL_NULL_CONVERSION = YES;
				CLANG_WARN_OBJC_IMPLICIT_RETAIN_SELF = YES;
				CLANG_WARN_OBJC_LITERAL_CONVERSION = YES;
				CLANG_WARN_OBJC_ROOT_CLASS = YES_ERROR;
				CLANG_WARN_QUOTED_INCLUDE_IN_FRAMEWORK_HEADER = YES;
				CLANG_WARN_RANGE_LOOP_ANALYSIS = YES;
				CLANG_WARN_STRICT_PROTOTYPES = YES;
				CLANG_WARN_SUSPICIOUS_MOVE = YES;
				CLANG_WARN_UNGUARDED_AVAILABILITY = YES_AGGRESSIVE;
				CLANG_WARN_UNREACHABLE_CODE = YES;
				CLANG_WARN__DUPLICATE_METHOD_MATCH = YES;
				COPY_PHASE_STRIP = NO;
				DEBUG_INFORMATION_FORMAT = "dwarf-with-dsym";
				ENABLE_NS_ASSERTIONS = NO;
				ENABLE_STRICT_OBJC_MSGSEND = YES;
				GCC_C_LANGUAGE_STANDARD = gnu11;
				GCC_NO_COMMON_BLOCKS = YES;
				GCC_WARN_64_TO_32_BIT_CONVERSION = YES;
				GCC_WARN_ABOUT_RETURN_TYPE = YES_ERROR;
				GCC_WARN_UNDECLARED_SELECTOR = YES;
				GCC_WARN_UNINITIALIZED_AUTOS = YES_AGGRESSIVE;
				GCC_WARN_UNUSED_FUNCTION = YES;
				GCC_WARN_UNUSED_VARIABLE = YES;
				IPHONEOS_DEPLOYMENT_TARGET = 15.2;
				MTL_ENABLE_DEBUG_INFO = NO;
				MTL_FAST_MATH = YES;
				SDKROOT = iphoneos;
				SWIFT_COMPILATION_MODE = wholemodule;
				SWIFT_OPTIMIZATION_LEVEL = "-O";
				VALIDATE_PRODUCT = YES;
			};
			name = Release;
		};
		DD9CDE7528C9D39C00FA33A6 /* Debug */ = {
			isa = XCBuildConfiguration;
			baseConfigurationReference = 28371E2BD79AF97C9E9C8B83 /* Pods-WeatherJunSecond.debug.xcconfig */;
			buildSettings = {
				ASSETCATALOG_COMPILER_APPICON_NAME = AppIcon;
				ASSETCATALOG_COMPILER_GLOBAL_ACCENT_COLOR_NAME = AccentColor;
				CODE_SIGN_STYLE = Automatic;
				CURRENT_PROJECT_VERSION = 1;
				DEVELOPMENT_TEAM = 7YW3V66545;
				GENERATE_INFOPLIST_FILE = YES;
				INFOPLIST_FILE = WeatherJunSecond/SupportingFiles/Info.plist;
				INFOPLIST_KEY_UIApplicationSupportsIndirectInputEvents = YES;
				INFOPLIST_KEY_UILaunchStoryboardName = LaunchScreen;
				INFOPLIST_KEY_UIMainStoryboardFile = Main;
				INFOPLIST_KEY_UISupportedInterfaceOrientations_iPad = "UIInterfaceOrientationPortrait UIInterfaceOrientationPortraitUpsideDown UIInterfaceOrientationLandscapeLeft UIInterfaceOrientationLandscapeRight";
				INFOPLIST_KEY_UISupportedInterfaceOrientations_iPhone = "UIInterfaceOrientationPortrait UIInterfaceOrientationLandscapeLeft UIInterfaceOrientationLandscapeRight";
				LD_RUNPATH_SEARCH_PATHS = (
					"$(inherited)",
					"@executable_path/Frameworks",
				);
				MARKETING_VERSION = 1.0;
				PRODUCT_BUNDLE_IDENTIFIER = HieroniusTeam.WeatherJunSecond;
				PRODUCT_NAME = "$(TARGET_NAME)";
				SWIFT_EMIT_LOC_STRINGS = YES;
				SWIFT_VERSION = 5.0;
				TARGETED_DEVICE_FAMILY = "1,2";
			};
			name = Debug;
		};
		DD9CDE7628C9D39C00FA33A6 /* Release */ = {
			isa = XCBuildConfiguration;
			baseConfigurationReference = 1ED4038A2D23CCADE90679F1 /* Pods-WeatherJunSecond.release.xcconfig */;
			buildSettings = {
				ASSETCATALOG_COMPILER_APPICON_NAME = AppIcon;
				ASSETCATALOG_COMPILER_GLOBAL_ACCENT_COLOR_NAME = AccentColor;
				CODE_SIGN_STYLE = Automatic;
				CURRENT_PROJECT_VERSION = 1;
				DEVELOPMENT_TEAM = 7YW3V66545;
				GENERATE_INFOPLIST_FILE = YES;
				INFOPLIST_FILE = WeatherJunSecond/SupportingFiles/Info.plist;
				INFOPLIST_KEY_UIApplicationSupportsIndirectInputEvents = YES;
				INFOPLIST_KEY_UILaunchStoryboardName = LaunchScreen;
				INFOPLIST_KEY_UIMainStoryboardFile = Main;
				INFOPLIST_KEY_UISupportedInterfaceOrientations_iPad = "UIInterfaceOrientationPortrait UIInterfaceOrientationPortraitUpsideDown UIInterfaceOrientationLandscapeLeft UIInterfaceOrientationLandscapeRight";
				INFOPLIST_KEY_UISupportedInterfaceOrientations_iPhone = "UIInterfaceOrientationPortrait UIInterfaceOrientationLandscapeLeft UIInterfaceOrientationLandscapeRight";
				LD_RUNPATH_SEARCH_PATHS = (
					"$(inherited)",
					"@executable_path/Frameworks",
				);
				MARKETING_VERSION = 1.0;
				PRODUCT_BUNDLE_IDENTIFIER = HieroniusTeam.WeatherJunSecond;
				PRODUCT_NAME = "$(TARGET_NAME)";
				SWIFT_EMIT_LOC_STRINGS = YES;
				SWIFT_VERSION = 5.0;
				TARGETED_DEVICE_FAMILY = "1,2";
			};
			name = Release;
		};
/* End XCBuildConfiguration section */

/* Begin XCConfigurationList section */
		DD9CDE5B28C9D39800FA33A6 /* Build configuration list for PBXProject "WeatherJunSecond" */ = {
			isa = XCConfigurationList;
			buildConfigurations = (
				DD9CDE7228C9D39C00FA33A6 /* Debug */,
				DD9CDE7328C9D39C00FA33A6 /* Release */,
			);
			defaultConfigurationIsVisible = 0;
			defaultConfigurationName = Release;
		};
		DD9CDE7428C9D39C00FA33A6 /* Build configuration list for PBXNativeTarget "WeatherJunSecond" */ = {
			isa = XCConfigurationList;
			buildConfigurations = (
				DD9CDE7528C9D39C00FA33A6 /* Debug */,
				DD9CDE7628C9D39C00FA33A6 /* Release */,
			);
			defaultConfigurationIsVisible = 0;
			defaultConfigurationName = Release;
		};
/* End XCConfigurationList section */
	};
	rootObject = DD9CDE5828C9D39800FA33A6 /* Project object */;
}
