// !$*UTF8*$!
{
	archiveVersion = 1;
	classes = {
	};
	objectVersion = 55;
	objects = {

/* Begin PBXBuildFile section */
		DD4B3BB528D365E0002E89AC /* ImageViewerModuleBuilder.swift in Sources */ = {isa = PBXBuildFile; fileRef = DD4B3BB028D365E0002E89AC /* ImageViewerModuleBuilder.swift */; };
		DD4B3BB628D365E0002E89AC /* ImageViewerPresenter.swift in Sources */ = {isa = PBXBuildFile; fileRef = DD4B3BB128D365E0002E89AC /* ImageViewerPresenter.swift */; };
		DD4B3BB728D365E0002E89AC /* ImageViewerRouter.swift in Sources */ = {isa = PBXBuildFile; fileRef = DD4B3BB228D365E0002E89AC /* ImageViewerRouter.swift */; };
		DD4B3BB828D365E0002E89AC /* ImageViewerViewController.swift in Sources */ = {isa = PBXBuildFile; fileRef = DD4B3BB328D365E0002E89AC /* ImageViewerViewController.swift */; };
		DD4B3BB928D365E0002E89AC /* ImageViewerInteractor.swift in Sources */ = {isa = PBXBuildFile; fileRef = DD4B3BB428D365E0002E89AC /* ImageViewerInteractor.swift */; };
		DD4B3BBB28D366E4002E89AC /* ImageViewer.storyboard in Resources */ = {isa = PBXBuildFile; fileRef = DD4B3BBA28D366E4002E89AC /* ImageViewer.storyboard */; };
		DD4B3BFE28D6DFD6002E89AC /* WindSpeedViewController.swift in Sources */ = {isa = PBXBuildFile; fileRef = DD4B3BFD28D6DFD6002E89AC /* WindSpeedViewController.swift */; };
		DD4B3C0028D6DFEB002E89AC /* WindSpeedPresenter.swift in Sources */ = {isa = PBXBuildFile; fileRef = DD4B3BFF28D6DFEB002E89AC /* WindSpeedPresenter.swift */; };
		DD4B3C0228D6DFF8002E89AC /* WindSpeedInteractor.swift in Sources */ = {isa = PBXBuildFile; fileRef = DD4B3C0128D6DFF8002E89AC /* WindSpeedInteractor.swift */; };
		DD4B3C0428D6E008002E89AC /* WindSpeedRouter.swift in Sources */ = {isa = PBXBuildFile; fileRef = DD4B3C0328D6E008002E89AC /* WindSpeedRouter.swift */; };
		DD4B3C0628D6E021002E89AC /* WindSpeedModuleBuilder.swift in Sources */ = {isa = PBXBuildFile; fileRef = DD4B3C0528D6E021002E89AC /* WindSpeedModuleBuilder.swift */; };
		DD4B3C0828D6E02E002E89AC /* WindSpeed.storyboard in Resources */ = {isa = PBXBuildFile; fileRef = DD4B3C0728D6E02E002E89AC /* WindSpeed.storyboard */; };
		DD4B3C0A28D6E150002E89AC /* WindSpeedService.swift in Sources */ = {isa = PBXBuildFile; fileRef = DD4B3C0928D6E150002E89AC /* WindSpeedService.swift */; };
		DDDDFC4328D30CD100D64DA0 /* AppDelegate.swift in Sources */ = {isa = PBXBuildFile; fileRef = DDDDFC4228D30CD100D64DA0 /* AppDelegate.swift */; };
		DDDDFC4528D30CD100D64DA0 /* SceneDelegate.swift in Sources */ = {isa = PBXBuildFile; fileRef = DDDDFC4428D30CD100D64DA0 /* SceneDelegate.swift */; };
		DDDDFC4728D30CD100D64DA0 /* ViewController.swift in Sources */ = {isa = PBXBuildFile; fileRef = DDDDFC4628D30CD100D64DA0 /* ViewController.swift */; };
		DDDDFC4A28D30CD100D64DA0 /* Main.storyboard in Resources */ = {isa = PBXBuildFile; fileRef = DDDDFC4828D30CD100D64DA0 /* Main.storyboard */; };
		DDDDFC4C28D30CD500D64DA0 /* Assets.xcassets in Resources */ = {isa = PBXBuildFile; fileRef = DDDDFC4B28D30CD500D64DA0 /* Assets.xcassets */; };
		DDDDFC4F28D30CD500D64DA0 /* LaunchScreen.storyboard in Resources */ = {isa = PBXBuildFile; fileRef = DDDDFC4D28D30CD500D64DA0 /* LaunchScreen.storyboard */; };
		DDDDFC5A28D30E3900D64DA0 /* DateService.swift in Sources */ = {isa = PBXBuildFile; fileRef = DDDDFC5928D30E3900D64DA0 /* DateService.swift */; };
		DDDDFC5C28D30E4B00D64DA0 /* WeatherService.swift in Sources */ = {isa = PBXBuildFile; fileRef = DDDDFC5B28D30E4B00D64DA0 /* WeatherService.swift */; };
		DDDDFC6128D3114200D64DA0 /* WelcomePresenter.swift in Sources */ = {isa = PBXBuildFile; fileRef = DDDDFC6028D3114200D64DA0 /* WelcomePresenter.swift */; };
		DDDDFC6328D3121900D64DA0 /* WelcomeRouter.swift in Sources */ = {isa = PBXBuildFile; fileRef = DDDDFC6228D3121900D64DA0 /* WelcomeRouter.swift */; };
		DDDDFC6528D312BE00D64DA0 /* WelcomeInteractor.swift in Sources */ = {isa = PBXBuildFile; fileRef = DDDDFC6428D312BE00D64DA0 /* WelcomeInteractor.swift */; };
		DDDDFC6728D3132700D64DA0 /* WelcomeModuleBuilder.swift in Sources */ = {isa = PBXBuildFile; fileRef = DDDDFC6628D3132700D64DA0 /* WelcomeModuleBuilder.swift */; };
/* End PBXBuildFile section */

/* Begin PBXFileReference section */
		DD4B3BB028D365E0002E89AC /* ImageViewerModuleBuilder.swift */ = {isa = PBXFileReference; lastKnownFileType = sourcecode.swift; path = ImageViewerModuleBuilder.swift; sourceTree = "<group>"; };
		DD4B3BB128D365E0002E89AC /* ImageViewerPresenter.swift */ = {isa = PBXFileReference; lastKnownFileType = sourcecode.swift; path = ImageViewerPresenter.swift; sourceTree = "<group>"; };
		DD4B3BB228D365E0002E89AC /* ImageViewerRouter.swift */ = {isa = PBXFileReference; lastKnownFileType = sourcecode.swift; path = ImageViewerRouter.swift; sourceTree = "<group>"; };
		DD4B3BB328D365E0002E89AC /* ImageViewerViewController.swift */ = {isa = PBXFileReference; lastKnownFileType = sourcecode.swift; path = ImageViewerViewController.swift; sourceTree = "<group>"; };
		DD4B3BB428D365E0002E89AC /* ImageViewerInteractor.swift */ = {isa = PBXFileReference; lastKnownFileType = sourcecode.swift; path = ImageViewerInteractor.swift; sourceTree = "<group>"; };
		DD4B3BBA28D366E4002E89AC /* ImageViewer.storyboard */ = {isa = PBXFileReference; lastKnownFileType = file.storyboard; path = ImageViewer.storyboard; sourceTree = "<group>"; };
		DD4B3BFD28D6DFD6002E89AC /* WindSpeedViewController.swift */ = {isa = PBXFileReference; lastKnownFileType = sourcecode.swift; path = WindSpeedViewController.swift; sourceTree = "<group>"; };
		DD4B3BFF28D6DFEB002E89AC /* WindSpeedPresenter.swift */ = {isa = PBXFileReference; lastKnownFileType = sourcecode.swift; path = WindSpeedPresenter.swift; sourceTree = "<group>"; };
		DD4B3C0128D6DFF8002E89AC /* WindSpeedInteractor.swift */ = {isa = PBXFileReference; lastKnownFileType = sourcecode.swift; path = WindSpeedInteractor.swift; sourceTree = "<group>"; };
		DD4B3C0328D6E008002E89AC /* WindSpeedRouter.swift */ = {isa = PBXFileReference; lastKnownFileType = sourcecode.swift; path = WindSpeedRouter.swift; sourceTree = "<group>"; };
		DD4B3C0528D6E021002E89AC /* WindSpeedModuleBuilder.swift */ = {isa = PBXFileReference; lastKnownFileType = sourcecode.swift; path = WindSpeedModuleBuilder.swift; sourceTree = "<group>"; };
		DD4B3C0728D6E02E002E89AC /* WindSpeed.storyboard */ = {isa = PBXFileReference; lastKnownFileType = file.storyboard; path = WindSpeed.storyboard; sourceTree = "<group>"; };
		DD4B3C0928D6E150002E89AC /* WindSpeedService.swift */ = {isa = PBXFileReference; lastKnownFileType = sourcecode.swift; path = WindSpeedService.swift; sourceTree = "<group>"; };
		DDDDFC3F28D30CD100D64DA0 /* Project VIPER.app */ = {isa = PBXFileReference; explicitFileType = wrapper.application; includeInIndex = 0; path = "Project VIPER.app"; sourceTree = BUILT_PRODUCTS_DIR; };
		DDDDFC4228D30CD100D64DA0 /* AppDelegate.swift */ = {isa = PBXFileReference; lastKnownFileType = sourcecode.swift; path = AppDelegate.swift; sourceTree = "<group>"; };
		DDDDFC4428D30CD100D64DA0 /* SceneDelegate.swift */ = {isa = PBXFileReference; lastKnownFileType = sourcecode.swift; path = SceneDelegate.swift; sourceTree = "<group>"; };
		DDDDFC4628D30CD100D64DA0 /* ViewController.swift */ = {isa = PBXFileReference; lastKnownFileType = sourcecode.swift; path = ViewController.swift; sourceTree = "<group>"; };
		DDDDFC4928D30CD100D64DA0 /* Base */ = {isa = PBXFileReference; lastKnownFileType = file.storyboard; name = Base; path = Base.lproj/Main.storyboard; sourceTree = "<group>"; };
		DDDDFC4B28D30CD500D64DA0 /* Assets.xcassets */ = {isa = PBXFileReference; lastKnownFileType = folder.assetcatalog; path = Assets.xcassets; sourceTree = "<group>"; };
		DDDDFC4E28D30CD500D64DA0 /* Base */ = {isa = PBXFileReference; lastKnownFileType = file.storyboard; name = Base; path = Base.lproj/LaunchScreen.storyboard; sourceTree = "<group>"; };
		DDDDFC5028D30CD500D64DA0 /* Info.plist */ = {isa = PBXFileReference; lastKnownFileType = text.plist.xml; path = Info.plist; sourceTree = "<group>"; };
		DDDDFC5928D30E3900D64DA0 /* DateService.swift */ = {isa = PBXFileReference; lastKnownFileType = sourcecode.swift; path = DateService.swift; sourceTree = "<group>"; };
		DDDDFC5B28D30E4B00D64DA0 /* WeatherService.swift */ = {isa = PBXFileReference; lastKnownFileType = sourcecode.swift; path = WeatherService.swift; sourceTree = "<group>"; };
		DDDDFC6028D3114200D64DA0 /* WelcomePresenter.swift */ = {isa = PBXFileReference; lastKnownFileType = sourcecode.swift; path = WelcomePresenter.swift; sourceTree = "<group>"; };
		DDDDFC6228D3121900D64DA0 /* WelcomeRouter.swift */ = {isa = PBXFileReference; lastKnownFileType = sourcecode.swift; path = WelcomeRouter.swift; sourceTree = "<group>"; };
		DDDDFC6428D312BE00D64DA0 /* WelcomeInteractor.swift */ = {isa = PBXFileReference; lastKnownFileType = sourcecode.swift; path = WelcomeInteractor.swift; sourceTree = "<group>"; };
		DDDDFC6628D3132700D64DA0 /* WelcomeModuleBuilder.swift */ = {isa = PBXFileReference; lastKnownFileType = sourcecode.swift; path = WelcomeModuleBuilder.swift; sourceTree = "<group>"; };
/* End PBXFileReference section */

/* Begin PBXFrameworksBuildPhase section */
		DDDDFC3C28D30CD100D64DA0 /* Frameworks */ = {
			isa = PBXFrameworksBuildPhase;
			buildActionMask = 2147483647;
			files = (
			);
			runOnlyForDeploymentPostprocessing = 0;
		};
/* End PBXFrameworksBuildPhase section */

/* Begin PBXGroup section */
		DD4B3BFC28D6DFAF002E89AC /* WindSpeed */ = {
			isa = PBXGroup;
			children = (
				DD4B3C0728D6E02E002E89AC /* WindSpeed.storyboard */,
				DD4B3BFD28D6DFD6002E89AC /* WindSpeedViewController.swift */,
				DD4B3BFF28D6DFEB002E89AC /* WindSpeedPresenter.swift */,
				DD4B3C0128D6DFF8002E89AC /* WindSpeedInteractor.swift */,
				DD4B3C0328D6E008002E89AC /* WindSpeedRouter.swift */,
				DD4B3C0528D6E021002E89AC /* WindSpeedModuleBuilder.swift */,
			);
			path = WindSpeed;
			sourceTree = "<group>";
		};
		DDDDFC3628D30CD100D64DA0 = {
			isa = PBXGroup;
			children = (
				DDDDFC4128D30CD100D64DA0 /* Project VIPER */,
				DDDDFC4028D30CD100D64DA0 /* Products */,
			);
			sourceTree = "<group>";
		};
		DDDDFC4028D30CD100D64DA0 /* Products */ = {
			isa = PBXGroup;
			children = (
				DDDDFC3F28D30CD100D64DA0 /* Project VIPER.app */,
			);
			name = Products;
			sourceTree = "<group>";
		};
		DDDDFC4128D30CD100D64DA0 /* Project VIPER */ = {
			isa = PBXGroup;
			children = (
				DD4B3BFC28D6DFAF002E89AC /* WindSpeed */,
				DDDDFC6828D3600100D64DA0 /* ImageViewer */,
				DDDDFC5D28D3107500D64DA0 /* Welcome */,
				DDDDFC5828D30E2700D64DA0 /* API */,
				DDDDFC5628D30CFC00D64DA0 /* Application */,
				DDDDFC5728D30D1700D64DA0 /* Resources */,
			);
			path = "Project VIPER";
			sourceTree = "<group>";
		};
		DDDDFC5628D30CFC00D64DA0 /* Application */ = {
			isa = PBXGroup;
			children = (
				DDDDFC4228D30CD100D64DA0 /* AppDelegate.swift */,
				DDDDFC4428D30CD100D64DA0 /* SceneDelegate.swift */,
			);
			path = Application;
			sourceTree = "<group>";
		};
		DDDDFC5728D30D1700D64DA0 /* Resources */ = {
			isa = PBXGroup;
			children = (
				DDDDFC4B28D30CD500D64DA0 /* Assets.xcassets */,
				DDDDFC5028D30CD500D64DA0 /* Info.plist */,
				DDDDFC4D28D30CD500D64DA0 /* LaunchScreen.storyboard */,
			);
			path = Resources;
			sourceTree = "<group>";
		};
		DDDDFC5828D30E2700D64DA0 /* API */ = {
			isa = PBXGroup;
			children = (
				DDDDFC5928D30E3900D64DA0 /* DateService.swift */,
				DDDDFC5B28D30E4B00D64DA0 /* WeatherService.swift */,
				DD4B3C0928D6E150002E89AC /* WindSpeedService.swift */,
			);
			path = API;
			sourceTree = "<group>";
		};
		DDDDFC5D28D3107500D64DA0 /* Welcome */ = {
			isa = PBXGroup;
			children = (
				DDDDFC4828D30CD100D64DA0 /* Main.storyboard */,
				DDDDFC4628D30CD100D64DA0 /* ViewController.swift */,
				DDDDFC6028D3114200D64DA0 /* WelcomePresenter.swift */,
				DDDDFC6428D312BE00D64DA0 /* WelcomeInteractor.swift */,
				DDDDFC6228D3121900D64DA0 /* WelcomeRouter.swift */,
				DDDDFC6628D3132700D64DA0 /* WelcomeModuleBuilder.swift */,
			);
			path = Welcome;
			sourceTree = "<group>";
		};
		DDDDFC6828D3600100D64DA0 /* ImageViewer */ = {
			isa = PBXGroup;
			children = (
				DD4B3BBA28D366E4002E89AC /* ImageViewer.storyboard */,
				DD4B3BB328D365E0002E89AC /* ImageViewerViewController.swift */,
				DD4B3BB128D365E0002E89AC /* ImageViewerPresenter.swift */,
				DD4B3BB428D365E0002E89AC /* ImageViewerInteractor.swift */,
				DD4B3BB228D365E0002E89AC /* ImageViewerRouter.swift */,
				DD4B3BB028D365E0002E89AC /* ImageViewerModuleBuilder.swift */,
			);
			path = ImageViewer;
			sourceTree = "<group>";
		};
/* End PBXGroup section */

/* Begin PBXNativeTarget section */
		DDDDFC3E28D30CD100D64DA0 /* Project VIPER */ = {
			isa = PBXNativeTarget;
			buildConfigurationList = DDDDFC5328D30CD500D64DA0 /* Build configuration list for PBXNativeTarget "Project VIPER" */;
			buildPhases = (
				DDDDFC3B28D30CD100D64DA0 /* Sources */,
				DDDDFC3C28D30CD100D64DA0 /* Frameworks */,
				DDDDFC3D28D30CD100D64DA0 /* Resources */,
			);
			buildRules = (
			);
			dependencies = (
			);
			name = "Project VIPER";
			productName = "Project VIPER";
			productReference = DDDDFC3F28D30CD100D64DA0 /* Project VIPER.app */;
			productType = "com.apple.product-type.application";
		};
/* End PBXNativeTarget section */

/* Begin PBXProject section */
		DDDDFC3728D30CD100D64DA0 /* Project object */ = {
			isa = PBXProject;
			attributes = {
				BuildIndependentTargetsInParallel = 1;
				LastSwiftUpdateCheck = 1320;
				LastUpgradeCheck = 1320;
				TargetAttributes = {
					DDDDFC3E28D30CD100D64DA0 = {
						CreatedOnToolsVersion = 13.2.1;
					};
				};
			};
			buildConfigurationList = DDDDFC3A28D30CD100D64DA0 /* Build configuration list for PBXProject "Project VIPER" */;
			compatibilityVersion = "Xcode 13.0";
			developmentRegion = en;
			hasScannedForEncodings = 0;
			knownRegions = (
				en,
				Base,
			);
			mainGroup = DDDDFC3628D30CD100D64DA0;
			productRefGroup = DDDDFC4028D30CD100D64DA0 /* Products */;
			projectDirPath = "";
			projectRoot = "";
			targets = (
				DDDDFC3E28D30CD100D64DA0 /* Project VIPER */,
			);
		};
/* End PBXProject section */

/* Begin PBXResourcesBuildPhase section */
		DDDDFC3D28D30CD100D64DA0 /* Resources */ = {
			isa = PBXResourcesBuildPhase;
			buildActionMask = 2147483647;
			files = (
				DD4B3C0828D6E02E002E89AC /* WindSpeed.storyboard in Resources */,
				DDDDFC4F28D30CD500D64DA0 /* LaunchScreen.storyboard in Resources */,
				DD4B3BBB28D366E4002E89AC /* ImageViewer.storyboard in Resources */,
				DDDDFC4C28D30CD500D64DA0 /* Assets.xcassets in Resources */,
				DDDDFC4A28D30CD100D64DA0 /* Main.storyboard in Resources */,
			);
			runOnlyForDeploymentPostprocessing = 0;
		};
/* End PBXResourcesBuildPhase section */

/* Begin PBXSourcesBuildPhase section */
		DDDDFC3B28D30CD100D64DA0 /* Sources */ = {
			isa = PBXSourcesBuildPhase;
			buildActionMask = 2147483647;
			files = (
				DD4B3BB728D365E0002E89AC /* ImageViewerRouter.swift in Sources */,
				DDDDFC5C28D30E4B00D64DA0 /* WeatherService.swift in Sources */,
				DD4B3BB828D365E0002E89AC /* ImageViewerViewController.swift in Sources */,
				DDDDFC6528D312BE00D64DA0 /* WelcomeInteractor.swift in Sources */,
				DDDDFC6128D3114200D64DA0 /* WelcomePresenter.swift in Sources */,
				DD4B3BFE28D6DFD6002E89AC /* WindSpeedViewController.swift in Sources */,
				DD4B3BB628D365E0002E89AC /* ImageViewerPresenter.swift in Sources */,
				DDDDFC4728D30CD100D64DA0 /* ViewController.swift in Sources */,
				DDDDFC4328D30CD100D64DA0 /* AppDelegate.swift in Sources */,
				DD4B3C0A28D6E150002E89AC /* WindSpeedService.swift in Sources */,
				DDDDFC6728D3132700D64DA0 /* WelcomeModuleBuilder.swift in Sources */,
				DDDDFC6328D3121900D64DA0 /* WelcomeRouter.swift in Sources */,
				DDDDFC4528D30CD100D64DA0 /* SceneDelegate.swift in Sources */,
				DDDDFC5A28D30E3900D64DA0 /* DateService.swift in Sources */,
				DD4B3BB928D365E0002E89AC /* ImageViewerInteractor.swift in Sources */,
				DD4B3C0428D6E008002E89AC /* WindSpeedRouter.swift in Sources */,
				DD4B3C0628D6E021002E89AC /* WindSpeedModuleBuilder.swift in Sources */,
				DD4B3C0028D6DFEB002E89AC /* WindSpeedPresenter.swift in Sources */,
				DD4B3BB528D365E0002E89AC /* ImageViewerModuleBuilder.swift in Sources */,
				DD4B3C0228D6DFF8002E89AC /* WindSpeedInteractor.swift in Sources */,
			);
			runOnlyForDeploymentPostprocessing = 0;
		};
/* End PBXSourcesBuildPhase section */

/* Begin PBXVariantGroup section */
		DDDDFC4828D30CD100D64DA0 /* Main.storyboard */ = {
			isa = PBXVariantGroup;
			children = (
				DDDDFC4928D30CD100D64DA0 /* Base */,
			);
			name = Main.storyboard;
			sourceTree = "<group>";
		};
		DDDDFC4D28D30CD500D64DA0 /* LaunchScreen.storyboard */ = {
			isa = PBXVariantGroup;
			children = (
				DDDDFC4E28D30CD500D64DA0 /* Base */,
			);
			name = LaunchScreen.storyboard;
			sourceTree = "<group>";
		};
/* End PBXVariantGroup section */

/* Begin XCBuildConfiguration section */
		DDDDFC5128D30CD500D64DA0 /* Debug */ = {
			isa = XCBuildConfiguration;
			buildSettings = {
				ALWAYS_SEARCH_USER_PATHS = NO;
				CLANG_ANALYZER_NONNULL = YES;
				CLANG_ANALYZER_NUMBER_OBJECT_CONVERSION = YES_AGGRESSIVE;
				CLANG_CXX_LANGUAGE_STANDARD = "gnu++17";
				CLANG_CXX_LIBRARY = "libc++";
				CLANG_ENABLE_MODULES = YES;
				CLANG_ENABLE_OBJC_ARC = YES;
				CLANG_ENABLE_OBJC_WEAK = YES;
				CLANG_WARN_BLOCK_CAPTURE_AUTORELEASING = YES;
				CLANG_WARN_BOOL_CONVERSION = YES;
				CLANG_WARN_COMMA = YES;
				CLANG_WARN_CONSTANT_CONVERSION = YES;
				CLANG_WARN_DEPRECATED_OBJC_IMPLEMENTATIONS = YES;
				CLANG_WARN_DIRECT_OBJC_ISA_USAGE = YES_ERROR;
				CLANG_WARN_DOCUMENTATION_COMMENTS = YES;
				CLANG_WARN_EMPTY_BODY = YES;
				CLANG_WARN_ENUM_CONVERSION = YES;
				CLANG_WARN_INFINITE_RECURSION = YES;
				CLANG_WARN_INT_CONVERSION = YES;
				CLANG_WARN_NON_LITERAL_NULL_CONVERSION = YES;
				CLANG_WARN_OBJC_IMPLICIT_RETAIN_SELF = YES;
				CLANG_WARN_OBJC_LITERAL_CONVERSION = YES;
				CLANG_WARN_OBJC_ROOT_CLASS = YES_ERROR;
				CLANG_WARN_QUOTED_INCLUDE_IN_FRAMEWORK_HEADER = YES;
				CLANG_WARN_RANGE_LOOP_ANALYSIS = YES;
				CLANG_WARN_STRICT_PROTOTYPES = YES;
				CLANG_WARN_SUSPICIOUS_MOVE = YES;
				CLANG_WARN_UNGUARDED_AVAILABILITY = YES_AGGRESSIVE;
				CLANG_WARN_UNREACHABLE_CODE = YES;
				CLANG_WARN__DUPLICATE_METHOD_MATCH = YES;
				COPY_PHASE_STRIP = NO;
				DEBUG_INFORMATION_FORMAT = dwarf;
				ENABLE_STRICT_OBJC_MSGSEND = YES;
				ENABLE_TESTABILITY = YES;
				GCC_C_LANGUAGE_STANDARD = gnu11;
				GCC_DYNAMIC_NO_PIC = NO;
				GCC_NO_COMMON_BLOCKS = YES;
				GCC_OPTIMIZATION_LEVEL = 0;
				GCC_PREPROCESSOR_DEFINITIONS = (
					"DEBUG=1",
					"$(inherited)",
				);
				GCC_WARN_64_TO_32_BIT_CONVERSION = YES;
				GCC_WARN_ABOUT_RETURN_TYPE = YES_ERROR;
				GCC_WARN_UNDECLARED_SELECTOR = YES;
				GCC_WARN_UNINITIALIZED_AUTOS = YES_AGGRESSIVE;
				GCC_WARN_UNUSED_FUNCTION = YES;
				GCC_WARN_UNUSED_VARIABLE = YES;
				IPHONEOS_DEPLOYMENT_TARGET = 15.2;
				MTL_ENABLE_DEBUG_INFO = INCLUDE_SOURCE;
				MTL_FAST_MATH = YES;
				ONLY_ACTIVE_ARCH = YES;
				SDKROOT = iphoneos;
				SWIFT_ACTIVE_COMPILATION_CONDITIONS = DEBUG;
				SWIFT_OPTIMIZATION_LEVEL = "-Onone";
			};
			name = Debug;
		};
		DDDDFC5228D30CD500D64DA0 /* Release */ = {
			isa = XCBuildConfiguration;
			buildSettings = {
				ALWAYS_SEARCH_USER_PATHS = NO;
				CLANG_ANALYZER_NONNULL = YES;
				CLANG_ANALYZER_NUMBER_OBJECT_CONVERSION = YES_AGGRESSIVE;
				CLANG_CXX_LANGUAGE_STANDARD = "gnu++17";
				CLANG_CXX_LIBRARY = "libc++";
				CLANG_ENABLE_MODULES = YES;
				CLANG_ENABLE_OBJC_ARC = YES;
				CLANG_ENABLE_OBJC_WEAK = YES;
				CLANG_WARN_BLOCK_CAPTURE_AUTORELEASING = YES;
				CLANG_WARN_BOOL_CONVERSION = YES;
				CLANG_WARN_COMMA = YES;
				CLANG_WARN_CONSTANT_CONVERSION = YES;
				CLANG_WARN_DEPRECATED_OBJC_IMPLEMENTATIONS = YES;
				CLANG_WARN_DIRECT_OBJC_ISA_USAGE = YES_ERROR;
				CLANG_WARN_DOCUMENTATION_COMMENTS = YES;
				CLANG_WARN_EMPTY_BODY = YES;
				CLANG_WARN_ENUM_CONVERSION = YES;
				CLANG_WARN_INFINITE_RECURSION = YES;
				CLANG_WARN_INT_CONVERSION = YES;
				CLANG_WARN_NON_LITERAL_NULL_CONVERSION = YES;
				CLANG_WARN_OBJC_IMPLICIT_RETAIN_SELF = YES;
				CLANG_WARN_OBJC_LITERAL_CONVERSION = YES;
				CLANG_WARN_OBJC_ROOT_CLASS = YES_ERROR;
				CLANG_WARN_QUOTED_INCLUDE_IN_FRAMEWORK_HEADER = YES;
				CLANG_WARN_RANGE_LOOP_ANALYSIS = YES;
				CLANG_WARN_STRICT_PROTOTYPES = YES;
				CLANG_WARN_SUSPICIOUS_MOVE = YES;
				CLANG_WARN_UNGUARDED_AVAILABILITY = YES_AGGRESSIVE;
				CLANG_WARN_UNREACHABLE_CODE = YES;
				CLANG_WARN__DUPLICATE_METHOD_MATCH = YES;
				COPY_PHASE_STRIP = NO;
				DEBUG_INFORMATION_FORMAT = "dwarf-with-dsym";
				ENABLE_NS_ASSERTIONS = NO;
				ENABLE_STRICT_OBJC_MSGSEND = YES;
				GCC_C_LANGUAGE_STANDARD = gnu11;
				GCC_NO_COMMON_BLOCKS = YES;
				GCC_WARN_64_TO_32_BIT_CONVERSION = YES;
				GCC_WARN_ABOUT_RETURN_TYPE = YES_ERROR;
				GCC_WARN_UNDECLARED_SELECTOR = YES;
				GCC_WARN_UNINITIALIZED_AUTOS = YES_AGGRESSIVE;
				GCC_WARN_UNUSED_FUNCTION = YES;
				GCC_WARN_UNUSED_VARIABLE = YES;
				IPHONEOS_DEPLOYMENT_TARGET = 15.2;
				MTL_ENABLE_DEBUG_INFO = NO;
				MTL_FAST_MATH = YES;
				SDKROOT = iphoneos;
				SWIFT_COMPILATION_MODE = wholemodule;
				SWIFT_OPTIMIZATION_LEVEL = "-O";
				VALIDATE_PRODUCT = YES;
			};
			name = Release;
		};
		DDDDFC5428D30CD500D64DA0 /* Debug */ = {
			isa = XCBuildConfiguration;
			buildSettings = {
				ASSETCATALOG_COMPILER_APPICON_NAME = AppIcon;
				ASSETCATALOG_COMPILER_GLOBAL_ACCENT_COLOR_NAME = AccentColor;
				CODE_SIGN_STYLE = Automatic;
				CURRENT_PROJECT_VERSION = 1;
				DEVELOPMENT_TEAM = 7YW3V66545;
				GENERATE_INFOPLIST_FILE = YES;
				INFOPLIST_FILE = "Project VIPER/Resources/info.plist";
				INFOPLIST_KEY_UIApplicationSupportsIndirectInputEvents = YES;
				INFOPLIST_KEY_UILaunchStoryboardName = LaunchScreen;
				INFOPLIST_KEY_UIMainStoryboardFile = Main;
				INFOPLIST_KEY_UISupportedInterfaceOrientations_iPad = "UIInterfaceOrientationPortrait UIInterfaceOrientationPortraitUpsideDown UIInterfaceOrientationLandscapeLeft UIInterfaceOrientationLandscapeRight";
				INFOPLIST_KEY_UISupportedInterfaceOrientations_iPhone = "UIInterfaceOrientationPortrait UIInterfaceOrientationLandscapeLeft UIInterfaceOrientationLandscapeRight";
				LD_RUNPATH_SEARCH_PATHS = (
					"$(inherited)",
					"@executable_path/Frameworks",
				);
				MARKETING_VERSION = 1.0;
				PRODUCT_BUNDLE_IDENTIFIER = "HieroniusTeam.Project-VIPER";
				PRODUCT_NAME = "$(TARGET_NAME)";
				SWIFT_EMIT_LOC_STRINGS = YES;
				SWIFT_VERSION = 5.0;
				TARGETED_DEVICE_FAMILY = "1,2";
			};
			name = Debug;
		};
		DDDDFC5528D30CD500D64DA0 /* Release */ = {
			isa = XCBuildConfiguration;
			buildSettings = {
				ASSETCATALOG_COMPILER_APPICON_NAME = AppIcon;
				ASSETCATALOG_COMPILER_GLOBAL_ACCENT_COLOR_NAME = AccentColor;
				CODE_SIGN_STYLE = Automatic;
				CURRENT_PROJECT_VERSION = 1;
				DEVELOPMENT_TEAM = 7YW3V66545;
				GENERATE_INFOPLIST_FILE = YES;
				INFOPLIST_FILE = "Project VIPER/Resources/info.plist";
				INFOPLIST_KEY_UIApplicationSupportsIndirectInputEvents = YES;
				INFOPLIST_KEY_UILaunchStoryboardName = LaunchScreen;
				INFOPLIST_KEY_UIMainStoryboardFile = Main;
				INFOPLIST_KEY_UISupportedInterfaceOrientations_iPad = "UIInterfaceOrientationPortrait UIInterfaceOrientationPortraitUpsideDown UIInterfaceOrientationLandscapeLeft UIInterfaceOrientationLandscapeRight";
				INFOPLIST_KEY_UISupportedInterfaceOrientations_iPhone = "UIInterfaceOrientationPortrait UIInterfaceOrientationLandscapeLeft UIInterfaceOrientationLandscapeRight";
				LD_RUNPATH_SEARCH_PATHS = (
					"$(inherited)",
					"@executable_path/Frameworks",
				);
				MARKETING_VERSION = 1.0;
				PRODUCT_BUNDLE_IDENTIFIER = "HieroniusTeam.Project-VIPER";
				PRODUCT_NAME = "$(TARGET_NAME)";
				SWIFT_EMIT_LOC_STRINGS = YES;
				SWIFT_VERSION = 5.0;
				TARGETED_DEVICE_FAMILY = "1,2";
			};
			name = Release;
		};
/* End XCBuildConfiguration section */

/* Begin XCConfigurationList section */
		DDDDFC3A28D30CD100D64DA0 /* Build configuration list for PBXProject "Project VIPER" */ = {
			isa = XCConfigurationList;
			buildConfigurations = (
				DDDDFC5128D30CD500D64DA0 /* Debug */,
				DDDDFC5228D30CD500D64DA0 /* Release */,
			);
			defaultConfigurationIsVisible = 0;
			defaultConfigurationName = Release;
		};
		DDDDFC5328D30CD500D64DA0 /* Build configuration list for PBXNativeTarget "Project VIPER" */ = {
			isa = XCConfigurationList;
			buildConfigurations = (
				DDDDFC5428D30CD500D64DA0 /* Debug */,
				DDDDFC5528D30CD500D64DA0 /* Release */,
			);
			defaultConfigurationIsVisible = 0;
			defaultConfigurationName = Release;
		};
/* End XCConfigurationList section */
	};
	rootObject = DDDDFC3728D30CD100D64DA0 /* Project object */;
}
