// !$*UTF8*$!
{
	archiveVersion = 1;
	classes = {
	};
	objectVersion = 55;
	objects = {

/* Begin PBXBuildFile section */
		DD4B3BC928D5EFE9002E89AC /* AppDelegate.swift in Sources */ = {isa = PBXBuildFile; fileRef = DD4B3BC828D5EFE9002E89AC /* AppDelegate.swift */; };
		DD4B3BCB28D5EFE9002E89AC /* SceneDelegate.swift in Sources */ = {isa = PBXBuildFile; fileRef = DD4B3BCA28D5EFE9002E89AC /* SceneDelegate.swift */; };
		DD4B3BCD28D5EFE9002E89AC /* ViewController.swift in Sources */ = {isa = PBXBuildFile; fileRef = DD4B3BCC28D5EFE9002E89AC /* ViewController.swift */; };
		DD4B3BD028D5EFE9002E89AC /* Main.storyboard in Resources */ = {isa = PBXBuildFile; fileRef = DD4B3BCE28D5EFE9002E89AC /* Main.storyboard */; };
		DD4B3BD228D5EFED002E89AC /* Assets.xcassets in Resources */ = {isa = PBXBuildFile; fileRef = DD4B3BD128D5EFED002E89AC /* Assets.xcassets */; };
		DD4B3BD528D5EFED002E89AC /* LaunchScreen.storyboard in Resources */ = {isa = PBXBuildFile; fileRef = DD4B3BD328D5EFED002E89AC /* LaunchScreen.storyboard */; };
		DD4B3BE528D5F1C3002E89AC /* AboutConfigurator.swift in Sources */ = {isa = PBXBuildFile; fileRef = DD4B3BE428D5F1C3002E89AC /* AboutConfigurator.swift */; };
		DD4B3BE728D5F1D4002E89AC /* AboutInteractor.swift in Sources */ = {isa = PBXBuildFile; fileRef = DD4B3BE628D5F1D4002E89AC /* AboutInteractor.swift */; };
		DD4B3BE928D5F1E0002E89AC /* AboutPresenter.swift in Sources */ = {isa = PBXBuildFile; fileRef = DD4B3BE828D5F1E0002E89AC /* AboutPresenter.swift */; };
		DD4B3BEB28D5F1F4002E89AC /* AboutProtocols.swift in Sources */ = {isa = PBXBuildFile; fileRef = DD4B3BEA28D5F1F4002E89AC /* AboutProtocols.swift */; };
		DD4B3BED28D5F201002E89AC /* AboutRouter.swift in Sources */ = {isa = PBXBuildFile; fileRef = DD4B3BEC28D5F201002E89AC /* AboutRouter.swift */; };
		DD4B3BEF28D5F213002E89AC /* AboutViewController.swift in Sources */ = {isa = PBXBuildFile; fileRef = DD4B3BEE28D5F213002E89AC /* AboutViewController.swift */; };
		DD4B3BF128D5F23E002E89AC /* MainConfigurator.swift in Sources */ = {isa = PBXBuildFile; fileRef = DD4B3BF028D5F23E002E89AC /* MainConfigurator.swift */; };
		DD4B3BF328D5F253002E89AC /* MainInterator.swift in Sources */ = {isa = PBXBuildFile; fileRef = DD4B3BF228D5F253002E89AC /* MainInterator.swift */; };
		DD4B3BF528D5F25F002E89AC /* MainPresenter.swift in Sources */ = {isa = PBXBuildFile; fileRef = DD4B3BF428D5F25F002E89AC /* MainPresenter.swift */; };
		DD4B3BF728D5F269002E89AC /* MainRouter.swift in Sources */ = {isa = PBXBuildFile; fileRef = DD4B3BF628D5F269002E89AC /* MainRouter.swift */; };
		DD4B3BF928D5F279002E89AC /* MainProtocols.swift in Sources */ = {isa = PBXBuildFile; fileRef = DD4B3BF828D5F279002E89AC /* MainProtocols.swift */; };
		DD4B3BFB28D5F287002E89AC /* MainViewController.swift in Sources */ = {isa = PBXBuildFile; fileRef = DD4B3BFA28D5F287002E89AC /* MainViewController.swift */; };
/* End PBXBuildFile section */

/* Begin PBXFileReference section */
		DD4B3BC528D5EFE9002E89AC /* CurrencyConverter Viper.app */ = {isa = PBXFileReference; explicitFileType = wrapper.application; includeInIndex = 0; path = "CurrencyConverter Viper.app"; sourceTree = BUILT_PRODUCTS_DIR; };
		DD4B3BC828D5EFE9002E89AC /* AppDelegate.swift */ = {isa = PBXFileReference; lastKnownFileType = sourcecode.swift; path = AppDelegate.swift; sourceTree = "<group>"; };
		DD4B3BCA28D5EFE9002E89AC /* SceneDelegate.swift */ = {isa = PBXFileReference; lastKnownFileType = sourcecode.swift; path = SceneDelegate.swift; sourceTree = "<group>"; };
		DD4B3BCC28D5EFE9002E89AC /* ViewController.swift */ = {isa = PBXFileReference; lastKnownFileType = sourcecode.swift; path = ViewController.swift; sourceTree = "<group>"; };
		DD4B3BCF28D5EFE9002E89AC /* Base */ = {isa = PBXFileReference; lastKnownFileType = file.storyboard; name = Base; path = Base.lproj/Main.storyboard; sourceTree = "<group>"; };
		DD4B3BD128D5EFED002E89AC /* Assets.xcassets */ = {isa = PBXFileReference; lastKnownFileType = folder.assetcatalog; path = Assets.xcassets; sourceTree = "<group>"; };
		DD4B3BD428D5EFED002E89AC /* Base */ = {isa = PBXFileReference; lastKnownFileType = file.storyboard; name = Base; path = Base.lproj/LaunchScreen.storyboard; sourceTree = "<group>"; };
		DD4B3BD628D5EFED002E89AC /* Info.plist */ = {isa = PBXFileReference; lastKnownFileType = text.plist.xml; path = Info.plist; sourceTree = "<group>"; };
		DD4B3BE428D5F1C3002E89AC /* AboutConfigurator.swift */ = {isa = PBXFileReference; lastKnownFileType = sourcecode.swift; path = AboutConfigurator.swift; sourceTree = "<group>"; };
		DD4B3BE628D5F1D4002E89AC /* AboutInteractor.swift */ = {isa = PBXFileReference; lastKnownFileType = sourcecode.swift; path = AboutInteractor.swift; sourceTree = "<group>"; };
		DD4B3BE828D5F1E0002E89AC /* AboutPresenter.swift */ = {isa = PBXFileReference; lastKnownFileType = sourcecode.swift; path = AboutPresenter.swift; sourceTree = "<group>"; };
		DD4B3BEA28D5F1F4002E89AC /* AboutProtocols.swift */ = {isa = PBXFileReference; lastKnownFileType = sourcecode.swift; path = AboutProtocols.swift; sourceTree = "<group>"; };
		DD4B3BEC28D5F201002E89AC /* AboutRouter.swift */ = {isa = PBXFileReference; lastKnownFileType = sourcecode.swift; path = AboutRouter.swift; sourceTree = "<group>"; };
		DD4B3BEE28D5F213002E89AC /* AboutViewController.swift */ = {isa = PBXFileReference; lastKnownFileType = sourcecode.swift; path = AboutViewController.swift; sourceTree = "<group>"; };
		DD4B3BF028D5F23E002E89AC /* MainConfigurator.swift */ = {isa = PBXFileReference; lastKnownFileType = sourcecode.swift; path = MainConfigurator.swift; sourceTree = "<group>"; };
		DD4B3BF228D5F253002E89AC /* MainInterator.swift */ = {isa = PBXFileReference; lastKnownFileType = sourcecode.swift; path = MainInterator.swift; sourceTree = "<group>"; };
		DD4B3BF428D5F25F002E89AC /* MainPresenter.swift */ = {isa = PBXFileReference; lastKnownFileType = sourcecode.swift; path = MainPresenter.swift; sourceTree = "<group>"; };
		DD4B3BF628D5F269002E89AC /* MainRouter.swift */ = {isa = PBXFileReference; lastKnownFileType = sourcecode.swift; path = MainRouter.swift; sourceTree = "<group>"; };
		DD4B3BF828D5F279002E89AC /* MainProtocols.swift */ = {isa = PBXFileReference; lastKnownFileType = sourcecode.swift; path = MainProtocols.swift; sourceTree = "<group>"; };
		DD4B3BFA28D5F287002E89AC /* MainViewController.swift */ = {isa = PBXFileReference; lastKnownFileType = sourcecode.swift; path = MainViewController.swift; sourceTree = "<group>"; };
/* End PBXFileReference section */

/* Begin PBXFrameworksBuildPhase section */
		DD4B3BC228D5EFE9002E89AC /* Frameworks */ = {
			isa = PBXFrameworksBuildPhase;
			buildActionMask = 2147483647;
			files = (
			);
			runOnlyForDeploymentPostprocessing = 0;
		};
/* End PBXFrameworksBuildPhase section */

/* Begin PBXGroup section */
		DD4B3BBC28D5EFE9002E89AC = {
			isa = PBXGroup;
			children = (
				DD4B3BC728D5EFE9002E89AC /* CurrencyConverter Viper */,
				DD4B3BC628D5EFE9002E89AC /* Products */,
			);
			sourceTree = "<group>";
		};
		DD4B3BC628D5EFE9002E89AC /* Products */ = {
			isa = PBXGroup;
			children = (
				DD4B3BC528D5EFE9002E89AC /* CurrencyConverter Viper.app */,
			);
			name = Products;
			sourceTree = "<group>";
		};
		DD4B3BC728D5EFE9002E89AC /* CurrencyConverter Viper */ = {
			isa = PBXGroup;
			children = (
				DD4B3BE128D5F097002E89AC /* Views */,
				DD4B3BE028D5F08F002E89AC /* Storyboards */,
				DD4B3BDF28D5F07A002E89AC /* Services */,
				DD4B3BDE28D5F072002E89AC /* Modules */,
				DD4B3BDD28D5F068002E89AC /* Extensions */,
				DD4B3BDC28D5F04E002E89AC /* Entities */,
				DD4B3BC828D5EFE9002E89AC /* AppDelegate.swift */,
				DD4B3BCA28D5EFE9002E89AC /* SceneDelegate.swift */,
				DD4B3BCC28D5EFE9002E89AC /* ViewController.swift */,
				DD4B3BD128D5EFED002E89AC /* Assets.xcassets */,
				DD4B3BD628D5EFED002E89AC /* Info.plist */,
			);
			path = "CurrencyConverter Viper";
			sourceTree = "<group>";
		};
		DD4B3BDC28D5F04E002E89AC /* Entities */ = {
			isa = PBXGroup;
			children = (
			);
			path = Entities;
			sourceTree = "<group>";
		};
		DD4B3BDD28D5F068002E89AC /* Extensions */ = {
			isa = PBXGroup;
			children = (
			);
			path = Extensions;
			sourceTree = "<group>";
		};
		DD4B3BDE28D5F072002E89AC /* Modules */ = {
			isa = PBXGroup;
			children = (
				DD4B3BE228D5F11F002E89AC /* About */,
				DD4B3BE328D5F123002E89AC /* Main */,
			);
			path = Modules;
			sourceTree = "<group>";
		};
		DD4B3BDF28D5F07A002E89AC /* Services */ = {
			isa = PBXGroup;
			children = (
			);
			path = Services;
			sourceTree = "<group>";
		};
		DD4B3BE028D5F08F002E89AC /* Storyboards */ = {
			isa = PBXGroup;
			children = (
				DD4B3BCE28D5EFE9002E89AC /* Main.storyboard */,
				DD4B3BD328D5EFED002E89AC /* LaunchScreen.storyboard */,
			);
			path = Storyboards;
			sourceTree = "<group>";
		};
		DD4B3BE128D5F097002E89AC /* Views */ = {
			isa = PBXGroup;
			children = (
			);
			path = Views;
			sourceTree = "<group>";
		};
		DD4B3BE228D5F11F002E89AC /* About */ = {
			isa = PBXGroup;
			children = (
				DD4B3BEE28D5F213002E89AC /* AboutViewController.swift */,
				DD4B3BE428D5F1C3002E89AC /* AboutConfigurator.swift */,
				DD4B3BE628D5F1D4002E89AC /* AboutInteractor.swift */,
				DD4B3BE828D5F1E0002E89AC /* AboutPresenter.swift */,
				DD4B3BEC28D5F201002E89AC /* AboutRouter.swift */,
				DD4B3BEA28D5F1F4002E89AC /* AboutProtocols.swift */,
			);
			path = About;
			sourceTree = "<group>";
		};
		DD4B3BE328D5F123002E89AC /* Main */ = {
			isa = PBXGroup;
			children = (
				DD4B3BF028D5F23E002E89AC /* MainConfigurator.swift */,
				DD4B3BF228D5F253002E89AC /* MainInterator.swift */,
				DD4B3BF428D5F25F002E89AC /* MainPresenter.swift */,
				DD4B3BF628D5F269002E89AC /* MainRouter.swift */,
				DD4B3BF828D5F279002E89AC /* MainProtocols.swift */,
				DD4B3BFA28D5F287002E89AC /* MainViewController.swift */,
			);
			path = Main;
			sourceTree = "<group>";
		};
/* End PBXGroup section */

/* Begin PBXNativeTarget section */
		DD4B3BC428D5EFE9002E89AC /* CurrencyConverter Viper */ = {
			isa = PBXNativeTarget;
			buildConfigurationList = DD4B3BD928D5EFED002E89AC /* Build configuration list for PBXNativeTarget "CurrencyConverter Viper" */;
			buildPhases = (
				DD4B3BC128D5EFE9002E89AC /* Sources */,
				DD4B3BC228D5EFE9002E89AC /* Frameworks */,
				DD4B3BC328D5EFE9002E89AC /* Resources */,
			);
			buildRules = (
			);
			dependencies = (
			);
			name = "CurrencyConverter Viper";
			productName = "CurrencyConverter Viper";
			productReference = DD4B3BC528D5EFE9002E89AC /* CurrencyConverter Viper.app */;
			productType = "com.apple.product-type.application";
		};
/* End PBXNativeTarget section */

/* Begin PBXProject section */
		DD4B3BBD28D5EFE9002E89AC /* Project object */ = {
			isa = PBXProject;
			attributes = {
				BuildIndependentTargetsInParallel = 1;
				LastSwiftUpdateCheck = 1320;
				LastUpgradeCheck = 1320;
				TargetAttributes = {
					DD4B3BC428D5EFE9002E89AC = {
						CreatedOnToolsVersion = 13.2.1;
					};
				};
			};
			buildConfigurationList = DD4B3BC028D5EFE9002E89AC /* Build configuration list for PBXProject "CurrencyConverter Viper" */;
			compatibilityVersion = "Xcode 13.0";
			developmentRegion = en;
			hasScannedForEncodings = 0;
			knownRegions = (
				en,
				Base,
			);
			mainGroup = DD4B3BBC28D5EFE9002E89AC;
			productRefGroup = DD4B3BC628D5EFE9002E89AC /* Products */;
			projectDirPath = "";
			projectRoot = "";
			targets = (
				DD4B3BC428D5EFE9002E89AC /* CurrencyConverter Viper */,
			);
		};
/* End PBXProject section */

/* Begin PBXResourcesBuildPhase section */
		DD4B3BC328D5EFE9002E89AC /* Resources */ = {
			isa = PBXResourcesBuildPhase;
			buildActionMask = 2147483647;
			files = (
				DD4B3BD528D5EFED002E89AC /* LaunchScreen.storyboard in Resources */,
				DD4B3BD228D5EFED002E89AC /* Assets.xcassets in Resources */,
				DD4B3BD028D5EFE9002E89AC /* Main.storyboard in Resources */,
			);
			runOnlyForDeploymentPostprocessing = 0;
		};
/* End PBXResourcesBuildPhase section */

/* Begin PBXSourcesBuildPhase section */
		DD4B3BC128D5EFE9002E89AC /* Sources */ = {
			isa = PBXSourcesBuildPhase;
			buildActionMask = 2147483647;
			files = (
				DD4B3BED28D5F201002E89AC /* AboutRouter.swift in Sources */,
				DD4B3BE928D5F1E0002E89AC /* AboutPresenter.swift in Sources */,
				DD4B3BF928D5F279002E89AC /* MainProtocols.swift in Sources */,
				DD4B3BE728D5F1D4002E89AC /* AboutInteractor.swift in Sources */,
				DD4B3BEF28D5F213002E89AC /* AboutViewController.swift in Sources */,
				DD4B3BF328D5F253002E89AC /* MainInterator.swift in Sources */,
				DD4B3BF728D5F269002E89AC /* MainRouter.swift in Sources */,
				DD4B3BE528D5F1C3002E89AC /* AboutConfigurator.swift in Sources */,
				DD4B3BEB28D5F1F4002E89AC /* AboutProtocols.swift in Sources */,
				DD4B3BFB28D5F287002E89AC /* MainViewController.swift in Sources */,
				DD4B3BF528D5F25F002E89AC /* MainPresenter.swift in Sources */,
				DD4B3BCD28D5EFE9002E89AC /* ViewController.swift in Sources */,
				DD4B3BC928D5EFE9002E89AC /* AppDelegate.swift in Sources */,
				DD4B3BCB28D5EFE9002E89AC /* SceneDelegate.swift in Sources */,
				DD4B3BF128D5F23E002E89AC /* MainConfigurator.swift in Sources */,
			);
			runOnlyForDeploymentPostprocessing = 0;
		};
/* End PBXSourcesBuildPhase section */

/* Begin PBXVariantGroup section */
		DD4B3BCE28D5EFE9002E89AC /* Main.storyboard */ = {
			isa = PBXVariantGroup;
			children = (
				DD4B3BCF28D5EFE9002E89AC /* Base */,
			);
			name = Main.storyboard;
			sourceTree = "<group>";
		};
		DD4B3BD328D5EFED002E89AC /* LaunchScreen.storyboard */ = {
			isa = PBXVariantGroup;
			children = (
				DD4B3BD428D5EFED002E89AC /* Base */,
			);
			name = LaunchScreen.storyboard;
			sourceTree = "<group>";
		};
/* End PBXVariantGroup section */

/* Begin XCBuildConfiguration section */
		DD4B3BD728D5EFED002E89AC /* Debug */ = {
			isa = XCBuildConfiguration;
			buildSettings = {
				ALWAYS_SEARCH_USER_PATHS = NO;
				CLANG_ANALYZER_NONNULL = YES;
				CLANG_ANALYZER_NUMBER_OBJECT_CONVERSION = YES_AGGRESSIVE;
				CLANG_CXX_LANGUAGE_STANDARD = "gnu++17";
				CLANG_CXX_LIBRARY = "libc++";
				CLANG_ENABLE_MODULES = YES;
				CLANG_ENABLE_OBJC_ARC = YES;
				CLANG_ENABLE_OBJC_WEAK = YES;
				CLANG_WARN_BLOCK_CAPTURE_AUTORELEASING = YES;
				CLANG_WARN_BOOL_CONVERSION = YES;
				CLANG_WARN_COMMA = YES;
				CLANG_WARN_CONSTANT_CONVERSION = YES;
				CLANG_WARN_DEPRECATED_OBJC_IMPLEMENTATIONS = YES;
				CLANG_WARN_DIRECT_OBJC_ISA_USAGE = YES_ERROR;
				CLANG_WARN_DOCUMENTATION_COMMENTS = YES;
				CLANG_WARN_EMPTY_BODY = YES;
				CLANG_WARN_ENUM_CONVERSION = YES;
				CLANG_WARN_INFINITE_RECURSION = YES;
				CLANG_WARN_INT_CONVERSION = YES;
				CLANG_WARN_NON_LITERAL_NULL_CONVERSION = YES;
				CLANG_WARN_OBJC_IMPLICIT_RETAIN_SELF = YES;
				CLANG_WARN_OBJC_LITERAL_CONVERSION = YES;
				CLANG_WARN_OBJC_ROOT_CLASS = YES_ERROR;
				CLANG_WARN_QUOTED_INCLUDE_IN_FRAMEWORK_HEADER = YES;
				CLANG_WARN_RANGE_LOOP_ANALYSIS = YES;
				CLANG_WARN_STRICT_PROTOTYPES = YES;
				CLANG_WARN_SUSPICIOUS_MOVE = YES;
				CLANG_WARN_UNGUARDED_AVAILABILITY = YES_AGGRESSIVE;
				CLANG_WARN_UNREACHABLE_CODE = YES;
				CLANG_WARN__DUPLICATE_METHOD_MATCH = YES;
				COPY_PHASE_STRIP = NO;
				DEBUG_INFORMATION_FORMAT = dwarf;
				ENABLE_STRICT_OBJC_MSGSEND = YES;
				ENABLE_TESTABILITY = YES;
				GCC_C_LANGUAGE_STANDARD = gnu11;
				GCC_DYNAMIC_NO_PIC = NO;
				GCC_NO_COMMON_BLOCKS = YES;
				GCC_OPTIMIZATION_LEVEL = 0;
				GCC_PREPROCESSOR_DEFINITIONS = (
					"DEBUG=1",
					"$(inherited)",
				);
				GCC_WARN_64_TO_32_BIT_CONVERSION = YES;
				GCC_WARN_ABOUT_RETURN_TYPE = YES_ERROR;
				GCC_WARN_UNDECLARED_SELECTOR = YES;
				GCC_WARN_UNINITIALIZED_AUTOS = YES_AGGRESSIVE;
				GCC_WARN_UNUSED_FUNCTION = YES;
				GCC_WARN_UNUSED_VARIABLE = YES;
				IPHONEOS_DEPLOYMENT_TARGET = 15.2;
				MTL_ENABLE_DEBUG_INFO = INCLUDE_SOURCE;
				MTL_FAST_MATH = YES;
				ONLY_ACTIVE_ARCH = YES;
				SDKROOT = iphoneos;
				SWIFT_ACTIVE_COMPILATION_CONDITIONS = DEBUG;
				SWIFT_OPTIMIZATION_LEVEL = "-Onone";
			};
			name = Debug;
		};
		DD4B3BD828D5EFED002E89AC /* Release */ = {
			isa = XCBuildConfiguration;
			buildSettings = {
				ALWAYS_SEARCH_USER_PATHS = NO;
				CLANG_ANALYZER_NONNULL = YES;
				CLANG_ANALYZER_NUMBER_OBJECT_CONVERSION = YES_AGGRESSIVE;
				CLANG_CXX_LANGUAGE_STANDARD = "gnu++17";
				CLANG_CXX_LIBRARY = "libc++";
				CLANG_ENABLE_MODULES = YES;
				CLANG_ENABLE_OBJC_ARC = YES;
				CLANG_ENABLE_OBJC_WEAK = YES;
				CLANG_WARN_BLOCK_CAPTURE_AUTORELEASING = YES;
				CLANG_WARN_BOOL_CONVERSION = YES;
				CLANG_WARN_COMMA = YES;
				CLANG_WARN_CONSTANT_CONVERSION = YES;
				CLANG_WARN_DEPRECATED_OBJC_IMPLEMENTATIONS = YES;
				CLANG_WARN_DIRECT_OBJC_ISA_USAGE = YES_ERROR;
				CLANG_WARN_DOCUMENTATION_COMMENTS = YES;
				CLANG_WARN_EMPTY_BODY = YES;
				CLANG_WARN_ENUM_CONVERSION = YES;
				CLANG_WARN_INFINITE_RECURSION = YES;
				CLANG_WARN_INT_CONVERSION = YES;
				CLANG_WARN_NON_LITERAL_NULL_CONVERSION = YES;
				CLANG_WARN_OBJC_IMPLICIT_RETAIN_SELF = YES;
				CLANG_WARN_OBJC_LITERAL_CONVERSION = YES;
				CLANG_WARN_OBJC_ROOT_CLASS = YES_ERROR;
				CLANG_WARN_QUOTED_INCLUDE_IN_FRAMEWORK_HEADER = YES;
				CLANG_WARN_RANGE_LOOP_ANALYSIS = YES;
				CLANG_WARN_STRICT_PROTOTYPES = YES;
				CLANG_WARN_SUSPICIOUS_MOVE = YES;
				CLANG_WARN_UNGUARDED_AVAILABILITY = YES_AGGRESSIVE;
				CLANG_WARN_UNREACHABLE_CODE = YES;
				CLANG_WARN__DUPLICATE_METHOD_MATCH = YES;
				COPY_PHASE_STRIP = NO;
				DEBUG_INFORMATION_FORMAT = "dwarf-with-dsym";
				ENABLE_NS_ASSERTIONS = NO;
				ENABLE_STRICT_OBJC_MSGSEND = YES;
				GCC_C_LANGUAGE_STANDARD = gnu11;
				GCC_NO_COMMON_BLOCKS = YES;
				GCC_WARN_64_TO_32_BIT_CONVERSION = YES;
				GCC_WARN_ABOUT_RETURN_TYPE = YES_ERROR;
				GCC_WARN_UNDECLARED_SELECTOR = YES;
				GCC_WARN_UNINITIALIZED_AUTOS = YES_AGGRESSIVE;
				GCC_WARN_UNUSED_FUNCTION = YES;
				GCC_WARN_UNUSED_VARIABLE = YES;
				IPHONEOS_DEPLOYMENT_TARGET = 15.2;
				MTL_ENABLE_DEBUG_INFO = NO;
				MTL_FAST_MATH = YES;
				SDKROOT = iphoneos;
				SWIFT_COMPILATION_MODE = wholemodule;
				SWIFT_OPTIMIZATION_LEVEL = "-O";
				VALIDATE_PRODUCT = YES;
			};
			name = Release;
		};
		DD4B3BDA28D5EFED002E89AC /* Debug */ = {
			isa = XCBuildConfiguration;
			buildSettings = {
				ASSETCATALOG_COMPILER_APPICON_NAME = AppIcon;
				ASSETCATALOG_COMPILER_GLOBAL_ACCENT_COLOR_NAME = AccentColor;
				CODE_SIGN_STYLE = Automatic;
				CURRENT_PROJECT_VERSION = 1;
				DEVELOPMENT_TEAM = 7YW3V66545;
				GENERATE_INFOPLIST_FILE = YES;
				INFOPLIST_FILE = "CurrencyConverter Viper/Info.plist";
				INFOPLIST_KEY_UIApplicationSupportsIndirectInputEvents = YES;
				INFOPLIST_KEY_UILaunchStoryboardName = LaunchScreen;
				INFOPLIST_KEY_UIMainStoryboardFile = Main;
				INFOPLIST_KEY_UISupportedInterfaceOrientations_iPad = "UIInterfaceOrientationPortrait UIInterfaceOrientationPortraitUpsideDown UIInterfaceOrientationLandscapeLeft UIInterfaceOrientationLandscapeRight";
				INFOPLIST_KEY_UISupportedInterfaceOrientations_iPhone = "UIInterfaceOrientationPortrait UIInterfaceOrientationLandscapeLeft UIInterfaceOrientationLandscapeRight";
				LD_RUNPATH_SEARCH_PATHS = (
					"$(inherited)",
					"@executable_path/Frameworks",
				);
				MARKETING_VERSION = 1.0;
				PRODUCT_BUNDLE_IDENTIFIER = "HieroniusTeam.CurrencyConverter-Viper";
				PRODUCT_NAME = "$(TARGET_NAME)";
				SWIFT_EMIT_LOC_STRINGS = YES;
				SWIFT_VERSION = 5.0;
				TARGETED_DEVICE_FAMILY = "1,2";
			};
			name = Debug;
		};
		DD4B3BDB28D5EFED002E89AC /* Release */ = {
			isa = XCBuildConfiguration;
			buildSettings = {
				ASSETCATALOG_COMPILER_APPICON_NAME = AppIcon;
				ASSETCATALOG_COMPILER_GLOBAL_ACCENT_COLOR_NAME = AccentColor;
				CODE_SIGN_STYLE = Automatic;
				CURRENT_PROJECT_VERSION = 1;
				DEVELOPMENT_TEAM = 7YW3V66545;
				GENERATE_INFOPLIST_FILE = YES;
				INFOPLIST_FILE = "CurrencyConverter Viper/Info.plist";
				INFOPLIST_KEY_UIApplicationSupportsIndirectInputEvents = YES;
				INFOPLIST_KEY_UILaunchStoryboardName = LaunchScreen;
				INFOPLIST_KEY_UIMainStoryboardFile = Main;
				INFOPLIST_KEY_UISupportedInterfaceOrientations_iPad = "UIInterfaceOrientationPortrait UIInterfaceOrientationPortraitUpsideDown UIInterfaceOrientationLandscapeLeft UIInterfaceOrientationLandscapeRight";
				INFOPLIST_KEY_UISupportedInterfaceOrientations_iPhone = "UIInterfaceOrientationPortrait UIInterfaceOrientationLandscapeLeft UIInterfaceOrientationLandscapeRight";
				LD_RUNPATH_SEARCH_PATHS = (
					"$(inherited)",
					"@executable_path/Frameworks",
				);
				MARKETING_VERSION = 1.0;
				PRODUCT_BUNDLE_IDENTIFIER = "HieroniusTeam.CurrencyConverter-Viper";
				PRODUCT_NAME = "$(TARGET_NAME)";
				SWIFT_EMIT_LOC_STRINGS = YES;
				SWIFT_VERSION = 5.0;
				TARGETED_DEVICE_FAMILY = "1,2";
			};
			name = Release;
		};
/* End XCBuildConfiguration section */

/* Begin XCConfigurationList section */
		DD4B3BC028D5EFE9002E89AC /* Build configuration list for PBXProject "CurrencyConverter Viper" */ = {
			isa = XCConfigurationList;
			buildConfigurations = (
				DD4B3BD728D5EFED002E89AC /* Debug */,
				DD4B3BD828D5EFED002E89AC /* Release */,
			);
			defaultConfigurationIsVisible = 0;
			defaultConfigurationName = Release;
		};
		DD4B3BD928D5EFED002E89AC /* Build configuration list for PBXNativeTarget "CurrencyConverter Viper" */ = {
			isa = XCConfigurationList;
			buildConfigurations = (
				DD4B3BDA28D5EFED002E89AC /* Debug */,
				DD4B3BDB28D5EFED002E89AC /* Release */,
			);
			defaultConfigurationIsVisible = 0;
			defaultConfigurationName = Release;
		};
/* End XCConfigurationList section */
	};
	rootObject = DD4B3BBD28D5EFE9002E89AC /* Project object */;
}
