// !$*UTF8*$!
{
	archiveVersion = 1;
	classes = {
	};
	objectVersion = 55;
	objects = {

/* Begin PBXBuildFile section */
		DD1EC222282DF3B300CBD13B /* TaskEditController.swift in Sources */ = {isa = PBXBuildFile; fileRef = DD1EC221282DF3B300CBD13B /* TaskEditController.swift */; };
		DD1EC224282E039100CBD13B /* TaskTypeController.swift in Sources */ = {isa = PBXBuildFile; fileRef = DD1EC223282E039100CBD13B /* TaskTypeController.swift */; };
		DD53E4252827634E0087CE68 /* AppDelegate.swift in Sources */ = {isa = PBXBuildFile; fileRef = DD53E4242827634E0087CE68 /* AppDelegate.swift */; };
		DD53E4272827634E0087CE68 /* SceneDelegate.swift in Sources */ = {isa = PBXBuildFile; fileRef = DD53E4262827634E0087CE68 /* SceneDelegate.swift */; };
		DD53E42C2827634E0087CE68 /* Main.storyboard in Resources */ = {isa = PBXBuildFile; fileRef = DD53E42A2827634E0087CE68 /* Main.storyboard */; };
		DD53E42E282763510087CE68 /* Assets.xcassets in Resources */ = {isa = PBXBuildFile; fileRef = DD53E42D282763510087CE68 /* Assets.xcassets */; };
		DD53E431282763510087CE68 /* LaunchScreen.storyboard in Resources */ = {isa = PBXBuildFile; fileRef = DD53E42F282763510087CE68 /* LaunchScreen.storyboard */; };
		DD53E439282765380087CE68 /* TaskListController.swift in Sources */ = {isa = PBXBuildFile; fileRef = DD53E438282765380087CE68 /* TaskListController.swift */; };
		DD5B15C82828AC4200145847 /* Task.swift in Sources */ = {isa = PBXBuildFile; fileRef = DD5B15C72828AC4200145847 /* Task.swift */; };
		DD5B15CA2828ADE800145847 /* TasksStorage.swift in Sources */ = {isa = PBXBuildFile; fileRef = DD5B15C92828ADE800145847 /* TasksStorage.swift */; };
		DD5B15CE2828C7B200145847 /* TaskCell.swift in Sources */ = {isa = PBXBuildFile; fileRef = DD5B15CD2828C7B200145847 /* TaskCell.swift */; };
/* End PBXBuildFile section */

/* Begin PBXFileReference section */
		DD1EC221282DF3B300CBD13B /* TaskEditController.swift */ = {isa = PBXFileReference; lastKnownFileType = sourcecode.swift; path = TaskEditController.swift; sourceTree = "<group>"; };
		DD1EC223282E039100CBD13B /* TaskTypeController.swift */ = {isa = PBXFileReference; lastKnownFileType = sourcecode.swift; path = TaskTypeController.swift; sourceTree = "<group>"; };
		DD53E4212827634E0087CE68 /* To-Do Manager.app */ = {isa = PBXFileReference; explicitFileType = wrapper.application; includeInIndex = 0; path = "To-Do Manager.app"; sourceTree = BUILT_PRODUCTS_DIR; };
		DD53E4242827634E0087CE68 /* AppDelegate.swift */ = {isa = PBXFileReference; lastKnownFileType = sourcecode.swift; path = AppDelegate.swift; sourceTree = "<group>"; };
		DD53E4262827634E0087CE68 /* SceneDelegate.swift */ = {isa = PBXFileReference; lastKnownFileType = sourcecode.swift; path = SceneDelegate.swift; sourceTree = "<group>"; };
		DD53E42B2827634E0087CE68 /* Base */ = {isa = PBXFileReference; lastKnownFileType = file.storyboard; name = Base; path = Base.lproj/Main.storyboard; sourceTree = "<group>"; };
		DD53E42D282763510087CE68 /* Assets.xcassets */ = {isa = PBXFileReference; lastKnownFileType = folder.assetcatalog; path = Assets.xcassets; sourceTree = "<group>"; };
		DD53E430282763510087CE68 /* Base */ = {isa = PBXFileReference; lastKnownFileType = file.storyboard; name = Base; path = Base.lproj/LaunchScreen.storyboard; sourceTree = "<group>"; };
		DD53E432282763510087CE68 /* Info.plist */ = {isa = PBXFileReference; lastKnownFileType = text.plist.xml; path = Info.plist; sourceTree = "<group>"; };
		DD53E438282765380087CE68 /* TaskListController.swift */ = {isa = PBXFileReference; lastKnownFileType = sourcecode.swift; path = TaskListController.swift; sourceTree = "<group>"; };
		DD5B15C72828AC4200145847 /* Task.swift */ = {isa = PBXFileReference; lastKnownFileType = sourcecode.swift; path = Task.swift; sourceTree = "<group>"; };
		DD5B15C92828ADE800145847 /* TasksStorage.swift */ = {isa = PBXFileReference; lastKnownFileType = sourcecode.swift; path = TasksStorage.swift; sourceTree = "<group>"; };
		DD5B15CD2828C7B200145847 /* TaskCell.swift */ = {isa = PBXFileReference; lastKnownFileType = sourcecode.swift; path = TaskCell.swift; sourceTree = "<group>"; };
/* End PBXFileReference section */

/* Begin PBXFrameworksBuildPhase section */
		DD53E41E2827634E0087CE68 /* Frameworks */ = {
			isa = PBXFrameworksBuildPhase;
			buildActionMask = 2147483647;
			files = (
			);
			runOnlyForDeploymentPostprocessing = 0;
		};
/* End PBXFrameworksBuildPhase section */

/* Begin PBXGroup section */
		DD53E4182827634E0087CE68 = {
			isa = PBXGroup;
			children = (
				DD53E4232827634E0087CE68 /* To-Do Manager */,
				DD53E4222827634E0087CE68 /* Products */,
			);
			sourceTree = "<group>";
		};
		DD53E4222827634E0087CE68 /* Products */ = {
			isa = PBXGroup;
			children = (
				DD53E4212827634E0087CE68 /* To-Do Manager.app */,
			);
			name = Products;
			sourceTree = "<group>";
		};
		DD53E4232827634E0087CE68 /* To-Do Manager */ = {
			isa = PBXGroup;
			children = (
				DD5B15CB2828C72400145847 /* View */,
				DD5B15C62828AC2D00145847 /* Model */,
				DD53E4242827634E0087CE68 /* AppDelegate.swift */,
				DD53E4262827634E0087CE68 /* SceneDelegate.swift */,
				DD53E438282765380087CE68 /* TaskListController.swift */,
				DD1EC221282DF3B300CBD13B /* TaskEditController.swift */,
				DD53E42A2827634E0087CE68 /* Main.storyboard */,
				DD53E42D282763510087CE68 /* Assets.xcassets */,
				DD53E42F282763510087CE68 /* LaunchScreen.storyboard */,
				DD53E432282763510087CE68 /* Info.plist */,
				DD1EC223282E039100CBD13B /* TaskTypeController.swift */,
			);
			path = "To-Do Manager";
			sourceTree = "<group>";
		};
		DD5B15C62828AC2D00145847 /* Model */ = {
			isa = PBXGroup;
			children = (
				DD5B15C72828AC4200145847 /* Task.swift */,
				DD5B15C92828ADE800145847 /* TasksStorage.swift */,
			);
			path = Model;
			sourceTree = "<group>";
		};
		DD5B15CB2828C72400145847 /* View */ = {
			isa = PBXGroup;
			children = (
				DD5B15CC2828C72F00145847 /* Cells */,
			);
			path = View;
			sourceTree = "<group>";
		};
		DD5B15CC2828C72F00145847 /* Cells */ = {
			isa = PBXGroup;
			children = (
				DD5B15CD2828C7B200145847 /* TaskCell.swift */,
			);
			path = Cells;
			sourceTree = "<group>";
		};
/* End PBXGroup section */

/* Begin PBXNativeTarget section */
		DD53E4202827634E0087CE68 /* To-Do Manager */ = {
			isa = PBXNativeTarget;
			buildConfigurationList = DD53E435282763510087CE68 /* Build configuration list for PBXNativeTarget "To-Do Manager" */;
			buildPhases = (
				DD53E41D2827634E0087CE68 /* Sources */,
				DD53E41E2827634E0087CE68 /* Frameworks */,
				DD53E41F2827634E0087CE68 /* Resources */,
			);
			buildRules = (
			);
			dependencies = (
			);
			name = "To-Do Manager";
			productName = "To-Do Manager";
			productReference = DD53E4212827634E0087CE68 /* To-Do Manager.app */;
			productType = "com.apple.product-type.application";
		};
/* End PBXNativeTarget section */

/* Begin PBXProject section */
		DD53E4192827634E0087CE68 /* Project object */ = {
			isa = PBXProject;
			attributes = {
				BuildIndependentTargetsInParallel = 1;
				LastSwiftUpdateCheck = 1320;
				LastUpgradeCheck = 1320;
				TargetAttributes = {
					DD53E4202827634E0087CE68 = {
						CreatedOnToolsVersion = 13.2.1;
					};
				};
			};
			buildConfigurationList = DD53E41C2827634E0087CE68 /* Build configuration list for PBXProject "To-Do Manager" */;
			compatibilityVersion = "Xcode 13.0";
			developmentRegion = en;
			hasScannedForEncodings = 0;
			knownRegions = (
				en,
				Base,
			);
			mainGroup = DD53E4182827634E0087CE68;
			productRefGroup = DD53E4222827634E0087CE68 /* Products */;
			projectDirPath = "";
			projectRoot = "";
			targets = (
				DD53E4202827634E0087CE68 /* To-Do Manager */,
			);
		};
/* End PBXProject section */

/* Begin PBXResourcesBuildPhase section */
		DD53E41F2827634E0087CE68 /* Resources */ = {
			isa = PBXResourcesBuildPhase;
			buildActionMask = 2147483647;
			files = (
				DD53E431282763510087CE68 /* LaunchScreen.storyboard in Resources */,
				DD53E42E282763510087CE68 /* Assets.xcassets in Resources */,
				DD53E42C2827634E0087CE68 /* Main.storyboard in Resources */,
			);
			runOnlyForDeploymentPostprocessing = 0;
		};
/* End PBXResourcesBuildPhase section */

/* Begin PBXSourcesBuildPhase section */
		DD53E41D2827634E0087CE68 /* Sources */ = {
			isa = PBXSourcesBuildPhase;
			buildActionMask = 2147483647;
			files = (
				DD5B15C82828AC4200145847 /* Task.swift in Sources */,
				DD53E4252827634E0087CE68 /* AppDelegate.swift in Sources */,
				DD5B15CA2828ADE800145847 /* TasksStorage.swift in Sources */,
				DD53E4272827634E0087CE68 /* SceneDelegate.swift in Sources */,
				DD1EC224282E039100CBD13B /* TaskTypeController.swift in Sources */,
				DD5B15CE2828C7B200145847 /* TaskCell.swift in Sources */,
				DD53E439282765380087CE68 /* TaskListController.swift in Sources */,
				DD1EC222282DF3B300CBD13B /* TaskEditController.swift in Sources */,
			);
			runOnlyForDeploymentPostprocessing = 0;
		};
/* End PBXSourcesBuildPhase section */

/* Begin PBXVariantGroup section */
		DD53E42A2827634E0087CE68 /* Main.storyboard */ = {
			isa = PBXVariantGroup;
			children = (
				DD53E42B2827634E0087CE68 /* Base */,
			);
			name = Main.storyboard;
			sourceTree = "<group>";
		};
		DD53E42F282763510087CE68 /* LaunchScreen.storyboard */ = {
			isa = PBXVariantGroup;
			children = (
				DD53E430282763510087CE68 /* Base */,
			);
			name = LaunchScreen.storyboard;
			sourceTree = "<group>";
		};
/* End PBXVariantGroup section */

/* Begin XCBuildConfiguration section */
		DD53E433282763510087CE68 /* Debug */ = {
			isa = XCBuildConfiguration;
			buildSettings = {
				ALWAYS_SEARCH_USER_PATHS = NO;
				CLANG_ANALYZER_NONNULL = YES;
				CLANG_ANALYZER_NUMBER_OBJECT_CONVERSION = YES_AGGRESSIVE;
				CLANG_CXX_LANGUAGE_STANDARD = "gnu++17";
				CLANG_CXX_LIBRARY = "libc++";
				CLANG_ENABLE_MODULES = YES;
				CLANG_ENABLE_OBJC_ARC = YES;
				CLANG_ENABLE_OBJC_WEAK = YES;
				CLANG_WARN_BLOCK_CAPTURE_AUTORELEASING = YES;
				CLANG_WARN_BOOL_CONVERSION = YES;
				CLANG_WARN_COMMA = YES;
				CLANG_WARN_CONSTANT_CONVERSION = YES;
				CLANG_WARN_DEPRECATED_OBJC_IMPLEMENTATIONS = YES;
				CLANG_WARN_DIRECT_OBJC_ISA_USAGE = YES_ERROR;
				CLANG_WARN_DOCUMENTATION_COMMENTS = YES;
				CLANG_WARN_EMPTY_BODY = YES;
				CLANG_WARN_ENUM_CONVERSION = YES;
				CLANG_WARN_INFINITE_RECURSION = YES;
				CLANG_WARN_INT_CONVERSION = YES;
				CLANG_WARN_NON_LITERAL_NULL_CONVERSION = YES;
				CLANG_WARN_OBJC_IMPLICIT_RETAIN_SELF = YES;
				CLANG_WARN_OBJC_LITERAL_CONVERSION = YES;
				CLANG_WARN_OBJC_ROOT_CLASS = YES_ERROR;
				CLANG_WARN_QUOTED_INCLUDE_IN_FRAMEWORK_HEADER = YES;
				CLANG_WARN_RANGE_LOOP_ANALYSIS = YES;
				CLANG_WARN_STRICT_PROTOTYPES = YES;
				CLANG_WARN_SUSPICIOUS_MOVE = YES;
				CLANG_WARN_UNGUARDED_AVAILABILITY = YES_AGGRESSIVE;
				CLANG_WARN_UNREACHABLE_CODE = YES;
				CLANG_WARN__DUPLICATE_METHOD_MATCH = YES;
				COPY_PHASE_STRIP = NO;
				DEBUG_INFORMATION_FORMAT = dwarf;
				ENABLE_STRICT_OBJC_MSGSEND = YES;
				ENABLE_TESTABILITY = YES;
				GCC_C_LANGUAGE_STANDARD = gnu11;
				GCC_DYNAMIC_NO_PIC = NO;
				GCC_NO_COMMON_BLOCKS = YES;
				GCC_OPTIMIZATION_LEVEL = 0;
				GCC_PREPROCESSOR_DEFINITIONS = (
					"DEBUG=1",
					"$(inherited)",
				);
				GCC_WARN_64_TO_32_BIT_CONVERSION = YES;
				GCC_WARN_ABOUT_RETURN_TYPE = YES_ERROR;
				GCC_WARN_UNDECLARED_SELECTOR = YES;
				GCC_WARN_UNINITIALIZED_AUTOS = YES_AGGRESSIVE;
				GCC_WARN_UNUSED_FUNCTION = YES;
				GCC_WARN_UNUSED_VARIABLE = YES;
				IPHONEOS_DEPLOYMENT_TARGET = 15.2;
				MTL_ENABLE_DEBUG_INFO = INCLUDE_SOURCE;
				MTL_FAST_MATH = YES;
				ONLY_ACTIVE_ARCH = YES;
				SDKROOT = iphoneos;
				SWIFT_ACTIVE_COMPILATION_CONDITIONS = DEBUG;
				SWIFT_OPTIMIZATION_LEVEL = "-Onone";
			};
			name = Debug;
		};
		DD53E434282763510087CE68 /* Release */ = {
			isa = XCBuildConfiguration;
			buildSettings = {
				ALWAYS_SEARCH_USER_PATHS = NO;
				CLANG_ANALYZER_NONNULL = YES;
				CLANG_ANALYZER_NUMBER_OBJECT_CONVERSION = YES_AGGRESSIVE;
				CLANG_CXX_LANGUAGE_STANDARD = "gnu++17";
				CLANG_CXX_LIBRARY = "libc++";
				CLANG_ENABLE_MODULES = YES;
				CLANG_ENABLE_OBJC_ARC = YES;
				CLANG_ENABLE_OBJC_WEAK = YES;
				CLANG_WARN_BLOCK_CAPTURE_AUTORELEASING = YES;
				CLANG_WARN_BOOL_CONVERSION = YES;
				CLANG_WARN_COMMA = YES;
				CLANG_WARN_CONSTANT_CONVERSION = YES;
				CLANG_WARN_DEPRECATED_OBJC_IMPLEMENTATIONS = YES;
				CLANG_WARN_DIRECT_OBJC_ISA_USAGE = YES_ERROR;
				CLANG_WARN_DOCUMENTATION_COMMENTS = YES;
				CLANG_WARN_EMPTY_BODY = YES;
				CLANG_WARN_ENUM_CONVERSION = YES;
				CLANG_WARN_INFINITE_RECURSION = YES;
				CLANG_WARN_INT_CONVERSION = YES;
				CLANG_WARN_NON_LITERAL_NULL_CONVERSION = YES;
				CLANG_WARN_OBJC_IMPLICIT_RETAIN_SELF = YES;
				CLANG_WARN_OBJC_LITERAL_CONVERSION = YES;
				CLANG_WARN_OBJC_ROOT_CLASS = YES_ERROR;
				CLANG_WARN_QUOTED_INCLUDE_IN_FRAMEWORK_HEADER = YES;
				CLANG_WARN_RANGE_LOOP_ANALYSIS = YES;
				CLANG_WARN_STRICT_PROTOTYPES = YES;
				CLANG_WARN_SUSPICIOUS_MOVE = YES;
				CLANG_WARN_UNGUARDED_AVAILABILITY = YES_AGGRESSIVE;
				CLANG_WARN_UNREACHABLE_CODE = YES;
				CLANG_WARN__DUPLICATE_METHOD_MATCH = YES;
				COPY_PHASE_STRIP = NO;
				DEBUG_INFORMATION_FORMAT = "dwarf-with-dsym";
				ENABLE_NS_ASSERTIONS = NO;
				ENABLE_STRICT_OBJC_MSGSEND = YES;
				GCC_C_LANGUAGE_STANDARD = gnu11;
				GCC_NO_COMMON_BLOCKS = YES;
				GCC_WARN_64_TO_32_BIT_CONVERSION = YES;
				GCC_WARN_ABOUT_RETURN_TYPE = YES_ERROR;
				GCC_WARN_UNDECLARED_SELECTOR = YES;
				GCC_WARN_UNINITIALIZED_AUTOS = YES_AGGRESSIVE;
				GCC_WARN_UNUSED_FUNCTION = YES;
				GCC_WARN_UNUSED_VARIABLE = YES;
				IPHONEOS_DEPLOYMENT_TARGET = 15.2;
				MTL_ENABLE_DEBUG_INFO = NO;
				MTL_FAST_MATH = YES;
				SDKROOT = iphoneos;
				SWIFT_COMPILATION_MODE = wholemodule;
				SWIFT_OPTIMIZATION_LEVEL = "-O";
				VALIDATE_PRODUCT = YES;
			};
			name = Release;
		};
		DD53E436282763510087CE68 /* Debug */ = {
			isa = XCBuildConfiguration;
			buildSettings = {
				ASSETCATALOG_COMPILER_APPICON_NAME = AppIcon;
				ASSETCATALOG_COMPILER_GLOBAL_ACCENT_COLOR_NAME = AccentColor;
				CODE_SIGN_STYLE = Automatic;
				CURRENT_PROJECT_VERSION = 1;
				DEVELOPMENT_TEAM = 7YW3V66545;
				GENERATE_INFOPLIST_FILE = YES;
				INFOPLIST_FILE = "To-Do Manager/Info.plist";
				INFOPLIST_KEY_UIApplicationSupportsIndirectInputEvents = YES;
				INFOPLIST_KEY_UILaunchStoryboardName = LaunchScreen;
				INFOPLIST_KEY_UIMainStoryboardFile = Main;
				INFOPLIST_KEY_UISupportedInterfaceOrientations_iPad = "UIInterfaceOrientationPortrait UIInterfaceOrientationPortraitUpsideDown UIInterfaceOrientationLandscapeLeft UIInterfaceOrientationLandscapeRight";
				INFOPLIST_KEY_UISupportedInterfaceOrientations_iPhone = "UIInterfaceOrientationPortrait UIInterfaceOrientationLandscapeLeft UIInterfaceOrientationLandscapeRight";
				LD_RUNPATH_SEARCH_PATHS = (
					"$(inherited)",
					"@executable_path/Frameworks",
				);
				MARKETING_VERSION = 1.0;
				PRODUCT_BUNDLE_IDENTIFIER = "HieroniusTeam.To-Do-Manager";
				PRODUCT_NAME = "$(TARGET_NAME)";
				SWIFT_EMIT_LOC_STRINGS = YES;
				SWIFT_VERSION = 5.0;
				TARGETED_DEVICE_FAMILY = "1,2";
			};
			name = Debug;
		};
		DD53E437282763510087CE68 /* Release */ = {
			isa = XCBuildConfiguration;
			buildSettings = {
				ASSETCATALOG_COMPILER_APPICON_NAME = AppIcon;
				ASSETCATALOG_COMPILER_GLOBAL_ACCENT_COLOR_NAME = AccentColor;
				CODE_SIGN_STYLE = Automatic;
				CURRENT_PROJECT_VERSION = 1;
				DEVELOPMENT_TEAM = 7YW3V66545;
				GENERATE_INFOPLIST_FILE = YES;
				INFOPLIST_FILE = "To-Do Manager/Info.plist";
				INFOPLIST_KEY_UIApplicationSupportsIndirectInputEvents = YES;
				INFOPLIST_KEY_UILaunchStoryboardName = LaunchScreen;
				INFOPLIST_KEY_UIMainStoryboardFile = Main;
				INFOPLIST_KEY_UISupportedInterfaceOrientations_iPad = "UIInterfaceOrientationPortrait UIInterfaceOrientationPortraitUpsideDown UIInterfaceOrientationLandscapeLeft UIInterfaceOrientationLandscapeRight";
				INFOPLIST_KEY_UISupportedInterfaceOrientations_iPhone = "UIInterfaceOrientationPortrait UIInterfaceOrientationLandscapeLeft UIInterfaceOrientationLandscapeRight";
				LD_RUNPATH_SEARCH_PATHS = (
					"$(inherited)",
					"@executable_path/Frameworks",
				);
				MARKETING_VERSION = 1.0;
				PRODUCT_BUNDLE_IDENTIFIER = "HieroniusTeam.To-Do-Manager";
				PRODUCT_NAME = "$(TARGET_NAME)";
				SWIFT_EMIT_LOC_STRINGS = YES;
				SWIFT_VERSION = 5.0;
				TARGETED_DEVICE_FAMILY = "1,2";
			};
			name = Release;
		};
/* End XCBuildConfiguration section */

/* Begin XCConfigurationList section */
		DD53E41C2827634E0087CE68 /* Build configuration list for PBXProject "To-Do Manager" */ = {
			isa = XCConfigurationList;
			buildConfigurations = (
				DD53E433282763510087CE68 /* Debug */,
				DD53E434282763510087CE68 /* Release */,
			);
			defaultConfigurationIsVisible = 0;
			defaultConfigurationName = Release;
		};
		DD53E435282763510087CE68 /* Build configuration list for PBXNativeTarget "To-Do Manager" */ = {
			isa = XCConfigurationList;
			buildConfigurations = (
				DD53E436282763510087CE68 /* Debug */,
				DD53E437282763510087CE68 /* Release */,
			);
			defaultConfigurationIsVisible = 0;
			defaultConfigurationName = Release;
		};
/* End XCConfigurationList section */
	};
	rootObject = DD53E4192827634E0087CE68 /* Project object */;
}
