// !$*UTF8*$!
{
	archiveVersion = 1;
	classes = {
	};
	objectVersion = 55;
	objects = {

/* Begin PBXBuildFile section */
		DD87E64728CDB0B4004A05DA /* VerificationModel.swift in Sources */ = {isa = PBXBuildFile; fileRef = DD87E64628CDB0B4004A05DA /* VerificationModel.swift */; };
		DD87E64928CDBAFD004A05DA /* String + Extensions.swift in Sources */ = {isa = PBXBuildFile; fileRef = DD87E64828CDBAFD004A05DA /* String + Extensions.swift */; };
		DD9CDE9A28CB95E600FA33A6 /* AppDelegate.swift in Sources */ = {isa = PBXBuildFile; fileRef = DD9CDE9928CB95E600FA33A6 /* AppDelegate.swift */; };
		DD9CDE9C28CB95E600FA33A6 /* SceneDelegate.swift in Sources */ = {isa = PBXBuildFile; fileRef = DD9CDE9B28CB95E600FA33A6 /* SceneDelegate.swift */; };
		DD9CDE9E28CB95E600FA33A6 /* VerificationViewController.swift in Sources */ = {isa = PBXBuildFile; fileRef = DD9CDE9D28CB95E600FA33A6 /* VerificationViewController.swift */; };
		DD9CDEA328CB95EA00FA33A6 /* Assets.xcassets in Resources */ = {isa = PBXBuildFile; fileRef = DD9CDEA228CB95EA00FA33A6 /* Assets.xcassets */; };
		DD9CDEA628CB95EA00FA33A6 /* LaunchScreen.storyboard in Resources */ = {isa = PBXBuildFile; fileRef = DD9CDEA428CB95EA00FA33A6 /* LaunchScreen.storyboard */; };
		DD9CDEB328CB98C400FA33A6 /* background.png in Resources */ = {isa = PBXBuildFile; fileRef = DD9CDEB228CB98C400FA33A6 /* background.png */; };
		DD9CDEB528CC581600FA33A6 /* car.jpeg in Resources */ = {isa = PBXBuildFile; fileRef = DD9CDEB428CC581600FA33A6 /* car.jpeg */; };
		DD9CDEB728CC593800FA33A6 /* planet.jpeg in Resources */ = {isa = PBXBuildFile; fileRef = DD9CDEB628CC593700FA33A6 /* planet.jpeg */; };
		DD9CDEB928CC5A7D00FA33A6 /* town.jpeg in Resources */ = {isa = PBXBuildFile; fileRef = DD9CDEB828CC5A7D00FA33A6 /* town.jpeg */; };
		DD9CDEBB28CC5B7600FA33A6 /* glasses.jpg in Resources */ = {isa = PBXBuildFile; fileRef = DD9CDEBA28CC5B7600FA33A6 /* glasses.jpg */; };
		DD9CDEBD28CC5C2800FA33A6 /* StatusLabel.swift in Sources */ = {isa = PBXBuildFile; fileRef = DD9CDEBC28CC5C2800FA33A6 /* StatusLabel.swift */; };
		DD9CDEC128CC604100FA33A6 /* UIStackView + Extensions.swift in Sources */ = {isa = PBXBuildFile; fileRef = DD9CDEC028CC604100FA33A6 /* UIStackView + Extensions.swift */; };
		DD9CDEC328CC617600FA33A6 /* MailTextField.swift in Sources */ = {isa = PBXBuildFile; fileRef = DD9CDEC228CC617600FA33A6 /* MailTextField.swift */; };
		DD9CDEC528CC644A00FA33A6 /* VerificationButton.swift in Sources */ = {isa = PBXBuildFile; fileRef = DD9CDEC428CC644A00FA33A6 /* VerificationButton.swift */; };
		DD9CDEC728CC65B400FA33A6 /* MailCollectionView.swift in Sources */ = {isa = PBXBuildFile; fileRef = DD9CDEC628CC65B400FA33A6 /* MailCollectionView.swift */; };
		DD9CDECA28CC68ED00FA33A6 /* MailCollectionViewCell.swift in Sources */ = {isa = PBXBuildFile; fileRef = DD9CDEC928CC68ED00FA33A6 /* MailCollectionViewCell.swift */; };
		DDDDFBB428CDF5DD00D64DA0 /* MailApiKey.swift in Sources */ = {isa = PBXBuildFile; fileRef = DDDDFBB328CDF5DD00D64DA0 /* MailApiKey.swift */; };
		DDDDFBB628CDF83200D64DA0 /* NetworkRequest.swift in Sources */ = {isa = PBXBuildFile; fileRef = DDDDFBB528CDF83200D64DA0 /* NetworkRequest.swift */; };
		DDDDFBB828CDFF6200D64DA0 /* MailResponseModel.swift in Sources */ = {isa = PBXBuildFile; fileRef = DDDDFBB728CDFF6200D64DA0 /* MailResponseModel.swift */; };
		DDDDFBBA28CE035200D64DA0 /* NetworkDataFetch.swift in Sources */ = {isa = PBXBuildFile; fileRef = DDDDFBB928CE035200D64DA0 /* NetworkDataFetch.swift */; };
		DDDDFBBC28CE067200D64DA0 /* Alerts.swift in Sources */ = {isa = PBXBuildFile; fileRef = DDDDFBBB28CE067200D64DA0 /* Alerts.swift */; };
/* End PBXBuildFile section */

/* Begin PBXFileReference section */
		DD87E64628CDB0B4004A05DA /* VerificationModel.swift */ = {isa = PBXFileReference; lastKnownFileType = sourcecode.swift; path = VerificationModel.swift; sourceTree = "<group>"; };
		DD87E64828CDBAFD004A05DA /* String + Extensions.swift */ = {isa = PBXFileReference; lastKnownFileType = sourcecode.swift; path = "String + Extensions.swift"; sourceTree = "<group>"; };
		DD9CDE9628CB95E600FA33A6 /* TestMail_Youtube.app */ = {isa = PBXFileReference; explicitFileType = wrapper.application; includeInIndex = 0; path = TestMail_Youtube.app; sourceTree = BUILT_PRODUCTS_DIR; };
		DD9CDE9928CB95E600FA33A6 /* AppDelegate.swift */ = {isa = PBXFileReference; lastKnownFileType = sourcecode.swift; path = AppDelegate.swift; sourceTree = "<group>"; };
		DD9CDE9B28CB95E600FA33A6 /* SceneDelegate.swift */ = {isa = PBXFileReference; lastKnownFileType = sourcecode.swift; path = SceneDelegate.swift; sourceTree = "<group>"; };
		DD9CDE9D28CB95E600FA33A6 /* VerificationViewController.swift */ = {isa = PBXFileReference; lastKnownFileType = sourcecode.swift; path = VerificationViewController.swift; sourceTree = "<group>"; };
		DD9CDEA228CB95EA00FA33A6 /* Assets.xcassets */ = {isa = PBXFileReference; lastKnownFileType = folder.assetcatalog; path = Assets.xcassets; sourceTree = "<group>"; };
		DD9CDEA528CB95EA00FA33A6 /* Base */ = {isa = PBXFileReference; lastKnownFileType = file.storyboard; name = Base; path = Base.lproj/LaunchScreen.storyboard; sourceTree = "<group>"; };
		DD9CDEA728CB95EA00FA33A6 /* Info.plist */ = {isa = PBXFileReference; lastKnownFileType = text.plist.xml; path = Info.plist; sourceTree = "<group>"; };
		DD9CDEB228CB98C400FA33A6 /* background.png */ = {isa = PBXFileReference; lastKnownFileType = image.png; path = background.png; sourceTree = "<group>"; };
		DD9CDEB428CC581600FA33A6 /* car.jpeg */ = {isa = PBXFileReference; lastKnownFileType = image.jpeg; path = car.jpeg; sourceTree = "<group>"; };
		DD9CDEB628CC593700FA33A6 /* planet.jpeg */ = {isa = PBXFileReference; lastKnownFileType = image.jpeg; path = planet.jpeg; sourceTree = "<group>"; };
		DD9CDEB828CC5A7D00FA33A6 /* town.jpeg */ = {isa = PBXFileReference; lastKnownFileType = image.jpeg; path = town.jpeg; sourceTree = "<group>"; };
		DD9CDEBA28CC5B7600FA33A6 /* glasses.jpg */ = {isa = PBXFileReference; lastKnownFileType = image.jpeg; path = glasses.jpg; sourceTree = "<group>"; };
		DD9CDEBC28CC5C2800FA33A6 /* StatusLabel.swift */ = {isa = PBXFileReference; lastKnownFileType = sourcecode.swift; path = StatusLabel.swift; sourceTree = "<group>"; };
		DD9CDEC028CC604100FA33A6 /* UIStackView + Extensions.swift */ = {isa = PBXFileReference; lastKnownFileType = sourcecode.swift; path = "UIStackView + Extensions.swift"; sourceTree = "<group>"; };
		DD9CDEC228CC617600FA33A6 /* MailTextField.swift */ = {isa = PBXFileReference; lastKnownFileType = sourcecode.swift; path = MailTextField.swift; sourceTree = "<group>"; };
		DD9CDEC428CC644A00FA33A6 /* VerificationButton.swift */ = {isa = PBXFileReference; lastKnownFileType = sourcecode.swift; path = VerificationButton.swift; sourceTree = "<group>"; };
		DD9CDEC628CC65B400FA33A6 /* MailCollectionView.swift */ = {isa = PBXFileReference; lastKnownFileType = sourcecode.swift; path = MailCollectionView.swift; sourceTree = "<group>"; };
		DD9CDEC928CC68ED00FA33A6 /* MailCollectionViewCell.swift */ = {isa = PBXFileReference; lastKnownFileType = sourcecode.swift; path = MailCollectionViewCell.swift; sourceTree = "<group>"; };
		DDDDFBB328CDF5DD00D64DA0 /* MailApiKey.swift */ = {isa = PBXFileReference; lastKnownFileType = sourcecode.swift; path = MailApiKey.swift; sourceTree = "<group>"; };
		DDDDFBB528CDF83200D64DA0 /* NetworkRequest.swift */ = {isa = PBXFileReference; lastKnownFileType = sourcecode.swift; path = NetworkRequest.swift; sourceTree = "<group>"; };
		DDDDFBB728CDFF6200D64DA0 /* MailResponseModel.swift */ = {isa = PBXFileReference; lastKnownFileType = sourcecode.swift; path = MailResponseModel.swift; sourceTree = "<group>"; };
		DDDDFBB928CE035200D64DA0 /* NetworkDataFetch.swift */ = {isa = PBXFileReference; lastKnownFileType = sourcecode.swift; path = NetworkDataFetch.swift; sourceTree = "<group>"; };
		DDDDFBBB28CE067200D64DA0 /* Alerts.swift */ = {isa = PBXFileReference; lastKnownFileType = sourcecode.swift; path = Alerts.swift; sourceTree = "<group>"; };
/* End PBXFileReference section */

/* Begin PBXFrameworksBuildPhase section */
		DD9CDE9328CB95E600FA33A6 /* Frameworks */ = {
			isa = PBXFrameworksBuildPhase;
			buildActionMask = 2147483647;
			files = (
			);
			runOnlyForDeploymentPostprocessing = 0;
		};
/* End PBXFrameworksBuildPhase section */

/* Begin PBXGroup section */
		DD9CDE8D28CB95E600FA33A6 = {
			isa = PBXGroup;
			children = (
				DD9CDE9828CB95E600FA33A6 /* TestMail_Youtube */,
				DD9CDE9728CB95E600FA33A6 /* Products */,
			);
			sourceTree = "<group>";
		};
		DD9CDE9728CB95E600FA33A6 /* Products */ = {
			isa = PBXGroup;
			children = (
				DD9CDE9628CB95E600FA33A6 /* TestMail_Youtube.app */,
			);
			name = Products;
			sourceTree = "<group>";
		};
		DD9CDE9828CB95E600FA33A6 /* TestMail_Youtube */ = {
			isa = PBXGroup;
			children = (
				DD9CDEAD28CB965000FA33A6 /* Application */,
				DD9CDEAE28CB965900FA33A6 /* Model */,
				DD9CDEAF28CB966000FA33A6 /* Views */,
				DD9CDEB028CB966700FA33A6 /* Controllers */,
				DDDDFBB228CDF5B600D64DA0 /* Network */,
				DD9CDEBE28CC5FE800FA33A6 /* Extensions */,
				DD9CDEB128CB967800FA33A6 /* Resources */,
			);
			path = TestMail_Youtube;
			sourceTree = "<group>";
		};
		DD9CDEAD28CB965000FA33A6 /* Application */ = {
			isa = PBXGroup;
			children = (
				DD9CDE9928CB95E600FA33A6 /* AppDelegate.swift */,
				DD9CDE9B28CB95E600FA33A6 /* SceneDelegate.swift */,
			);
			path = Application;
			sourceTree = "<group>";
		};
		DD9CDEAE28CB965900FA33A6 /* Model */ = {
			isa = PBXGroup;
			children = (
				DD87E64628CDB0B4004A05DA /* VerificationModel.swift */,
				DDDDFBB728CDFF6200D64DA0 /* MailResponseModel.swift */,
			);
			path = Model;
			sourceTree = "<group>";
		};
		DD9CDEAF28CB966000FA33A6 /* Views */ = {
			isa = PBXGroup;
			children = (
				DD9CDEC828CC68CF00FA33A6 /* Cells */,
				DD9CDECB28CC6B1300FA33A6 /* VerificationVC */,
				DDDDFBBB28CE067200D64DA0 /* Alerts.swift */,
			);
			path = Views;
			sourceTree = "<group>";
		};
		DD9CDEB028CB966700FA33A6 /* Controllers */ = {
			isa = PBXGroup;
			children = (
				DD9CDE9D28CB95E600FA33A6 /* VerificationViewController.swift */,
			);
			path = Controllers;
			sourceTree = "<group>";
		};
		DD9CDEB128CB967800FA33A6 /* Resources */ = {
			isa = PBXGroup;
			children = (
				DD9CDEB228CB98C400FA33A6 /* background.png */,
				DD9CDEB428CC581600FA33A6 /* car.jpeg */,
				DD9CDEB628CC593700FA33A6 /* planet.jpeg */,
				DD9CDEB828CC5A7D00FA33A6 /* town.jpeg */,
				DD9CDEBA28CC5B7600FA33A6 /* glasses.jpg */,
				DD9CDEA228CB95EA00FA33A6 /* Assets.xcassets */,
				DD9CDEA428CB95EA00FA33A6 /* LaunchScreen.storyboard */,
				DD9CDEA728CB95EA00FA33A6 /* Info.plist */,
			);
			path = Resources;
			sourceTree = "<group>";
		};
		DD9CDEBE28CC5FE800FA33A6 /* Extensions */ = {
			isa = PBXGroup;
			children = (
				DD9CDEBF28CC601B00FA33A6 /* UIKit */,
				DD87E64828CDBAFD004A05DA /* String + Extensions.swift */,
			);
			path = Extensions;
			sourceTree = "<group>";
		};
		DD9CDEBF28CC601B00FA33A6 /* UIKit */ = {
			isa = PBXGroup;
			children = (
				DD9CDEC028CC604100FA33A6 /* UIStackView + Extensions.swift */,
			);
			path = UIKit;
			sourceTree = "<group>";
		};
		DD9CDEC828CC68CF00FA33A6 /* Cells */ = {
			isa = PBXGroup;
			children = (
				DD9CDEC928CC68ED00FA33A6 /* MailCollectionViewCell.swift */,
			);
			path = Cells;
			sourceTree = "<group>";
		};
		DD9CDECB28CC6B1300FA33A6 /* VerificationVC */ = {
			isa = PBXGroup;
			children = (
				DD9CDEBC28CC5C2800FA33A6 /* StatusLabel.swift */,
				DD9CDEC228CC617600FA33A6 /* MailTextField.swift */,
				DD9CDEC428CC644A00FA33A6 /* VerificationButton.swift */,
				DD9CDEC628CC65B400FA33A6 /* MailCollectionView.swift */,
			);
			path = VerificationVC;
			sourceTree = "<group>";
		};
		DDDDFBB228CDF5B600D64DA0 /* Network */ = {
			isa = PBXGroup;
			children = (
				DDDDFBB328CDF5DD00D64DA0 /* MailApiKey.swift */,
				DDDDFBB528CDF83200D64DA0 /* NetworkRequest.swift */,
				DDDDFBB928CE035200D64DA0 /* NetworkDataFetch.swift */,
			);
			path = Network;
			sourceTree = "<group>";
		};
/* End PBXGroup section */

/* Begin PBXNativeTarget section */
		DD9CDE9528CB95E600FA33A6 /* TestMail_Youtube */ = {
			isa = PBXNativeTarget;
			buildConfigurationList = DD9CDEAA28CB95EA00FA33A6 /* Build configuration list for PBXNativeTarget "TestMail_Youtube" */;
			buildPhases = (
				DD9CDE9228CB95E600FA33A6 /* Sources */,
				DD9CDE9328CB95E600FA33A6 /* Frameworks */,
				DD9CDE9428CB95E600FA33A6 /* Resources */,
			);
			buildRules = (
			);
			dependencies = (
			);
			name = TestMail_Youtube;
			productName = TestMail_Youtube;
			productReference = DD9CDE9628CB95E600FA33A6 /* TestMail_Youtube.app */;
			productType = "com.apple.product-type.application";
		};
/* End PBXNativeTarget section */

/* Begin PBXProject section */
		DD9CDE8E28CB95E600FA33A6 /* Project object */ = {
			isa = PBXProject;
			attributes = {
				BuildIndependentTargetsInParallel = 1;
				LastSwiftUpdateCheck = 1320;
				LastUpgradeCheck = 1320;
				TargetAttributes = {
					DD9CDE9528CB95E600FA33A6 = {
						CreatedOnToolsVersion = 13.2.1;
					};
				};
			};
			buildConfigurationList = DD9CDE9128CB95E600FA33A6 /* Build configuration list for PBXProject "TestMail_Youtube" */;
			compatibilityVersion = "Xcode 13.0";
			developmentRegion = en;
			hasScannedForEncodings = 0;
			knownRegions = (
				en,
				Base,
			);
			mainGroup = DD9CDE8D28CB95E600FA33A6;
			productRefGroup = DD9CDE9728CB95E600FA33A6 /* Products */;
			projectDirPath = "";
			projectRoot = "";
			targets = (
				DD9CDE9528CB95E600FA33A6 /* TestMail_Youtube */,
			);
		};
/* End PBXProject section */

/* Begin PBXResourcesBuildPhase section */
		DD9CDE9428CB95E600FA33A6 /* Resources */ = {
			isa = PBXResourcesBuildPhase;
			buildActionMask = 2147483647;
			files = (
				DD9CDEA628CB95EA00FA33A6 /* LaunchScreen.storyboard in Resources */,
				DD9CDEB728CC593800FA33A6 /* planet.jpeg in Resources */,
				DD9CDEBB28CC5B7600FA33A6 /* glasses.jpg in Resources */,
				DD9CDEB528CC581600FA33A6 /* car.jpeg in Resources */,
				DD9CDEA328CB95EA00FA33A6 /* Assets.xcassets in Resources */,
				DD9CDEB328CB98C400FA33A6 /* background.png in Resources */,
				DD9CDEB928CC5A7D00FA33A6 /* town.jpeg in Resources */,
			);
			runOnlyForDeploymentPostprocessing = 0;
		};
/* End PBXResourcesBuildPhase section */

/* Begin PBXSourcesBuildPhase section */
		DD9CDE9228CB95E600FA33A6 /* Sources */ = {
			isa = PBXSourcesBuildPhase;
			buildActionMask = 2147483647;
			files = (
				DDDDFBB628CDF83200D64DA0 /* NetworkRequest.swift in Sources */,
				DD87E64728CDB0B4004A05DA /* VerificationModel.swift in Sources */,
				DDDDFBBC28CE067200D64DA0 /* Alerts.swift in Sources */,
				DD9CDEBD28CC5C2800FA33A6 /* StatusLabel.swift in Sources */,
				DD9CDECA28CC68ED00FA33A6 /* MailCollectionViewCell.swift in Sources */,
				DDDDFBBA28CE035200D64DA0 /* NetworkDataFetch.swift in Sources */,
				DD9CDEC528CC644A00FA33A6 /* VerificationButton.swift in Sources */,
				DD9CDE9E28CB95E600FA33A6 /* VerificationViewController.swift in Sources */,
				DDDDFBB428CDF5DD00D64DA0 /* MailApiKey.swift in Sources */,
				DDDDFBB828CDFF6200D64DA0 /* MailResponseModel.swift in Sources */,
				DD87E64928CDBAFD004A05DA /* String + Extensions.swift in Sources */,
				DD9CDEC328CC617600FA33A6 /* MailTextField.swift in Sources */,
				DD9CDE9A28CB95E600FA33A6 /* AppDelegate.swift in Sources */,
				DD9CDEC728CC65B400FA33A6 /* MailCollectionView.swift in Sources */,
				DD9CDEC128CC604100FA33A6 /* UIStackView + Extensions.swift in Sources */,
				DD9CDE9C28CB95E600FA33A6 /* SceneDelegate.swift in Sources */,
			);
			runOnlyForDeploymentPostprocessing = 0;
		};
/* End PBXSourcesBuildPhase section */

/* Begin PBXVariantGroup section */
		DD9CDEA428CB95EA00FA33A6 /* LaunchScreen.storyboard */ = {
			isa = PBXVariantGroup;
			children = (
				DD9CDEA528CB95EA00FA33A6 /* Base */,
			);
			name = LaunchScreen.storyboard;
			sourceTree = "<group>";
		};
/* End PBXVariantGroup section */

/* Begin XCBuildConfiguration section */
		DD9CDEA828CB95EA00FA33A6 /* Debug */ = {
			isa = XCBuildConfiguration;
			buildSettings = {
				ALWAYS_SEARCH_USER_PATHS = NO;
				CLANG_ANALYZER_NONNULL = YES;
				CLANG_ANALYZER_NUMBER_OBJECT_CONVERSION = YES_AGGRESSIVE;
				CLANG_CXX_LANGUAGE_STANDARD = "gnu++17";
				CLANG_CXX_LIBRARY = "libc++";
				CLANG_ENABLE_MODULES = YES;
				CLANG_ENABLE_OBJC_ARC = YES;
				CLANG_ENABLE_OBJC_WEAK = YES;
				CLANG_WARN_BLOCK_CAPTURE_AUTORELEASING = YES;
				CLANG_WARN_BOOL_CONVERSION = YES;
				CLANG_WARN_COMMA = YES;
				CLANG_WARN_CONSTANT_CONVERSION = YES;
				CLANG_WARN_DEPRECATED_OBJC_IMPLEMENTATIONS = YES;
				CLANG_WARN_DIRECT_OBJC_ISA_USAGE = YES_ERROR;
				CLANG_WARN_DOCUMENTATION_COMMENTS = YES;
				CLANG_WARN_EMPTY_BODY = YES;
				CLANG_WARN_ENUM_CONVERSION = YES;
				CLANG_WARN_INFINITE_RECURSION = YES;
				CLANG_WARN_INT_CONVERSION = YES;
				CLANG_WARN_NON_LITERAL_NULL_CONVERSION = YES;
				CLANG_WARN_OBJC_IMPLICIT_RETAIN_SELF = YES;
				CLANG_WARN_OBJC_LITERAL_CONVERSION = YES;
				CLANG_WARN_OBJC_ROOT_CLASS = YES_ERROR;
				CLANG_WARN_QUOTED_INCLUDE_IN_FRAMEWORK_HEADER = YES;
				CLANG_WARN_RANGE_LOOP_ANALYSIS = YES;
				CLANG_WARN_STRICT_PROTOTYPES = YES;
				CLANG_WARN_SUSPICIOUS_MOVE = YES;
				CLANG_WARN_UNGUARDED_AVAILABILITY = YES_AGGRESSIVE;
				CLANG_WARN_UNREACHABLE_CODE = YES;
				CLANG_WARN__DUPLICATE_METHOD_MATCH = YES;
				COPY_PHASE_STRIP = NO;
				DEBUG_INFORMATION_FORMAT = dwarf;
				ENABLE_STRICT_OBJC_MSGSEND = YES;
				ENABLE_TESTABILITY = YES;
				GCC_C_LANGUAGE_STANDARD = gnu11;
				GCC_DYNAMIC_NO_PIC = NO;
				GCC_NO_COMMON_BLOCKS = YES;
				GCC_OPTIMIZATION_LEVEL = 0;
				GCC_PREPROCESSOR_DEFINITIONS = (
					"DEBUG=1",
					"$(inherited)",
				);
				GCC_WARN_64_TO_32_BIT_CONVERSION = YES;
				GCC_WARN_ABOUT_RETURN_TYPE = YES_ERROR;
				GCC_WARN_UNDECLARED_SELECTOR = YES;
				GCC_WARN_UNINITIALIZED_AUTOS = YES_AGGRESSIVE;
				GCC_WARN_UNUSED_FUNCTION = YES;
				GCC_WARN_UNUSED_VARIABLE = YES;
				IPHONEOS_DEPLOYMENT_TARGET = 15.2;
				MTL_ENABLE_DEBUG_INFO = INCLUDE_SOURCE;
				MTL_FAST_MATH = YES;
				ONLY_ACTIVE_ARCH = YES;
				SDKROOT = iphoneos;
				SWIFT_ACTIVE_COMPILATION_CONDITIONS = DEBUG;
				SWIFT_OPTIMIZATION_LEVEL = "-Onone";
			};
			name = Debug;
		};
		DD9CDEA928CB95EA00FA33A6 /* Release */ = {
			isa = XCBuildConfiguration;
			buildSettings = {
				ALWAYS_SEARCH_USER_PATHS = NO;
				CLANG_ANALYZER_NONNULL = YES;
				CLANG_ANALYZER_NUMBER_OBJECT_CONVERSION = YES_AGGRESSIVE;
				CLANG_CXX_LANGUAGE_STANDARD = "gnu++17";
				CLANG_CXX_LIBRARY = "libc++";
				CLANG_ENABLE_MODULES = YES;
				CLANG_ENABLE_OBJC_ARC = YES;
				CLANG_ENABLE_OBJC_WEAK = YES;
				CLANG_WARN_BLOCK_CAPTURE_AUTORELEASING = YES;
				CLANG_WARN_BOOL_CONVERSION = YES;
				CLANG_WARN_COMMA = YES;
				CLANG_WARN_CONSTANT_CONVERSION = YES;
				CLANG_WARN_DEPRECATED_OBJC_IMPLEMENTATIONS = YES;
				CLANG_WARN_DIRECT_OBJC_ISA_USAGE = YES_ERROR;
				CLANG_WARN_DOCUMENTATION_COMMENTS = YES;
				CLANG_WARN_EMPTY_BODY = YES;
				CLANG_WARN_ENUM_CONVERSION = YES;
				CLANG_WARN_INFINITE_RECURSION = YES;
				CLANG_WARN_INT_CONVERSION = YES;
				CLANG_WARN_NON_LITERAL_NULL_CONVERSION = YES;
				CLANG_WARN_OBJC_IMPLICIT_RETAIN_SELF = YES;
				CLANG_WARN_OBJC_LITERAL_CONVERSION = YES;
				CLANG_WARN_OBJC_ROOT_CLASS = YES_ERROR;
				CLANG_WARN_QUOTED_INCLUDE_IN_FRAMEWORK_HEADER = YES;
				CLANG_WARN_RANGE_LOOP_ANALYSIS = YES;
				CLANG_WARN_STRICT_PROTOTYPES = YES;
				CLANG_WARN_SUSPICIOUS_MOVE = YES;
				CLANG_WARN_UNGUARDED_AVAILABILITY = YES_AGGRESSIVE;
				CLANG_WARN_UNREACHABLE_CODE = YES;
				CLANG_WARN__DUPLICATE_METHOD_MATCH = YES;
				COPY_PHASE_STRIP = NO;
				DEBUG_INFORMATION_FORMAT = "dwarf-with-dsym";
				ENABLE_NS_ASSERTIONS = NO;
				ENABLE_STRICT_OBJC_MSGSEND = YES;
				GCC_C_LANGUAGE_STANDARD = gnu11;
				GCC_NO_COMMON_BLOCKS = YES;
				GCC_WARN_64_TO_32_BIT_CONVERSION = YES;
				GCC_WARN_ABOUT_RETURN_TYPE = YES_ERROR;
				GCC_WARN_UNDECLARED_SELECTOR = YES;
				GCC_WARN_UNINITIALIZED_AUTOS = YES_AGGRESSIVE;
				GCC_WARN_UNUSED_FUNCTION = YES;
				GCC_WARN_UNUSED_VARIABLE = YES;
				IPHONEOS_DEPLOYMENT_TARGET = 15.2;
				MTL_ENABLE_DEBUG_INFO = NO;
				MTL_FAST_MATH = YES;
				SDKROOT = iphoneos;
				SWIFT_COMPILATION_MODE = wholemodule;
				SWIFT_OPTIMIZATION_LEVEL = "-O";
				VALIDATE_PRODUCT = YES;
			};
			name = Release;
		};
		DD9CDEAB28CB95EA00FA33A6 /* Debug */ = {
			isa = XCBuildConfiguration;
			buildSettings = {
				ASSETCATALOG_COMPILER_APPICON_NAME = AppIcon;
				ASSETCATALOG_COMPILER_GLOBAL_ACCENT_COLOR_NAME = AccentColor;
				CODE_SIGN_STYLE = Automatic;
				CURRENT_PROJECT_VERSION = 1;
				DEVELOPMENT_TEAM = 7YW3V66545;
				GENERATE_INFOPLIST_FILE = YES;
				INFOPLIST_FILE = TestMail_Youtube/Resources/Info.plist;
				INFOPLIST_KEY_UIApplicationSupportsIndirectInputEvents = YES;
				INFOPLIST_KEY_UILaunchStoryboardName = LaunchScreen;
				INFOPLIST_KEY_UISupportedInterfaceOrientations_iPad = "UIInterfaceOrientationPortrait UIInterfaceOrientationPortraitUpsideDown UIInterfaceOrientationLandscapeLeft UIInterfaceOrientationLandscapeRight";
				INFOPLIST_KEY_UISupportedInterfaceOrientations_iPhone = "UIInterfaceOrientationPortrait UIInterfaceOrientationLandscapeLeft UIInterfaceOrientationLandscapeRight";
				LD_RUNPATH_SEARCH_PATHS = (
					"$(inherited)",
					"@executable_path/Frameworks",
				);
				MARKETING_VERSION = 1.0;
				PRODUCT_BUNDLE_IDENTIFIER = "HieroniusTeam.TestMail-Youtube";
				PRODUCT_NAME = "$(TARGET_NAME)";
				SWIFT_EMIT_LOC_STRINGS = YES;
				SWIFT_VERSION = 5.0;
				TARGETED_DEVICE_FAMILY = "1,2";
			};
			name = Debug;
		};
		DD9CDEAC28CB95EA00FA33A6 /* Release */ = {
			isa = XCBuildConfiguration;
			buildSettings = {
				ASSETCATALOG_COMPILER_APPICON_NAME = AppIcon;
				ASSETCATALOG_COMPILER_GLOBAL_ACCENT_COLOR_NAME = AccentColor;
				CODE_SIGN_STYLE = Automatic;
				CURRENT_PROJECT_VERSION = 1;
				DEVELOPMENT_TEAM = 7YW3V66545;
				GENERATE_INFOPLIST_FILE = YES;
				INFOPLIST_FILE = TestMail_Youtube/Resources/Info.plist;
				INFOPLIST_KEY_UIApplicationSupportsIndirectInputEvents = YES;
				INFOPLIST_KEY_UILaunchStoryboardName = LaunchScreen;
				INFOPLIST_KEY_UISupportedInterfaceOrientations_iPad = "UIInterfaceOrientationPortrait UIInterfaceOrientationPortraitUpsideDown UIInterfaceOrientationLandscapeLeft UIInterfaceOrientationLandscapeRight";
				INFOPLIST_KEY_UISupportedInterfaceOrientations_iPhone = "UIInterfaceOrientationPortrait UIInterfaceOrientationLandscapeLeft UIInterfaceOrientationLandscapeRight";
				LD_RUNPATH_SEARCH_PATHS = (
					"$(inherited)",
					"@executable_path/Frameworks",
				);
				MARKETING_VERSION = 1.0;
				PRODUCT_BUNDLE_IDENTIFIER = "HieroniusTeam.TestMail-Youtube";
				PRODUCT_NAME = "$(TARGET_NAME)";
				SWIFT_EMIT_LOC_STRINGS = YES;
				SWIFT_VERSION = 5.0;
				TARGETED_DEVICE_FAMILY = "1,2";
			};
			name = Release;
		};
/* End XCBuildConfiguration section */

/* Begin XCConfigurationList section */
		DD9CDE9128CB95E600FA33A6 /* Build configuration list for PBXProject "TestMail_Youtube" */ = {
			isa = XCConfigurationList;
			buildConfigurations = (
				DD9CDEA828CB95EA00FA33A6 /* Debug */,
				DD9CDEA928CB95EA00FA33A6 /* Release */,
			);
			defaultConfigurationIsVisible = 0;
			defaultConfigurationName = Release;
		};
		DD9CDEAA28CB95EA00FA33A6 /* Build configuration list for PBXNativeTarget "TestMail_Youtube" */ = {
			isa = XCConfigurationList;
			buildConfigurations = (
				DD9CDEAB28CB95EA00FA33A6 /* Debug */,
				DD9CDEAC28CB95EA00FA33A6 /* Release */,
			);
			defaultConfigurationIsVisible = 0;
			defaultConfigurationName = Release;
		};
/* End XCConfigurationList section */
	};
	rootObject = DD9CDE8E28CB95E600FA33A6 /* Project object */;
}
